version = 1
revision = 3
requires-python = ">=3.14"

[[package]]
name = "attrs"
version = "25.4.0"
source = { registry = "https://pypi.org/simple" }
sdist = { url = "https://files.pythonhosted.org/packages/6b/5c/685e6633917e101e5dcb62b9dd76946cbb57c26e133bae9e0cd36033c0a9/attrs-25.4.0.tar.gz", hash = "sha256:16d5969b87f0859ef33a48b35d55ac1be6e42ae49d5e853b597db70c35c57e11", size = 934251, upload-time = "2025-10-06T13:54:44.725Z" }
wheels = [
    { url = "https://files.pythonhosted.org/packages/3a/2a/7cc015f5b9f5db42b7d48157e23356022889fc354a2813c15934b7cb5c0e/attrs-25.4.0-py3-none-any.whl", hash = "sha256:adcf7e2a1fb3b36ac48d97835bb6d8ade15b8dcce26aba8bf1d14847b57a3373", size = 67615, upload-time = "2025-10-06T13:54:43.17Z" },
]

[[package]]
name = "boto3"
version = "1.40.76"
source = { registry = "https://pypi.org/simple" }
dependencies = [
    { name = "botocore" },
    { name = "jmespath" },
    { name = "s3transfer" },
]
sdist = { url = "https://files.pythonhosted.org/packages/26/04/8cf6cf7e6390c71b9c958f3bfedc45d1182b51a35f7789354bf7b2ff4e8c/boto3-1.40.76.tar.gz", hash = "sha256:16f4cf97f8dd8e0aae015f4dc66219bd7716a91a40d1e2daa0dafa241a4761c5", size = 111598, upload-time = "2025-11-18T20:23:10.938Z" }
wheels = [
    { url = "https://files.pythonhosted.org/packages/90/8e/966263696eb441e8d1c4daa5fdfb3b4be10a96a23c418cc74c80b0b03d4e/boto3-1.40.76-py3-none-any.whl", hash = "sha256:8df6df755727be40ad9e309cfda07f9a12c147e17b639430c55d4e4feee8a167", size = 139359, upload-time = "2025-11-18T20:23:08.75Z" },
]

[[package]]
name = "botocore"
version = "1.40.76"
source = { registry = "https://pypi.org/simple" }
dependencies = [
    { name = "jmespath" },
    { name = "python-dateutil" },
    { name = "urllib3" },
]
sdist = { url = "https://files.pythonhosted.org/packages/07/eb/50e2d280589a3c20c3b649bb66262d2b53a25c03262e4cc492048ac7540a/botocore-1.40.76.tar.gz", hash = "sha256:2b16024d68b29b973005adfb5039adfe9099ebe772d40a90ca89f2e165c495dc", size = 14494001, upload-time = "2025-11-18T20:22:59.131Z" }
wheels = [
    { url = "https://files.pythonhosted.org/packages/7f/6c/522e05388aa6fc66cf8ea46c6b29809a1a6f527ea864998b01ffb368ca36/botocore-1.40.76-py3-none-any.whl", hash = "sha256:fe425d386e48ac64c81cbb4a7181688d813df2e2b4c78b95ebe833c9e868c6f4", size = 14161738, upload-time = "2025-11-18T20:22:55.332Z" },
]

[[package]]
name = "cumulus-message-adapter"
version = "2.0.5"
source = { registry = "https://pypi.org/simple" }
dependencies = [
    { name = "boto3" },
    { name = "jsonpath-ng" },
    { name = "jsonschema" },
]
sdist = { url = "https://files.pythonhosted.org/packages/f9/85/425c372e138d850247511446e0f59ca5230b2535e1ed4a38767c9de5b12c/cumulus_message_adapter-2.0.5.tar.gz", hash = "sha256:815b957fde9a1cd35c6b0a8f1c71ed7181d73d608b7222c462e3d6f2bbdb0232", size = 19380, upload-time = "2025-09-15T15:45:34.599Z" }

[[package]]
name = "cumulus-message-adapter-python"
version = "2.4.0"
source = { registry = "https://pypi.org/simple" }
dependencies = [
    { name = "cumulus-message-adapter" },
]
sdist = { url = "https://files.pythonhosted.org/packages/4a/92/8e97cc640181f72eb7b2fd6c0524b9c28720c5c06da264ed8e8fa0704ecf/cumulus_message_adapter_python-2.4.0.tar.gz", hash = "sha256:d53f8d5d01582ef5960a3c24846de5ea354abf1273f01002825c99f6b050e707", size = 22755, upload-time = "2025-09-15T18:53:51.024Z" }

[[package]]
name = "jmespath"
version = "1.0.1"
source = { registry = "https://pypi.org/simple" }
sdist = { url = "https://files.pythonhosted.org/packages/00/2a/e867e8531cf3e36b41201936b7fa7ba7b5702dbef42922193f05c8976cd6/jmespath-1.0.1.tar.gz", hash = "sha256:90261b206d6defd58fdd5e85f478bf633a2901798906be2ad389150c5c60edbe", size = 25843, upload-time = "2022-06-17T18:00:12.224Z" }
wheels = [
    { url = "https://files.pythonhosted.org/packages/31/b4/b9b800c45527aadd64d5b442f9b932b00648617eb5d63d2c7a6587b7cafc/jmespath-1.0.1-py3-none-any.whl", hash = "sha256:02e2e4cc71b5bcab88332eebf907519190dd9e6e82107fa7f83b1003a6252980", size = 20256, upload-time = "2022-06-17T18:00:10.251Z" },
]

[[package]]
name = "jsonpath-ng"
version = "1.7.0"
source = { registry = "https://pypi.org/simple" }
dependencies = [
    { name = "ply" },
]
sdist = { url = "https://files.pythonhosted.org/packages/6d/86/08646239a313f895186ff0a4573452038eed8c86f54380b3ebac34d32fb2/jsonpath-ng-1.7.0.tar.gz", hash = "sha256:f6f5f7fd4e5ff79c785f1573b394043b39849fb2bb47bcead935d12b00beab3c", size = 37838, upload-time = "2024-10-11T15:41:42.404Z" }
wheels = [
    { url = "https://files.pythonhosted.org/packages/35/5a/73ecb3d82f8615f32ccdadeb9356726d6cae3a4bbc840b437ceb95708063/jsonpath_ng-1.7.0-py3-none-any.whl", hash = "sha256:f3d7f9e848cba1b6da28c55b1c26ff915dc9e0b1ba7e752a53d6da8d5cbd00b6", size = 30105, upload-time = "2024-11-20T17:58:30.418Z" },
]

[[package]]
name = "jsonschema"
version = "4.17.3"
source = { registry = "https://pypi.org/simple" }
dependencies = [
    { name = "attrs" },
    { name = "pyrsistent" },
]
sdist = { url = "https://files.pythonhosted.org/packages/36/3d/ca032d5ac064dff543aa13c984737795ac81abc9fb130cd2fcff17cfabc7/jsonschema-4.17.3.tar.gz", hash = "sha256:0f864437ab8b6076ba6707453ef8f98a6a0d512a80e93f8abdb676f737ecb60d", size = 297785, upload-time = "2022-11-29T20:37:47.453Z" }
wheels = [
    { url = "https://files.pythonhosted.org/packages/c1/97/c698bd9350f307daad79dd740806e1a59becd693bd11443a0f531e3229b3/jsonschema-4.17.3-py3-none-any.whl", hash = "sha256:a870ad254da1a8ca84b6a2905cac29d265f805acc57af304784962a2aa6508f6", size = 90379, upload-time = "2022-11-29T20:37:45.842Z" },
]

[[package]]
name = "pdr-cleanup"
version = "0.1.0"
source = { virtual = "." }
dependencies = [
    { name = "cumulus-message-adapter-python" },
]

[package.metadata]
requires-dist = [{ name = "cumulus-message-adapter-python", specifier = "==2.4" }]

[[package]]
name = "ply"
version = "3.11"
source = { registry = "https://pypi.org/simple" }
sdist = { url = "https://files.pythonhosted.org/packages/e5/69/882ee5c9d017149285cab114ebeab373308ef0f874fcdac9beb90e0ac4da/ply-3.11.tar.gz", hash = "sha256:00c7c1aaa88358b9c765b6d3000c6eec0ba42abca5351b095321aef446081da3", size = 159130, upload-time = "2018-02-15T19:01:31.097Z" }
wheels = [
    { url = "https://files.pythonhosted.org/packages/a3/58/35da89ee790598a0700ea49b2a66594140f44dec458c07e8e3d4979137fc/ply-3.11-py2.py3-none-any.whl", hash = "sha256:096f9b8350b65ebd2fd1346b12452efe5b9607f7482813ffca50c22722a807ce", size = 49567, upload-time = "2018-02-15T19:01:27.172Z" },
]

[[package]]
name = "pyrsistent"
version = "0.20.0"
source = { registry = "https://pypi.org/simple" }
sdist = { url = "https://files.pythonhosted.org/packages/ce/3a/5031723c09068e9c8c2f0bc25c3a9245f2b1d1aea8396c787a408f2b95ca/pyrsistent-0.20.0.tar.gz", hash = "sha256:4c48f78f62ab596c679086084d0dd13254ae4f3d6c72a83ffdf5ebdef8f265a4", size = 103642, upload-time = "2023-10-25T21:06:56.342Z" }
wheels = [
    { url = "https://files.pythonhosted.org/packages/23/88/0acd180010aaed4987c85700b7cc17f9505f3edb4e5873e4dc67f613e338/pyrsistent-0.20.0-py3-none-any.whl", hash = "sha256:c55acc4733aad6560a7f5f818466631f07efc001fd023f34a6c203f8b6df0f0b", size = 58106, upload-time = "2023-10-25T21:06:54.387Z" },
]

[[package]]
name = "python-dateutil"
version = "2.9.0.post0"
source = { registry = "https://pypi.org/simple" }
dependencies = [
    { name = "six" },
]
sdist = { url = "https://files.pythonhosted.org/packages/66/c0/0c8b6ad9f17a802ee498c46e004a0eb49bc148f2fd230864601a86dcf6db/python-dateutil-2.9.0.post0.tar.gz", hash = "sha256:37dd54208da7e1cd875388217d5e00ebd4179249f90fb72437e91a35459a0ad3", size = 342432, upload-time = "2024-03-01T18:36:20.211Z" }
wheels = [
    { url = "https://files.pythonhosted.org/packages/ec/57/56b9bcc3c9c6a792fcbaf139543cee77261f3651ca9da0c93f5c1221264b/python_dateutil-2.9.0.post0-py2.py3-none-any.whl", hash = "sha256:a8b2bc7bffae282281c8140a97d3aa9c14da0b136dfe83f850eea9a5f7470427", size = 229892, upload-time = "2024-03-01T18:36:18.57Z" },
]

[[package]]
name = "s3transfer"
version = "0.14.0"
source = { registry = "https://pypi.org/simple" }
dependencies = [
    { name = "botocore" },
]
sdist = { url = "https://files.pythonhosted.org/packages/62/74/8d69dcb7a9efe8baa2046891735e5dfe433ad558ae23d9e3c14c633d1d58/s3transfer-0.14.0.tar.gz", hash = "sha256:eff12264e7c8b4985074ccce27a3b38a485bb7f7422cc8046fee9be4983e4125", size = 151547, upload-time = "2025-09-09T19:23:31.089Z" }
wheels = [
    { url = "https://files.pythonhosted.org/packages/48/f0/ae7ca09223a81a1d890b2557186ea015f6e0502e9b8cb8e1813f1d8cfa4e/s3transfer-0.14.0-py3-none-any.whl", hash = "sha256:ea3b790c7077558ed1f02a3072fb3cb992bbbd253392f4b6e9e8976941c7d456", size = 85712, upload-time = "2025-09-09T19:23:30.041Z" },
]

[[package]]
name = "six"
version = "1.17.0"
source = { registry = "https://pypi.org/simple" }
sdist = { url = "https://files.pythonhosted.org/packages/94/e7/b2c673351809dca68a0e064b6af791aa332cf192da575fd474ed7d6f16a2/six-1.17.0.tar.gz", hash = "sha256:ff70335d468e7eb6ec65b95b99d3a2836546063f63acc5171de367e834932a81", size = 34031, upload-time = "2024-12-04T17:35:28.174Z" }
wheels = [
    { url = "https://files.pythonhosted.org/packages/b7/ce/149a00dd41f10bc29e5921b496af8b574d8413afcd5e30dfa0ed46c2cc5e/six-1.17.0-py2.py3-none-any.whl", hash = "sha256:4721f391ed90541fddacab5acf947aa0d3dc7d27b2e1e8eda2be8970586c3274", size = 11050, upload-time = "2024-12-04T17:35:26.475Z" },
]

[[package]]
name = "urllib3"
version = "2.6.1"
source = { registry = "https://pypi.org/simple" }
sdist = { url = "https://files.pythonhosted.org/packages/5e/1d/0f3a93cca1ac5e8287842ed4eebbd0f7a991315089b1a0b01c7788aa7b63/urllib3-2.6.1.tar.gz", hash = "sha256:5379eb6e1aba4088bae84f8242960017ec8d8e3decf30480b3a1abdaa9671a3f", size = 432678, upload-time = "2025-12-08T15:25:26.773Z" }
wheels = [
    { url = "https://files.pythonhosted.org/packages/bc/56/190ceb8cb10511b730b564fb1e0293fa468363dbad26145c34928a60cb0c/urllib3-2.6.1-py3-none-any.whl", hash = "sha256:e67d06fe947c36a7ca39f4994b08d73922d40e6cca949907be05efa6fd75110b", size = 131138, upload-time = "2025-12-08T15:25:25.51Z" },
]
