{
    "_meta": {
        "hash": {
            "sha256": "d13686b1e44aa390d67a5a209a9e01e8c241e600f3a1f219dda4130c4bfe13b7"
        },
        "pipfile-spec": 6,
        "requires": {
            "python_version": "3.12"
        },
        "sources": [
            {
                "name": "pypi",
                "url": "https://pypi.org/simple",
                "verify_ssl": true
            }
        ]
    },
    "default": {
        "attrs": {
            "hashes": [
                "sha256:16d5969b87f0859ef33a48b35d55ac1be6e42ae49d5e853b597db70c35c57e11",
                "sha256:adcf7e2a1fb3b36ac48d97835bb6d8ade15b8dcce26aba8bf1d14847b57a3373"
            ],
            "markers": "python_version >= '3.9'",
            "version": "==25.4.0"
        },
        "boto3": {
            "hashes": [
                "sha256:16f4cf97f8dd8e0aae015f4dc66219bd7716a91a40d1e2daa0dafa241a4761c5",
                "sha256:8df6df755727be40ad9e309cfda07f9a12c147e17b639430c55d4e4feee8a167"
            ],
            "index": "pypi",
            "markers": "python_version >= '3.9'",
            "version": "==1.40.76"
        },
        "botocore": {
            "hashes": [
                "sha256:2b16024d68b29b973005adfb5039adfe9099ebe772d40a90ca89f2e165c495dc",
                "sha256:fe425d386e48ac64c81cbb4a7181688d813df2e2b4c78b95ebe833c9e868c6f4"
            ],
            "markers": "python_version >= '3.9'",
            "version": "==1.40.76"
        },
        "cumulus-message-adapter": {
            "hashes": [
                "sha256:815b957fde9a1cd35c6b0a8f1c71ed7181d73d608b7222c462e3d6f2bbdb0232"
            ],
            "markers": "python_version ~= '3.12'",
            "version": "==2.0.5"
        },
        "cumulus-message-adapter-python": {
            "hashes": [
                "sha256:d53f8d5d01582ef5960a3c24846de5ea354abf1273f01002825c99f6b050e707"
            ],
            "index": "pypi",
            "markers": "python_version ~= '3.12' and python_version < '4.0'",
            "version": "==2.4.0"
        },
        "cumulus-process": {
            "hashes": [
                "sha256:13de9282bbeaa7797c7a0cd97537cd2564098d7284efefcc5ee73cc1a5a122de"
            ],
            "index": "pypi",
            "version": "==1.6.0"
        },
        "dicttoxml": {
            "hashes": [
                "sha256:6f36ce644881db5cd8940bee9b7cb3f3f6b7b327ba8a67d83d3e2caa0538bf9d",
                "sha256:8677671496d0d38e66c7179f82a7e9059f94887777955dc71b0ac602ee637c26"
            ],
            "markers": "python_version >= '3.6'",
            "version": "==1.7.16"
        },
        "jmespath": {
            "hashes": [
                "sha256:02e2e4cc71b5bcab88332eebf907519190dd9e6e82107fa7f83b1003a6252980",
                "sha256:90261b206d6defd58fdd5e85f478bf633a2901798906be2ad389150c5c60edbe"
            ],
            "markers": "python_version >= '3.7'",
            "version": "==1.0.1"
        },
        "jsonpath-ng": {
            "hashes": [
                "sha256:898c93fc173f0c336784a3fa63d7434297544b7198124a68f9a3ef9597b0ae6e",
                "sha256:f3d7f9e848cba1b6da28c55b1c26ff915dc9e0b1ba7e752a53d6da8d5cbd00b6",
                "sha256:f6f5f7fd4e5ff79c785f1573b394043b39849fb2bb47bcead935d12b00beab3c"
            ],
            "version": "==1.7.0"
        },
        "jsonschema": {
            "hashes": [
                "sha256:0f864437ab8b6076ba6707453ef8f98a6a0d512a80e93f8abdb676f737ecb60d",
                "sha256:a870ad254da1a8ca84b6a2905cac29d265f805acc57af304784962a2aa6508f6"
            ],
            "markers": "python_version >= '3.7'",
            "version": "==4.17.3"
        },
        "ply": {
            "hashes": [
                "sha256:00c7c1aaa88358b9c765b6d3000c6eec0ba42abca5351b095321aef446081da3",
                "sha256:096f9b8350b65ebd2fd1346b12452efe5b9607f7482813ffca50c22722a807ce"
            ],
            "version": "==3.11"
        },
        "pyrsistent": {
            "hashes": [
                "sha256:0724c506cd8b63c69c7f883cc233aac948c1ea946ea95996ad8b1380c25e1d3f",
                "sha256:09848306523a3aba463c4b49493a760e7a6ca52e4826aa100ee99d8d39b7ad1e",
                "sha256:0f3b1bcaa1f0629c978b355a7c37acd58907390149b7311b5db1b37648eb6958",
                "sha256:21cc459636983764e692b9eba7144cdd54fdec23ccdb1e8ba392a63666c60c34",
                "sha256:2e14c95c16211d166f59c6611533d0dacce2e25de0f76e4c140fde250997b3ca",
                "sha256:2e2c116cc804d9b09ce9814d17df5edf1df0c624aba3b43bc1ad90411487036d",
                "sha256:4021a7f963d88ccd15b523787d18ed5e5269ce57aa4037146a2377ff607ae87d",
                "sha256:4c48f78f62ab596c679086084d0dd13254ae4f3d6c72a83ffdf5ebdef8f265a4",
                "sha256:4f5c2d012671b7391803263419e31b5c7c21e7c95c8760d7fc35602353dee714",
                "sha256:58b8f6366e152092194ae68fefe18b9f0b4f89227dfd86a07770c3d86097aebf",
                "sha256:59a89bccd615551391f3237e00006a26bcf98a4d18623a19909a2c48b8e986ee",
                "sha256:5cdd7ef1ea7a491ae70d826b6cc64868de09a1d5ff9ef8d574250d0940e275b8",
                "sha256:6288b3fa6622ad8a91e6eb759cfc48ff3089e7c17fb1d4c59a919769314af224",
                "sha256:6d270ec9dd33cdb13f4d62c95c1a5a50e6b7cdd86302b494217137f760495b9d",
                "sha256:79ed12ba79935adaac1664fd7e0e585a22caa539dfc9b7c7c6d5ebf91fb89054",
                "sha256:7d29c23bdf6e5438c755b941cef867ec2a4a172ceb9f50553b6ed70d50dfd656",
                "sha256:8441cf9616d642c475684d6cf2520dd24812e996ba9af15e606df5f6fd9d04a7",
                "sha256:881bbea27bbd32d37eb24dd320a5e745a2a5b092a17f6debc1349252fac85423",
                "sha256:8c3aba3e01235221e5b229a6c05f585f344734bd1ad42a8ac51493d74722bbce",
                "sha256:a14798c3005ec892bbada26485c2eea3b54109cb2533713e355c806891f63c5e",
                "sha256:b14decb628fac50db5e02ee5a35a9c0772d20277824cfe845c8a8b717c15daa3",
                "sha256:b318ca24db0f0518630e8b6f3831e9cba78f099ed5c1d65ffe3e023003043ba0",
                "sha256:c1beb78af5423b879edaf23c5591ff292cf7c33979734c99aa66d5914ead880f",
                "sha256:c55acc4733aad6560a7f5f818466631f07efc001fd023f34a6c203f8b6df0f0b",
                "sha256:ca52d1ceae015859d16aded12584c59eb3825f7b50c6cfd621d4231a6cc624ce",
                "sha256:cae40a9e3ce178415040a0383f00e8d68b569e97f31928a3a8ad37e3fde6df6a",
                "sha256:e78d0c7c1e99a4a45c99143900ea0546025e41bb59ebc10182e947cf1ece9174",
                "sha256:ef3992833fbd686ee783590639f4b8343a57f1f75de8633749d984dc0eb16c86",
                "sha256:f058a615031eea4ef94ead6456f5ec2026c19fb5bd6bfe86e9665c4158cf802f",
                "sha256:f5ac696f02b3fc01a710427585c855f65cd9c640e14f52abe52020722bb4906b",
                "sha256:f920385a11207dc372a028b3f1e1038bb244b3ec38d448e6d8e43c6b3ba20e98",
                "sha256:fed2c3216a605dc9a6ea50c7e84c82906e3684c4e80d2908208f662a6cbf9022"
            ],
            "markers": "python_version >= '3.8'",
            "version": "==0.20.0"
        },
        "python-dateutil": {
            "hashes": [
                "sha256:37dd54208da7e1cd875388217d5e00ebd4179249f90fb72437e91a35459a0ad3",
                "sha256:a8b2bc7bffae282281c8140a97d3aa9c14da0b136dfe83f850eea9a5f7470427"
            ],
            "markers": "python_version >= '2.7' and python_version not in '3.0, 3.1, 3.2'",
            "version": "==2.9.0.post0"
        },
        "python-json-logger": {
            "hashes": [
                "sha256:b7a31162f2a01965a5efb94453ce69230ed208468b0bbc7fdfc56e6d8df2e281"
            ],
            "markers": "python_version >= '2.7'",
            "version": "==0.1.11"
        },
        "s3transfer": {
            "hashes": [
                "sha256:ea3b790c7077558ed1f02a3072fb3cb992bbbd253392f4b6e9e8976941c7d456",
                "sha256:eff12264e7c8b4985074ccce27a3b38a485bb7f7422cc8046fee9be4983e4125"
            ],
            "markers": "python_version >= '3.9'",
            "version": "==0.14.0"
        },
        "six": {
            "hashes": [
                "sha256:4721f391ed90541fddacab5acf947aa0d3dc7d27b2e1e8eda2be8970586c3274",
                "sha256:ff70335d468e7eb6ec65b95b99d3a2836546063f63acc5171de367e834932a81"
            ],
            "index": "pypi",
            "markers": "python_version >= '2.7' and python_version not in '3.0, 3.1, 3.2'",
            "version": "==1.17.0"
        },
        "urllib3": {
            "hashes": [
                "sha256:c90f7a39f716c572c4e3e58509581ebd83f9b59cced005b7db7ad2d22b0db99f",
                "sha256:cb9bcef5a4b345d5da5d145dc3e30834f58e8018828cbc724d30b4cb7d4d49f1"
            ],
            "index": "pypi",
            "markers": "python_version >= '3.9'",
            "version": "==2.6.0"
        }
    },
    "develop": {
        "librt": {
            "hashes": [
                "sha256:04f8ce401d4f6380cfc42af0f4e67342bf34c820dae01343f58f472dbac75dcf",
                "sha256:05f385a414de3f950886ea0aad8f109650d4b712cf9cc14cc17f5f62a9ab240b",
                "sha256:0765b0fe0927d189ee14b087cd595ae636bef04992e03fe6dfdaa383866c8a46",
                "sha256:078cd77064d1640cb7b0650871a772956066174d92c8aeda188a489b58495179",
                "sha256:09262cb2445b6f15d09141af20b95bb7030c6f13b00e876ad8fdd1a9045d6aa5",
                "sha256:0c74c26736008481c9f6d0adf1aedb5a52aff7361fea98276d1f965c0256ee70",
                "sha256:0e0f2b79993fec23a685b3e8107ba5f8675eeae286675a216da0b09574fa1e47",
                "sha256:10a95ad074e2a98c9e4abc7f5b7d40e5ecbfa84c04c6ab8a70fabf59bd429b88",
                "sha256:14b345eb7afb61b9fdcdfda6738946bd11b8e0f6be258666b0646af3b9bb5916",
                "sha256:17000df14f552e86877d67e4ab7966912224efc9368e998c96a6974a8d609bf9",
                "sha256:1b51ba7d9d5d9001494769eca8c0988adce25d0a970c3ba3f2eb9df9d08036fc",
                "sha256:1ef42ff4edd369e84433ce9b188a64df0837f4f69e3d34d3b34d4955c599d03f",
                "sha256:25b1b60cb059471c0c0c803e07d0dfdc79e41a0a122f288b819219ed162672a3",
                "sha256:26b8026393920320bb9a811b691d73c5981385d537ffc5b6e22e53f7b65d4122",
                "sha256:324462fe7e3896d592b967196512491ec60ca6e49c446fe59f40743d08c97917",
                "sha256:349b6873ebccfc24c9efd244e49da9f8a5c10f60f07575e248921aae2123fc42",
                "sha256:36a8e337461150b05ca2c7bdedb9e591dfc262c5230422cea398e89d0c746cdc",
                "sha256:36b2ec8c15030002c7f688b4863e7be42820d7c62d9c6eece3db54a2400f0530",
                "sha256:38320386a48a15033da295df276aea93a92dfa94a862e06893f75ea1d8bbe89d",
                "sha256:3ac2a7835434b31def8ed5355dd9b895bbf41642d61967522646d1d8b9681106",
                "sha256:3caa0634c02d5ff0b2ae4a28052e0d8c5f20d497623dc13f629bd4a9e2a6efad",
                "sha256:3e84a4121a7ae360ca4da436548a9c1ca8ca134a5ced76c893cc5944426164bd",
                "sha256:3f0e4bd9bcb0ee34fa3dbedb05570da50b285f49e52c07a241da967840432513",
                "sha256:4018904c83eab49c814e2494b4e22501a93cdb6c9f9425533fe693c3117126f9",
                "sha256:408a36ddc75e91918cb15b03460bdc8a015885025d67e68c6f78f08c3a88f522",
                "sha256:45660d26569cc22ed30adf583389d8a0d1b468f8b5e518fcf9bfe2cd298f9dd1",
                "sha256:4aa4a93a353ccff20df6e34fa855ae8fd788832c88f40a9070e3ddd3356a9f0e",
                "sha256:4bca9e4c260233fba37b15c4ec2f78aa99c1a79fbf902d19dd4a763c5c3fb751",
                "sha256:514f3f363d1ebc423357d36222c37e5c8e6674b6eae8d7195ac9a64903722057",
                "sha256:54f3b2177fb892d47f8016f1087d21654b44f7fc4cf6571c1c6b3ea531ab0fcf",
                "sha256:57705e8eec76c5b77130d729c0f70190a9773366c555c5457c51eace80afd873",
                "sha256:5cc22f7f5c0cc50ed69f4b15b9c51d602aabc4500b433aaa2ddd29e578f452f7",
                "sha256:61348cc488b18d1b1ff9f3e5fcd5ac43ed22d3e13e862489d2267c2337285c08",
                "sha256:64645b757d617ad5f98c08e07620bc488d4bced9ced91c6279cec418f16056fa",
                "sha256:669ff2495728009a96339c5ad2612569c6d8be4474e68f3f3ac85d7c3261f5f5",
                "sha256:6bac97e51f66da2ca012adddbe9fd656b17f7368d439de30898f24b39512f40f",
                "sha256:6d46aa46aa29b067f0b8b84f448fd9719aaf5f4c621cc279164d76a9dc9ab3e8",
                "sha256:71f0a5918aebbea1e7db2179a8fe87e8a8732340d9e8b8107401fb407eda446e",
                "sha256:74418f718083009108dc9a42c21bf2e4802d49638a1249e13677585fcc9ca176",
                "sha256:760c25ed6ac968e24803eb5f7deb17ce026902d39865e83036bacbf5cf242aa8",
                "sha256:822ca79e28720a76a935c228d37da6579edef048a17cd98d406a2484d10eda78",
                "sha256:86605d5bac340beb030cbc35859325982a79047ebdfba1e553719c7126a2389d",
                "sha256:87597e3d57ec0120a3e1d857a708f80c02c42ea6b00227c728efbc860f067c45",
                "sha256:8983c5c06ac9c990eac5eb97a9f03fe41dc7e9d7993df74d9e8682a1056f596c",
                "sha256:8c659f9fb8a2f16dc4131b803fa0144c1dadcb3ab24bb7914d01a6da58ae2457",
                "sha256:8e695f25d1a425ad7a272902af8ab8c8d66c1998b177e4b5f5e7b4e215d0c88a",
                "sha256:8f8ed5053ef9fb08d34f1fd80ff093ccbd1f67f147633a84cf4a7d9b09c0f089",
                "sha256:92267f865c7bbd12327a0d394666948b9bf4b51308b52947c0cc453bfa812f5d",
                "sha256:98e4bbecbef8d2a60ecf731d735602feee5ac0b32117dbbc765e28b054bac912",
                "sha256:9e716f9012148a81f02f46a04fc4c663420c6fbfeacfac0b5e128cf43b4413d3",
                "sha256:9f2a6623057989ebc469cd9cc8fe436c40117a0147627568d03f84aef7854c55",
                "sha256:a218f85081fc3f70cddaed694323a1ad7db5ca028c379c214e3a7c11c0850523",
                "sha256:aa346e202e6e1ebc01fe1c69509cffe486425884b96cb9ce155c99da1ecbe0e9",
                "sha256:ad8ba80cdcea04bea7b78fcd4925bfbf408961e9d8397d2ee5d3ec121e20c08c",
                "sha256:afb39550205cc5e5c935762c6bf6a2bb34f7d21a68eadb25e2db7bf3593fecc0",
                "sha256:b2922a0e8fa97395553c304edc3bd36168d8eeec26b92478e292e5d4445c1ef0",
                "sha256:b47395091e7e0ece1e6ebac9b98bf0c9084d1e3d3b2739aa566be7e56e3f7bf2",
                "sha256:c0ecf4786ad0404b072196b5df774b1bb23c8aacdcacb6c10b4128bc7b00bd01",
                "sha256:c5b31bed2c2f2fa1fcb4815b75f931121ae210dc89a3d607fb1725f5907f1437",
                "sha256:c724a884e642aa2bbad52bb0203ea40406ad742368a5f90da1b220e970384aae",
                "sha256:cb92741c2b4ea63c09609b064b26f7f5d9032b61ae222558c55832ec3ad0bcaf",
                "sha256:ced0925a18fddcff289ef54386b2fc230c5af3c83b11558571124bfc485b8c07",
                "sha256:cf1115207a5049d1f4b7b4b72de0e52f228d6c696803d94843907111cbf80610",
                "sha256:d3c9a07eafdc70556f8c220da4a538e715668c0c63cabcc436a026e4e89950bf",
                "sha256:d7769c579663a6f8dbf34878969ac71befa42067ce6bf78e6370bf0d1194997c",
                "sha256:d8f89c8d20dfa648a3f0a56861946eb00e5b00d6b00eea14bc5532b2fcfa8ef1",
                "sha256:d998b432ed9ffccc49b820e913c8f327a82026349e9c34fa3690116f6b70770f",
                "sha256:dcbe48f6a03979384f27086484dc2a14959be1613cb173458bd58f714f2c48f3",
                "sha256:e17b5b42c8045867ca9d1f54af00cc2275198d38de18545edaa7833d7e9e4ac8",
                "sha256:e18875e17ef69ba7dfa9623f2f95f3eda6f70b536079ee6d5763ecdfe6cc9040",
                "sha256:e61ab234624c9ffca0248a707feffe6fac2343758a36725d8eb8a6efef0f8c30",
                "sha256:ecc2c526547eacd20cb9fbba19a5268611dbc70c346499656d6cf30fae328977",
                "sha256:f33462b19503ba68d80dac8a1354402675849259fb3ebf53b67de86421735a3a",
                "sha256:fbedeb9b48614d662822ee514567d2d49a8012037fc7b4cd63f282642c2f4b7d",
                "sha256:fd98cacf4e0fabcd4005c452cb8a31750258a85cab9a59fb3559e8078da408d7",
                "sha256:fdcd095b1b812d756fa5452aca93b962cf620694c0cadb192cec2bb77dcca9a2"
            ],
            "markers": "python_version >= '3.9'",
            "version": "==0.6.3"
        },
        "mypy": {
            "hashes": [
                "sha256:0c01c99d626380752e527d5ce8e69ffbba2046eb8a060db0329690849cf9b6f9",
                "sha256:0dde5cb375cb94deff0d4b548b993bec52859d1651e073d63a1386d392a95495",
                "sha256:0e3c3d1e1d62e678c339e7ade72746a9e0325de42cd2cccc51616c7b2ed1a018",
                "sha256:0ea4fd21bb48f0da49e6d3b37ef6bd7e8228b9fe41bbf4d80d9364d11adbd43c",
                "sha256:0fb3115cb8fa7c5f887c8a8d81ccdcb94cff334684980d847e5a62e926910e1d",
                "sha256:11f7254c15ab3f8ed68f8e8f5cbe88757848df793e31c36aaa4d4f9783fd08ab",
                "sha256:120cffe120cca5c23c03c77f84abc0c14c5d2e03736f6c312480020082f1994b",
                "sha256:16f76ff3f3fd8137aadf593cb4607d82634fca675e8211ad75c43d86033ee6c6",
                "sha256:1cf9c59398db1c68a134b0b5354a09a1e124523f00bacd68e553b8bd16ff3299",
                "sha256:318ba74f75899b0e78b847d8c50821e4c9637c79d9a59680fc1259f29338cb3e",
                "sha256:3210d87b30e6af9c8faed61be2642fcbe60ef77cec64fa1ef810a630a4cf671c",
                "sha256:34ec1ac66d31644f194b7c163d7f8b8434f1b49719d403a5d26c87fff7e913f7",
                "sha256:37af5166f9475872034b56c5efdcf65ee25394e9e1d172907b84577120714364",
                "sha256:3ad925b14a0bb99821ff6f734553294aa6a3440a8cb082fe1f5b84dfb662afb1",
                "sha256:510c014b722308c9bd377993bcbf9a07d7e0692e5fa8fc70e639c1eb19fc6bee",
                "sha256:6016c52ab209919b46169651b362068f632efcd5eb8ef9d1735f6f86da7853b2",
                "sha256:6148ede033982a8c5ca1143de34c71836a09f105068aaa8b7d5edab2b053e6c8",
                "sha256:63ea6a00e4bd6822adbfc75b02ab3653a17c02c4347f5bb0cf1d5b9df3a05835",
                "sha256:7686ed65dbabd24d20066f3115018d2dce030d8fa9db01aa9f0a59b6813e9f9e",
                "sha256:7a500ab5c444268a70565e374fc803972bfd1f09545b13418a5174e29883dab7",
                "sha256:8f44f2ae3c58421ee05fe609160343c25f70e3967f6e32792b5a78006a9d850f",
                "sha256:a18d8abdda14035c5718acb748faec09571432811af129bf0d9e7b2d6699bf18",
                "sha256:a31e4c28e8ddb042c84c5e977e28a21195d086aaffaf08b016b78e19c9ef8106",
                "sha256:a9ac09e52bb0f7fb912f5d2a783345c72441a08ef56ce3e17c1752af36340a39",
                "sha256:b9d491295825182fba01b6ffe2c6fe4e5a49dbf4e2bb4d1217b6ced3b4797bc6",
                "sha256:c14a98bc63fd867530e8ec82f217dae29d0550c86e70debc9667fff1ec83284e",
                "sha256:c3385246593ac2b97f155a0e9639be906e73534630f663747c71908dfbf26134",
                "sha256:cabbee74f29aa9cd3b444ec2f1e4fa5a9d0d746ce7567a6a609e224429781f53",
                "sha256:cb64b0ba5980466a0f3f9990d1c582bcab8db12e29815ecb57f1408d99b4bff7",
                "sha256:cf7d84f497f78b682edd407f14a7b6e1a2212b433eedb054e2081380b7395aa3",
                "sha256:e2c1101ab41d01303103ab6ef82cbbfedb81c1a060c868fa7cc013d573d37ab5",
                "sha256:f188dcf16483b3e59f9278c4ed939ec0254aa8a60e8fc100648d9ab5ee95a431",
                "sha256:f2e36bed3c6d9b5f35d28b63ca4b727cb0228e480826ffc8953d1892ddc8999d",
                "sha256:f3e19e3b897562276bb331074d64c076dbdd3e79213f36eed4e592272dabd760",
                "sha256:f6b874ca77f733222641e5c46e4711648c4037ea13646fd0cdc814c2eaec2528",
                "sha256:f75e60aca3723a23511948539b0d7ed514dda194bc3755eae0bfc7a6b4887aa7",
                "sha256:fc51a5b864f73a3a182584b1ac75c404396a17eced54341629d8bdcb644a5bba",
                "sha256:fd4a985b2e32f23bead72e2fb4bbe5d6aceee176be471243bd831d5b2644672d"
            ],
            "index": "pypi",
            "markers": "python_version >= '3.9'",
            "version": "==1.19.0"
        },
        "mypy-extensions": {
            "hashes": [
                "sha256:1be4cccdb0f2482337c4743e60421de3a356cd97508abadd57d47403e94f5505",
                "sha256:52e68efc3284861e772bbcd66823fde5ae21fd2fdb51c62a211403730b916558"
            ],
            "markers": "python_version >= '3.8'",
            "version": "==1.1.0"
        },
        "pathspec": {
            "hashes": [
                "sha256:a0d503e138a4c123b27490a4f7beda6a01c6f288df0e4a8b79c7eb0dc7b4cc08",
                "sha256:a482d51503a1ab33b1c67a6c3813a26953dbdc71c31dacaef9a838c4e29f5712"
            ],
            "markers": "python_version >= '3.8'",
            "version": "==0.12.1"
        },
        "ruff": {
            "hashes": [
                "sha256:12eb7014fccff10fc62d15c79d8a6be4d0c2d60fe3f8e4d169a0d2def75f5dad",
                "sha256:1464b6e54880c0fe2f2d6eaefb6db15373331414eddf89d6b903767ae2458143",
                "sha256:19a0f116ee5e2b468dfe80c41c84e2bbd6b74f7b719bee86c2ecde0a34563bcc",
                "sha256:24c8487194d38b6d71cd0fd17a5b6715cda29f59baca1defe1e3a03240f851d1",
                "sha256:281f0e61a23fcdcffca210591f0f53aafaa15f9025b5b3f9706879aaa8683bc4",
                "sha256:3417deb75d23bd14a722b57b0a1435561db65f0ad97435b4cf9f85ffcef34ae5",
                "sha256:3838948e3facc59a6070795de2ae16e5786861850f78d5914a03f12659e88f94",
                "sha256:3f64fe375aefaf36ca7d7250292141e39b4cea8250427482ae779a2aa5d90015",
                "sha256:6be02e849440ed3602d2eb478ff7ff07d53e3758f7948a2a598829660988619e",
                "sha256:6c623bbdc902de7ff715a93fa3bb377a4e42dd696937bf95669118773dbf0c50",
                "sha256:79c73db6833f058a4be8ffe4a0913b6d4ad41f6324745179bd2aa09275b01d0b",
                "sha256:93e83bd3a9e1a3bda64cb771c0d47cda0e0d148165013ae2d3554d718632d554",
                "sha256:b9d5cb5a176c7236892ad7224bc1e63902e4842c460a0b5210701b13e3de4fca",
                "sha256:be4d653d3bea1b19742fcc6502354e32f65cd61ff2fbdb365803ef2c2aec6228",
                "sha256:dbbaa5e14148965b91cb090236931182ee522a5fac9bc5575bafc5c07b9f9682",
                "sha256:e17a20ad0d3fad47a326d773a042b924d3ac31c6ca6deb6c72e9e6b5f661a7c6",
                "sha256:e33052c9199b347c8937937163b9b149ef6ab2e4bb37b042e593da2e6f6cccfa",
                "sha256:f217ed871e4621ea6128460df57b19ce0580606c23aeab50f5de425d05226784",
                "sha256:f53accc02ed2d200fa621593cdb3c1ae06aa9b2c3cae70bc96f72f0000ae97a9"
            ],
            "index": "pypi",
            "markers": "python_version >= '3.7'",
            "version": "==0.14.7"
        },
        "typing-extensions": {
            "hashes": [
                "sha256:0cea48d173cc12fa28ecabc3b837ea3cf6f38c6d1136f85cbaaf598984861466",
                "sha256:f0fa19c6845758ab08074a0cfa8b7aecb71c999ca73d62883bc25cc018c4e548"
            ],
            "markers": "python_version >= '3.9'",
            "version": "==4.15.0"
        }
    }
}
