{
    "_meta": {
        "hash": {
            "sha256": "d3c686adf325f97b2e57e437d6551e31604c6854db8a6c6eb572dfb9bf6a62c0"
        },
        "pipfile-spec": 6,
        "requires": {
            "python_version": "3.10"
        },
        "sources": [
            {
                "name": "pypi",
                "url": "https://pypi.org/simple",
                "verify_ssl": true
            }
        ]
    },
    "default": {
        "attrs": {
            "hashes": [
                "sha256:5cfb1b9148b5b086569baec03f20d7b6bf3bcacc9a42bebf87ffaaca362f6346",
                "sha256:81921eb96de3191c8258c199618104dd27ac608d9366f5e35d011eae1867ede2"
            ],
            "markers": "python_version >= '3.7'",
            "version": "==24.2.0"
        },
        "boto3": {
            "hashes": [
                "sha256:9e7242b9059d937f34264125fecd844cb5e01acce6be093f6c44869fdf7c6e30",
                "sha256:fa85b67147c8dc99b6e7c699fc086103f958f9677db934f70659e6e6a72a818c"
            ],
            "index": "pypi",
            "markers": "python_version >= '3.7'",
            "version": "==1.26.165"
        },
        "botocore": {
            "hashes": [
                "sha256:6f35d59e230095aed7cd747604fe248fa384bebb7d09549077892f936a8ca3df",
                "sha256:988b948be685006b43c4bbd8f5c0cb93e77c66deb70561994e0c5b31b5a67210"
            ],
            "markers": "python_version >= '3.7'",
            "version": "==1.29.165"
        },
        "cumulus-message-adapter": {
            "hashes": [
                "sha256:fe98bae50b87c0682c46e855e746680bb69b9439e1ee86b3129e6ea2d0af6ff7"
            ],
            "markers": "python_version ~= '3.10'",
            "version": "==2.0.4"
        },
        "cumulus-message-adapter-python": {
            "hashes": [
                "sha256:ff55768fae327db5aad1239b2186685f4085a2d6a6adb5ed29cda32f79b43abc"
            ],
            "index": "pypi",
            "version": "==2.3.0"
        },
        "cumulus-process": {
            "hashes": [
                "sha256:7435682c4c9f852716213b3c3d64cb24c5a4d511cd6e45cf6005ec0a630d49a7"
            ],
            "index": "pypi",
            "version": "==1.4.0"
        },
        "dicttoxml": {
            "hashes": [
                "sha256:6f36ce644881db5cd8940bee9b7cb3f3f6b7b327ba8a67d83d3e2caa0538bf9d",
                "sha256:8677671496d0d38e66c7179f82a7e9059f94887777955dc71b0ac602ee637c26"
            ],
            "markers": "python_version >= '3.6'",
            "version": "==1.7.16"
        },
        "jmespath": {
            "hashes": [
                "sha256:02e2e4cc71b5bcab88332eebf907519190dd9e6e82107fa7f83b1003a6252980",
                "sha256:90261b206d6defd58fdd5e85f478bf633a2901798906be2ad389150c5c60edbe"
            ],
            "markers": "python_version >= '3.7'",
            "version": "==1.0.1"
        },
        "jsonpath-ng": {
            "hashes": [
                "sha256:086c37ba4917304850bd837aeab806670224d3f038fe2833ff593a672ef0a5fa",
                "sha256:8f22cd8273d7772eea9aaa84d922e0841aa36fdb8a2c6b7f6c3791a16a9bc0be"
            ],
            "version": "==1.6.1"
        },
        "jsonschema": {
            "hashes": [
                "sha256:0f864437ab8b6076ba6707453ef8f98a6a0d512a80e93f8abdb676f737ecb60d",
                "sha256:a870ad254da1a8ca84b6a2905cac29d265f805acc57af304784962a2aa6508f6"
            ],
            "markers": "python_version >= '3.7'",
            "version": "==4.17.3"
        },
        "ply": {
            "hashes": [
                "sha256:00c7c1aaa88358b9c765b6d3000c6eec0ba42abca5351b095321aef446081da3",
                "sha256:096f9b8350b65ebd2fd1346b12452efe5b9607f7482813ffca50c22722a807ce"
            ],
            "version": "==3.11"
        },
        "pyrsistent": {
            "hashes": [
                "sha256:0724c506cd8b63c69c7f883cc233aac948c1ea946ea95996ad8b1380c25e1d3f",
                "sha256:09848306523a3aba463c4b49493a760e7a6ca52e4826aa100ee99d8d39b7ad1e",
                "sha256:0f3b1bcaa1f0629c978b355a7c37acd58907390149b7311b5db1b37648eb6958",
                "sha256:21cc459636983764e692b9eba7144cdd54fdec23ccdb1e8ba392a63666c60c34",
                "sha256:2e14c95c16211d166f59c6611533d0dacce2e25de0f76e4c140fde250997b3ca",
                "sha256:2e2c116cc804d9b09ce9814d17df5edf1df0c624aba3b43bc1ad90411487036d",
                "sha256:4021a7f963d88ccd15b523787d18ed5e5269ce57aa4037146a2377ff607ae87d",
                "sha256:4c48f78f62ab596c679086084d0dd13254ae4f3d6c72a83ffdf5ebdef8f265a4",
                "sha256:4f5c2d012671b7391803263419e31b5c7c21e7c95c8760d7fc35602353dee714",
                "sha256:58b8f6366e152092194ae68fefe18b9f0b4f89227dfd86a07770c3d86097aebf",
                "sha256:59a89bccd615551391f3237e00006a26bcf98a4d18623a19909a2c48b8e986ee",
                "sha256:5cdd7ef1ea7a491ae70d826b6cc64868de09a1d5ff9ef8d574250d0940e275b8",
                "sha256:6288b3fa6622ad8a91e6eb759cfc48ff3089e7c17fb1d4c59a919769314af224",
                "sha256:6d270ec9dd33cdb13f4d62c95c1a5a50e6b7cdd86302b494217137f760495b9d",
                "sha256:79ed12ba79935adaac1664fd7e0e585a22caa539dfc9b7c7c6d5ebf91fb89054",
                "sha256:7d29c23bdf6e5438c755b941cef867ec2a4a172ceb9f50553b6ed70d50dfd656",
                "sha256:8441cf9616d642c475684d6cf2520dd24812e996ba9af15e606df5f6fd9d04a7",
                "sha256:881bbea27bbd32d37eb24dd320a5e745a2a5b092a17f6debc1349252fac85423",
                "sha256:8c3aba3e01235221e5b229a6c05f585f344734bd1ad42a8ac51493d74722bbce",
                "sha256:a14798c3005ec892bbada26485c2eea3b54109cb2533713e355c806891f63c5e",
                "sha256:b14decb628fac50db5e02ee5a35a9c0772d20277824cfe845c8a8b717c15daa3",
                "sha256:b318ca24db0f0518630e8b6f3831e9cba78f099ed5c1d65ffe3e023003043ba0",
                "sha256:c1beb78af5423b879edaf23c5591ff292cf7c33979734c99aa66d5914ead880f",
                "sha256:c55acc4733aad6560a7f5f818466631f07efc001fd023f34a6c203f8b6df0f0b",
                "sha256:ca52d1ceae015859d16aded12584c59eb3825f7b50c6cfd621d4231a6cc624ce",
                "sha256:cae40a9e3ce178415040a0383f00e8d68b569e97f31928a3a8ad37e3fde6df6a",
                "sha256:e78d0c7c1e99a4a45c99143900ea0546025e41bb59ebc10182e947cf1ece9174",
                "sha256:ef3992833fbd686ee783590639f4b8343a57f1f75de8633749d984dc0eb16c86",
                "sha256:f058a615031eea4ef94ead6456f5ec2026c19fb5bd6bfe86e9665c4158cf802f",
                "sha256:f5ac696f02b3fc01a710427585c855f65cd9c640e14f52abe52020722bb4906b",
                "sha256:f920385a11207dc372a028b3f1e1038bb244b3ec38d448e6d8e43c6b3ba20e98",
                "sha256:fed2c3216a605dc9a6ea50c7e84c82906e3684c4e80d2908208f662a6cbf9022"
            ],
            "markers": "python_version >= '3.8'",
            "version": "==0.20.0"
        },
        "python-dateutil": {
            "hashes": [
                "sha256:37dd54208da7e1cd875388217d5e00ebd4179249f90fb72437e91a35459a0ad3",
                "sha256:a8b2bc7bffae282281c8140a97d3aa9c14da0b136dfe83f850eea9a5f7470427"
            ],
            "markers": "python_version >= '2.7' and python_version not in '3.0, 3.1, 3.2, 3.3'",
            "version": "==2.9.0.post0"
        },
        "python-json-logger": {
            "hashes": [
                "sha256:b7a31162f2a01965a5efb94453ce69230ed208468b0bbc7fdfc56e6d8df2e281"
            ],
            "markers": "python_version >= '2.7'",
            "version": "==0.1.11"
        },
        "s3transfer": {
            "hashes": [
                "sha256:b014be3a8a2aab98cfe1abc7229cc5a9a0cf05eb9c1f2b86b230fd8df3f78084",
                "sha256:cab66d3380cca3e70939ef2255d01cd8aece6a4907a9528740f668c4b0611861"
            ],
            "markers": "python_version >= '3.7'",
            "version": "==0.6.2"
        },
        "six": {
            "hashes": [
                "sha256:3350809f0555b11f552448330d0b52d5f24c91a322ea4a15ef22629740f3761c",
                "sha256:d16a0141ec1a18405cd4ce8b4613101da75da0e9a7aec5bdd4fa804d0e0eba73"
            ],
            "index": "pypi",
            "markers": "python_version >= '2.6' and python_version not in '3.0, 3.1, 3.2, 3.3'",
            "version": "==1.12.0"
        },
        "urllib3": {
            "hashes": [
                "sha256:0ed14ccfbf1c30a9072c7ca157e4319b70d65f623e91e7b32fadb2853431016e",
                "sha256:40c2dc0c681e47eb8f90e7e27bf6ff7df2e677421fd46756da1161c39ca70d32"
            ],
            "markers": "python_version >= '2.7' and python_version not in '3.0, 3.1, 3.2, 3.3, 3.4, 3.5'",
            "version": "==1.26.20"
        }
    },
    "develop": {
        "astroid": {
            "hashes": [
                "sha256:5cfc40ae9f68311075d27ef68a4841bdc5cc7f6cf86671b49f00607d30188e2d",
                "sha256:a9d1c946ada25098d790e079ba2a1b112157278f3fb7e718ae6a9252f5835dc8"
            ],
            "markers": "python_full_version >= '3.9.0'",
            "version": "==3.3.5"
        },
        "dill": {
            "hashes": [
                "sha256:468dff3b89520b474c0397703366b7b95eebe6303f108adf9b19da1f702be87a",
                "sha256:81aa267dddf68cbfe8029c42ca9ec6a4ab3b22371d1c450abc54422577b4512c"
            ],
            "markers": "python_version < '3.11'",
            "version": "==0.3.9"
        },
        "isort": {
            "hashes": [
                "sha256:48fdfcb9face5d58a4f6dde2e72a1fb8dcaf8ab26f95ab49fab84c2ddefb0109",
                "sha256:8ca5e72a8d85860d5a3fa69b8745237f2939afe12dbf656afbcb47fe72d947a6"
            ],
            "markers": "python_full_version >= '3.8.0'",
            "version": "==5.13.2"
        },
        "mccabe": {
            "hashes": [
                "sha256:348e0240c33b60bbdf4e523192ef919f28cb2c3d7d5c7794f74009290f236325",
                "sha256:6c2d30ab6be0e4a46919781807b4f0d834ebdd6c6e3dca0bda5a15f863427b6e"
            ],
            "markers": "python_version >= '3.6'",
            "version": "==0.7.0"
        },
        "platformdirs": {
            "hashes": [
                "sha256:357fb2acbc885b0419afd3ce3ed34564c13c9b95c89360cd9563f73aa5e2b907",
                "sha256:73e575e1408ab8103900836b97580d5307456908a03e92031bab39e4554cc3fb"
            ],
            "markers": "python_version >= '3.8'",
            "version": "==4.3.6"
        },
        "pylint": {
            "hashes": [
                "sha256:2f846a466dd023513240bc140ad2dd73bfc080a5d85a710afdb728c420a5a2b9",
                "sha256:9f3dcc87b1203e612b78d91a896407787e708b3f189b5fa0b307712d49ff0c6e"
            ],
            "index": "pypi",
            "markers": "python_full_version >= '3.9.0'",
            "version": "==3.3.1"
        },
        "tomli": {
            "hashes": [
                "sha256:2ebe24485c53d303f690b0ec092806a085f07af5a5aa1464f3931eec36caaa38",
                "sha256:d46d457a85337051c36524bc5349dd91b1877838e2979ac5ced3e710ed8a60ed"
            ],
            "markers": "python_version < '3.11'",
            "version": "==2.0.2"
        },
        "tomlkit": {
            "hashes": [
                "sha256:7a974427f6e119197f670fbbbeae7bef749a6c14e793db934baefc1b5f03efde",
                "sha256:fff5fe59a87295b278abd31bec92c15d9bc4a06885ab12bcea52c71119392e79"
            ],
            "markers": "python_version >= '3.8'",
            "version": "==0.13.2"
        },
        "typing-extensions": {
            "hashes": [
                "sha256:04e5ca0351e0f3f85c6853954072df659d0d13fac324d0072316b67d7794700d",
                "sha256:1a7ead55c7e559dd4dee8856e3a88b41225abfe1ce8df57b7c13915fe121ffb8"
            ],
            "markers": "python_version < '3.11'",
            "version": "==4.12.2"
        }
    }
}
