{
  "name": "gitc-http-tile-indexer",
  "version": "0.0.0",
  "dependencies": {
    "async": {
      "version": "2.1.4",
      "from": "async@>=2.0.0 <3.0.0",
      "resolved": "https://registry.npmjs.org/async/-/async-2.1.4.tgz"
    },
    "iconv-lite": {
      "version": "0.4.15",
      "from": "iconv-lite@>=0.4.13 <0.5.0",
      "resolved": "https://registry.npmjs.org/iconv-lite/-/iconv-lite-0.4.15.tgz"
    },
    "lodash": {
      "version": "4.17.4",
      "from": "lodash@>=4.15.0 <5.0.0",
      "resolved": "https://registry.npmjs.org/lodash/-/lodash-4.17.4.tgz"
    },
    "robots-parser": {
      "version": "1.0.1",
      "from": "robots-parser@>=1.0.0 <2.0.0",
      "resolved": "https://registry.npmjs.org/robots-parser/-/robots-parser-1.0.1.tgz"
    },
    "simplecrawler": {
      "version": "0.7.0",
      "from": "git+https://github.com/cgiffard/node-simplecrawler.git#193e506c39164ddf045c7c6c502e1a015d85a290",
      "resolved": "git+https://github.com/cgiffard/node-simplecrawler.git#193e506c39164ddf045c7c6c502e1a015d85a290"
    },
    "urijs": {
      "version": "1.18.4",
      "from": "urijs@>=1.16.1 <2.0.0",
      "resolved": "https://registry.npmjs.org/urijs/-/urijs-1.18.4.tgz"
    }
  }
}
