{
  "name": "@cumulus/logger",
  "version": "11.1.6",
  "lockfileVersion": 1,
  "requires": true,
  "dependencies": {
    "lodash.iserror": {
      "version": "3.1.1",
      "resolved": "https://registry.npmjs.org/lodash.iserror/-/lodash.iserror-3.1.1.tgz",
      "integrity": "sha1-KXuaBfq2cUvCRE18wZ0dfES17Ow="
    }
  }
}
