# THIS IS AN AUTOGENERATED FILE. DO NOT EDIT THIS FILE DIRECTLY.
# yarn lockfile v1


async@^2.0.0:
  version "2.5.0"
  resolved "https://registry.yarnpkg.com/async/-/async-2.5.0.tgz#843190fd6b7357a0b9e1c956edddd5ec8462b54d"
  dependencies:
    lodash "^4.14.0"

aws-sdk@~2.0.31:
  version "2.0.31"
  resolved "https://registry.yarnpkg.com/aws-sdk/-/aws-sdk-2.0.31.tgz#e72cf1fdc69015bd9fd2bdf3d3b88c16507d268e"
  dependencies:
    xml2js "0.2.6"
    xmlbuilder "0.4.2"

fd-slicer@~1.0.0:
  version "1.0.1"
  resolved "https://registry.yarnpkg.com/fd-slicer/-/fd-slicer-1.0.1.tgz#8b5bcbd9ec327c5041bf9ab023fd6750f1177e65"
  dependencies:
    pend "~1.2.0"

findit2@~2.2.3:
  version "2.2.3"
  resolved "https://registry.yarnpkg.com/findit2/-/findit2-2.2.3.tgz#58a466697df8a6205cdfdbf395536b8bd777a5f6"

graceful-fs@~3.0.5:
  version "3.0.11"
  resolved "https://registry.yarnpkg.com/graceful-fs/-/graceful-fs-3.0.11.tgz#7613c778a1afea62f25c630a086d7f3acbbdd818"
  dependencies:
    natives "^1.1.0"

lodash@^4.13.1, lodash@^4.14.0:
  version "4.17.4"
  resolved "https://registry.yarnpkg.com/lodash/-/lodash-4.17.4.tgz#78203a4d1c328ae1d86dca6460e369b57f4055ae"

mime@~1.2.11:
  version "1.2.11"
  resolved "https://registry.yarnpkg.com/mime/-/mime-1.2.11.tgz#58203eed86e3a5ef17aed2b7d9ebd47f0a60dd10"

minimist@0.0.8:
  version "0.0.8"
  resolved "https://registry.yarnpkg.com/minimist/-/minimist-0.0.8.tgz#857fcabfc3397d2625b8228262e86aa7a011b05d"

mkdirp@~0.5.0:
  version "0.5.1"
  resolved "https://registry.yarnpkg.com/mkdirp/-/mkdirp-0.5.1.tgz#30057438eac6cf7f8c4767f38648d6697d75c903"
  dependencies:
    minimist "0.0.8"

mustache@^2.2.1:
  version "2.3.0"
  resolved "https://registry.yarnpkg.com/mustache/-/mustache-2.3.0.tgz#4028f7778b17708a489930a6e52ac3bca0da41d0"

natives@^1.1.0:
  version "1.1.0"
  resolved "https://registry.yarnpkg.com/natives/-/natives-1.1.0.tgz#e9ff841418a6b2ec7a495e939984f78f163e6e31"

pend@~1.2.0:
  version "1.2.0"
  resolved "https://registry.yarnpkg.com/pend/-/pend-1.2.0.tgz#7a57eb550a6783f9115331fcf4663d5c8e007a50"

rimraf@~2.2.8:
  version "2.2.8"
  resolved "https://registry.yarnpkg.com/rimraf/-/rimraf-2.2.8.tgz#e439be2aaee327321952730f99a8929e4fc50582"

s3@^4.4.0:
  version "4.4.0"
  resolved "https://registry.yarnpkg.com/s3/-/s3-4.4.0.tgz#56a4f775515a7b6b9c8e5c6b1ab51f9037669f1f"
  dependencies:
    aws-sdk "~2.0.31"
    fd-slicer "~1.0.0"
    findit2 "~2.2.3"
    graceful-fs "~3.0.5"
    mime "~1.2.11"
    mkdirp "~0.5.0"
    pend "~1.2.0"
    rimraf "~2.2.8"
    streamsink "~1.2.0"

sax@0.4.2:
  version "0.4.2"
  resolved "https://registry.yarnpkg.com/sax/-/sax-0.4.2.tgz#39f3b601733d6bec97105b242a2a40fd6978ac3c"

streamsink@~1.2.0:
  version "1.2.0"
  resolved "https://registry.yarnpkg.com/streamsink/-/streamsink-1.2.0.tgz#efafee9f1e22d3591ed7de3dcaa95c3f5e79f73c"

xml2js@0.2.6:
  version "0.2.6"
  resolved "https://registry.yarnpkg.com/xml2js/-/xml2js-0.2.6.tgz#d209c4e4dda1fc9c452141ef41c077f5adfdf6c4"
  dependencies:
    sax "0.4.2"

xmlbuilder@0.4.2:
  version "0.4.2"
  resolved "https://registry.yarnpkg.com/xmlbuilder/-/xmlbuilder-0.4.2.tgz#1776d65f3fdbad470a08d8604cdeb1c4e540ff83"
