{
  "version": 4,
  "terraform_version": "0.12.12",
  "serial": 81,
  "lineage": "12435",
  "outputs": { },
  "resources": [
    {
      "module": "module.cumulus.module.distribution",
      "mode": "data",
      "type": "aws_caller_identity",
      "name": "current",
      "provider": "provider.aws",
      "instances": [
        {
          "schema_version": 0,
          "attributes": {
            "id": "2019-12-05 14:36:59.801038 +0000 UTC"
          }
        }
      ]
    },
    {
      "module": "module.cumulus",
      "mode": "managed",
      "type": "aws_ecs_cluster",
      "name": "default",
      "provider": "provider.aws",
      "instances": [
        {
          "schema_version": 0,
          "attributes": {
            "arn": "arn:aws:ecs:us-east-1:12345:cluster/lpf-tf-CumulusECSCluster",
            "id": "arn:aws:ecs:us-east-1:12345:cluster/lpf-tf-CumulusECSCluster",
            "name": "lpf-tf-CumulusECSCluster",
            "setting": [
              {
                "name": "containerInsights",
                "value": "disabled"
              }
            ],
            "tags": {
              "Deployment": "tf-deployment"
            }
          }
        }
      ]
    }
  ]
}
