{
  "version": 4,
  "terraform_version": "1.5.7",
  "serial": 245,
  "lineage": "c853b551-8b55-62bf-baa5-cf3ca1be8147",
  "outputs": {},
  "resources": [
    {
      "mode": "data",
      "type": "aws_caller_identity",
      "name": "current",
      "provider": "provider[\"registry.terraform.io/hashicorp/aws\"]",
      "instances": [
        {
          "schema_version": 0,
          "attributes": {
            "account_id": "596205514787",
            "arn": "arn:aws:iam::596205514787:user/NGAPShNonProdDeveloper-npauzeng-413",
            "id": "596205514787",
            "user_id": "AIDAYVUE6GARQSVVHQAB4"
          },
          "sensitive_attributes": []
        }
      ]
    },
    {
      "mode": "data",
      "type": "aws_iam_policy_document",
      "name": "bignbit_lambda_role_additional_policy",
      "provider": "provider[\"registry.terraform.io/hashicorp/aws\"]",
      "instances": [
        {
          "schema_version": 0,
          "attributes": {
            "id": "3876496267",
            "json": "{\n  \"Version\": \"2012-10-17\",\n  \"Statement\": [\n    {\n      \"Effect\": \"Allow\",\n      \"Action\": [\n        \"kms:GenerateDataKey\",\n        \"kms:Decrypt\"\n      ],\n      \"Resource\": \"arn:aws:kms:us-east-1:665503794793:key/5c7cb79a-fc0a-41f6-97cb-2dd5df504f7e\"\n    }\n  ]\n}",
            "minified_json": "{\"Version\":\"2012-10-17\",\"Statement\":[{\"Effect\":\"Allow\",\"Action\":[\"kms:GenerateDataKey\",\"kms:Decrypt\"],\"Resource\":\"arn:aws:kms:us-east-1:665503794793:key/5c7cb79a-fc0a-41f6-97cb-2dd5df504f7e\"}]}",
            "override_json": null,
            "override_policy_documents": null,
            "policy_id": null,
            "source_json": null,
            "source_policy_documents": null,
            "statement": [
              {
                "actions": [
                  "kms:Decrypt",
                  "kms:GenerateDataKey"
                ],
                "condition": [],
                "effect": "Allow",
                "not_actions": [],
                "not_principals": [],
                "not_resources": [],
                "principals": [],
                "resources": [
                  "arn:aws:kms:us-east-1:665503794793:key/5c7cb79a-fc0a-41f6-97cb-2dd5df504f7e"
                ],
                "sid": ""
              }
            ],
            "version": "2012-10-17"
          },
          "sensitive_attributes": []
        }
      ]
    },
    {
      "mode": "data",
      "type": "aws_iam_policy_document",
      "name": "bignbit_parameter_key_policy",
      "provider": "provider[\"registry.terraform.io/hashicorp/aws\"]",
      "instances": [
        {
          "schema_version": 0,
          "attributes": {
            "id": "2941883765",
            "json": "{\n  \"Version\": \"2012-10-17\",\n  \"Statement\": [\n    {\n      \"Effect\": \"Allow\",\n      \"Action\": \"kms:*\",\n      \"Resource\": \"arn:aws:kms:us-east-1:596205514787:key/b0023b50-dae8-4300-817a-87d014f842ff\",\n      \"Principal\": {\n        \"AWS\": \"arn:aws:iam::596205514787:root\"\n      }\n    },\n    {\n      \"Effect\": \"Allow\",\n      \"Action\": [\n        \"kms:Update*\",\n        \"kms:ScheduleKeyDeletion\",\n        \"kms:Revoke*\",\n        \"kms:Put*\",\n        \"kms:List*\",\n        \"kms:Get*\",\n        \"kms:Enable*\",\n        \"kms:Disable*\",\n        \"kms:Describe*\",\n        \"kms:Delete*\",\n        \"kms:Create*\",\n        \"kms:CancelKeyDeletion\"\n      ],\n      \"Resource\": \"arn:aws:kms:us-east-1:596205514787:key/b0023b50-dae8-4300-817a-87d014f842ff\",\n      \"Principal\": {\n        \"AWS\": [\n          \"arn:aws:iam::596205514787:role/NGAPShApplicationDeveloper\",\n          \"arn:aws:iam::596205514787:role/NGAPAdmin\"\n        ]\n      }\n    },\n    {\n      \"Effect\": \"Allow\",\n      \"Action\": [\n        \"kms:GenerateDataKey\",\n        \"kms:Encrypt\",\n        \"kms:Decrypt\"\n      ],\n      \"Resource\": \"arn:aws:kms:us-east-1:596205514787:key/b0023b50-dae8-4300-817a-87d014f842ff\",\n      \"Principal\": {\n        \"AWS\": \"arn:aws:iam::596205514787:role/svc-bignbit-nptest-npp-lambda-role\"\n      }\n    }\n  ]\n}",
            "minified_json": "{\"Version\":\"2012-10-17\",\"Statement\":[{\"Effect\":\"Allow\",\"Action\":\"kms:*\",\"Resource\":\"arn:aws:kms:us-east-1:596205514787:key/b0023b50-dae8-4300-817a-87d014f842ff\",\"Principal\":{\"AWS\":\"arn:aws:iam::596205514787:root\"}},{\"Effect\":\"Allow\",\"Action\":[\"kms:Update*\",\"kms:ScheduleKeyDeletion\",\"kms:Revoke*\",\"kms:Put*\",\"kms:List*\",\"kms:Get*\",\"kms:Enable*\",\"kms:Disable*\",\"kms:Describe*\",\"kms:Delete*\",\"kms:Create*\",\"kms:CancelKeyDeletion\"],\"Resource\":\"arn:aws:kms:us-east-1:596205514787:key/b0023b50-dae8-4300-817a-87d014f842ff\",\"Principal\":{\"AWS\":[\"arn:aws:iam::596205514787:role/NGAPShApplicationDeveloper\",\"arn:aws:iam::596205514787:role/NGAPAdmin\"]}},{\"Effect\":\"Allow\",\"Action\":[\"kms:GenerateDataKey\",\"kms:Encrypt\",\"kms:Decrypt\"],\"Resource\":\"arn:aws:kms:us-east-1:596205514787:key/b0023b50-dae8-4300-817a-87d014f842ff\",\"Principal\":{\"AWS\":\"arn:aws:iam::596205514787:role/svc-bignbit-nptest-npp-lambda-role\"}}]}",
            "override_json": null,
            "override_policy_documents": null,
            "policy_id": null,
            "source_json": null,
            "source_policy_documents": null,
            "statement": [
              {
                "actions": [
                  "kms:*"
                ],
                "condition": [],
                "effect": "Allow",
                "not_actions": [],
                "not_principals": [],
                "not_resources": [],
                "principals": [
                  {
                    "identifiers": [
                      "arn:aws:iam::596205514787:root"
                    ],
                    "type": "AWS"
                  }
                ],
                "resources": [
                  "arn:aws:kms:us-east-1:596205514787:key/b0023b50-dae8-4300-817a-87d014f842ff"
                ],
                "sid": ""
              },
              {
                "actions": [
                  "kms:CancelKeyDeletion",
                  "kms:Create*",
                  "kms:Delete*",
                  "kms:Describe*",
                  "kms:Disable*",
                  "kms:Enable*",
                  "kms:Get*",
                  "kms:List*",
                  "kms:Put*",
                  "kms:Revoke*",
                  "kms:ScheduleKeyDeletion",
                  "kms:Update*"
                ],
                "condition": [],
                "effect": "Allow",
                "not_actions": [],
                "not_principals": [],
                "not_resources": [],
                "principals": [
                  {
                    "identifiers": [
                      "arn:aws:iam::596205514787:role/NGAPAdmin",
                      "arn:aws:iam::596205514787:role/NGAPShApplicationDeveloper"
                    ],
                    "type": "AWS"
                  }
                ],
                "resources": [
                  "arn:aws:kms:us-east-1:596205514787:key/b0023b50-dae8-4300-817a-87d014f842ff"
                ],
                "sid": ""
              },
              {
                "actions": [
                  "kms:Decrypt",
                  "kms:Encrypt",
                  "kms:GenerateDataKey"
                ],
                "condition": [],
                "effect": "Allow",
                "not_actions": [],
                "not_principals": [],
                "not_resources": [],
                "principals": [
                  {
                    "identifiers": [
                      "arn:aws:iam::596205514787:role/svc-bignbit-nptest-npp-lambda-role"
                    ],
                    "type": "AWS"
                  }
                ],
                "resources": [
                  "arn:aws:kms:us-east-1:596205514787:key/b0023b50-dae8-4300-817a-87d014f842ff"
                ],
                "sid": ""
              }
            ],
            "version": "2012-10-17"
          },
          "sensitive_attributes": []
        }
      ]
    },
    {
      "mode": "managed",
      "type": "aws_iam_policy",
      "name": "bignbit_lambda_role_additional_policy",
      "provider": "provider[\"registry.terraform.io/hashicorp/aws\"]",
      "instances": [
        {
          "schema_version": 0,
          "attributes": {
            "arn": "arn:aws:iam::596205514787:policy/svc-bignbit-nptest-npp-lambda-role-additional",
            "attachment_count": 1,
            "description": "",
            "id": "arn:aws:iam::596205514787:policy/svc-bignbit-nptest-npp-lambda-role-additional",
            "name": "svc-bignbit-nptest-npp-lambda-role-additional",
            "name_prefix": "",
            "path": "/",
            "policy": "{\"Statement\":[{\"Action\":[\"kms:GenerateDataKey\",\"kms:Decrypt\"],\"Effect\":\"Allow\",\"Resource\":\"arn:aws:kms:us-east-1:665503794793:key/5c7cb79a-fc0a-41f6-97cb-2dd5df504f7e\"}],\"Version\":\"2012-10-17\"}",
            "policy_id": "ANPAYVUE6GARYWRHMQOJK",
            "tags": {},
            "tags_all": {
              "Deployment": "npp"
            }
          },
          "sensitive_attributes": [],
          "private": "bnVsbA==",
          "dependencies": [
            "aws_kms_key.bignbit_parameter_key",
            "aws_ssm_parameter.bignbit_edl_password",
            "aws_ssm_parameter.bignbit_edl_username",
            "data.aws_iam_policy_document.bignbit_lambda_role_additional_policy",
            "module.bignbit.aws_iam_role.bignbit_lambda_role",
            "module.bignbit.data.aws_iam_policy_document.bignbit_lambda_assume_role_policy"
          ]
        }
      ]
    },
    {
      "mode": "managed",
      "type": "aws_iam_role_policy_attachment",
      "name": "bignbit_lambda_role_additional_policy_attachment",
      "provider": "provider[\"registry.terraform.io/hashicorp/aws\"]",
      "instances": [
        {
          "schema_version": 0,
          "attributes": {
            "id": "svc-bignbit-nptest-npp-lambda-role-20260429174124340900000002",
            "policy_arn": "arn:aws:iam::596205514787:policy/svc-bignbit-nptest-npp-lambda-role-additional",
            "role": "svc-bignbit-nptest-npp-lambda-role"
          },
          "sensitive_attributes": [],
          "private": "bnVsbA==",
          "dependencies": [
            "aws_iam_policy.bignbit_lambda_role_additional_policy",
            "aws_kms_key.bignbit_parameter_key",
            "aws_ssm_parameter.bignbit_edl_password",
            "aws_ssm_parameter.bignbit_edl_username",
            "data.aws_iam_policy_document.bignbit_lambda_role_additional_policy",
            "module.bignbit.aws_iam_role.bignbit_lambda_role",
            "module.bignbit.data.aws_iam_policy_document.bignbit_lambda_assume_role_policy"
          ]
        }
      ]
    },
    {
      "mode": "managed",
      "type": "aws_kms_key",
      "name": "bignbit_parameter_key",
      "provider": "provider[\"registry.terraform.io/hashicorp/aws\"]",
      "instances": [
        {
          "schema_version": 0,
          "attributes": {
            "arn": "arn:aws:kms:us-east-1:596205514787:key/b0023b50-dae8-4300-817a-87d014f842ff",
            "bypass_policy_lockout_safety_check": false,
            "custom_key_store_id": "",
            "customer_master_key_spec": "SYMMETRIC_DEFAULT",
            "deletion_window_in_days": null,
            "description": "Key used to encrypt BigNBit SSM parameters",
            "enable_key_rotation": true,
            "id": "b0023b50-dae8-4300-817a-87d014f842ff",
            "is_enabled": true,
            "key_id": "b0023b50-dae8-4300-817a-87d014f842ff",
            "key_usage": "ENCRYPT_DECRYPT",
            "multi_region": false,
            "policy": "{\"Statement\":[{\"Action\":\"kms:*\",\"Effect\":\"Allow\",\"Principal\":{\"AWS\":\"arn:aws:iam::596205514787:root\"},\"Resource\":\"arn:aws:kms:us-east-1:596205514787:key/b0023b50-dae8-4300-817a-87d014f842ff\"},{\"Action\":[\"kms:Update*\",\"kms:ScheduleKeyDeletion\",\"kms:Revoke*\",\"kms:Put*\",\"kms:List*\",\"kms:Get*\",\"kms:Enable*\",\"kms:Disable*\",\"kms:Describe*\",\"kms:Delete*\",\"kms:Create*\",\"kms:CancelKeyDeletion\"],\"Effect\":\"Allow\",\"Principal\":{\"AWS\":[\"arn:aws:iam::596205514787:role/NGAPAdmin\",\"arn:aws:iam::596205514787:role/NGAPShApplicationDeveloper\"]},\"Resource\":\"arn:aws:kms:us-east-1:596205514787:key/b0023b50-dae8-4300-817a-87d014f842ff\"},{\"Action\":[\"kms:GenerateDataKey\",\"kms:Encrypt\",\"kms:Decrypt\"],\"Effect\":\"Allow\",\"Principal\":{\"AWS\":\"arn:aws:iam::596205514787:role/svc-bignbit-nptest-npp-lambda-role\"},\"Resource\":\"arn:aws:kms:us-east-1:596205514787:key/b0023b50-dae8-4300-817a-87d014f842ff\"}],\"Version\":\"2012-10-17\"}",
            "rotation_period_in_days": 365,
            "tags": {},
            "tags_all": {
              "Deployment": "npp"
            },
            "timeouts": null,
            "xks_key_id": ""
          },
          "sensitive_attributes": [],
          "private": "eyJlMmJmYjczMC1lY2FhLTExZTYtOGY4OC0zNDM2M2JjN2M0YzAiOnsiY3JlYXRlIjoxMjAwMDAwMDAwMDB9fQ=="
        }
      ]
    },
    {
      "mode": "managed",
      "type": "aws_kms_key_policy",
      "name": "bignbit_parameter_key_policy",
      "provider": "provider[\"registry.terraform.io/hashicorp/aws\"]",
      "instances": [
        {
          "schema_version": 0,
          "attributes": {
            "bypass_policy_lockout_safety_check": false,
            "id": "b0023b50-dae8-4300-817a-87d014f842ff",
            "key_id": "b0023b50-dae8-4300-817a-87d014f842ff",
            "policy": "{\"Statement\":[{\"Action\":\"kms:*\",\"Effect\":\"Allow\",\"Principal\":{\"AWS\":\"arn:aws:iam::596205514787:root\"},\"Resource\":\"arn:aws:kms:us-east-1:596205514787:key/b0023b50-dae8-4300-817a-87d014f842ff\"},{\"Action\":[\"kms:Update*\",\"kms:ScheduleKeyDeletion\",\"kms:Revoke*\",\"kms:Put*\",\"kms:List*\",\"kms:Get*\",\"kms:Enable*\",\"kms:Disable*\",\"kms:Describe*\",\"kms:Delete*\",\"kms:Create*\",\"kms:CancelKeyDeletion\"],\"Effect\":\"Allow\",\"Principal\":{\"AWS\":[\"arn:aws:iam::596205514787:role/NGAPShApplicationDeveloper\",\"arn:aws:iam::596205514787:role/NGAPAdmin\"]},\"Resource\":\"arn:aws:kms:us-east-1:596205514787:key/b0023b50-dae8-4300-817a-87d014f842ff\"},{\"Action\":[\"kms:GenerateDataKey\",\"kms:Encrypt\",\"kms:Decrypt\"],\"Effect\":\"Allow\",\"Principal\":{\"AWS\":\"arn:aws:iam::596205514787:role/svc-bignbit-nptest-npp-lambda-role\"},\"Resource\":\"arn:aws:kms:us-east-1:596205514787:key/b0023b50-dae8-4300-817a-87d014f842ff\"}],\"Version\":\"2012-10-17\"}"
          },
          "sensitive_attributes": [],
          "private": "bnVsbA==",
          "dependencies": [
            "aws_kms_key.bignbit_parameter_key",
            "aws_ssm_parameter.bignbit_edl_password",
            "aws_ssm_parameter.bignbit_edl_username",
            "data.aws_caller_identity.current",
            "data.aws_iam_policy_document.bignbit_parameter_key_policy",
            "module.bignbit.aws_iam_role.bignbit_lambda_role",
            "module.bignbit.data.aws_iam_policy_document.bignbit_lambda_assume_role_policy"
          ]
        }
      ]
    },
    {
      "mode": "managed",
      "type": "aws_ssm_parameter",
      "name": "bignbit_edl_password",
      "provider": "provider[\"registry.terraform.io/hashicorp/aws\"]",
      "instances": [
        {
          "schema_version": 0,
          "attributes": {
            "allowed_pattern": "",
            "arn": "arn:aws:ssm:us-east-1:596205514787:parameter/npp-bignbit-nptest-edl-password",
            "data_type": "text",
            "description": "EDL password used by BigNBit when querying CMR",
            "has_value_wo": null,
            "id": "npp-bignbit-nptest-edl-password",
            "insecure_value": null,
            "key_id": "b0023b50-dae8-4300-817a-87d014f842ff",
            "name": "npp-bignbit-nptest-edl-password",
            "overwrite": null,
            "tags": {},
            "tags_all": {
              "Deployment": "npp"
            },
            "tier": "Standard",
            "type": "SecureString",
            "value": "CHANGEME",
            "value_wo": null,
            "value_wo_version": null,
            "version": 1
          },
          "sensitive_attributes": [],
          "private": "bnVsbA==",
          "dependencies": [
            "aws_kms_key.bignbit_parameter_key"
          ]
        }
      ]
    },
    {
      "mode": "managed",
      "type": "aws_ssm_parameter",
      "name": "bignbit_edl_username",
      "provider": "provider[\"registry.terraform.io/hashicorp/aws\"]",
      "instances": [
        {
          "schema_version": 0,
          "attributes": {
            "allowed_pattern": "",
            "arn": "arn:aws:ssm:us-east-1:596205514787:parameter/npp-bignbit-nptest-edl-username",
            "data_type": "text",
            "description": "EDL username used by BigNBit when querying CMR",
            "has_value_wo": null,
            "id": "npp-bignbit-nptest-edl-username",
            "insecure_value": null,
            "key_id": "b0023b50-dae8-4300-817a-87d014f842ff",
            "name": "npp-bignbit-nptest-edl-username",
            "overwrite": null,
            "tags": {},
            "tags_all": {
              "Deployment": "npp"
            },
            "tier": "Standard",
            "type": "SecureString",
            "value": "CHANGEME",
            "value_wo": null,
            "value_wo_version": null,
            "version": 1
          },
          "sensitive_attributes": [],
          "private": "bnVsbA==",
          "dependencies": [
            "aws_kms_key.bignbit_parameter_key"
          ]
        }
      ]
    },
    {
      "module": "module.bignbit",
      "mode": "data",
      "type": "aws_caller_identity",
      "name": "current",
      "provider": "provider[\"registry.terraform.io/hashicorp/aws\"]",
      "instances": [
        {
          "schema_version": 0,
          "attributes": {
            "account_id": "596205514787",
            "arn": "arn:aws:iam::596205514787:user/NGAPShNonProdDeveloper-npauzeng-413",
            "id": "596205514787",
            "user_id": "AIDAYVUE6GARQSVVHQAB4"
          },
          "sensitive_attributes": []
        }
      ]
    },
    {
      "module": "module.bignbit",
      "mode": "data",
      "type": "aws_ecr_authorization_token",
      "name": "token",
      "provider": "provider[\"registry.terraform.io/hashicorp/aws\"]",
      "instances": [
        {
          "schema_version": 0,
          "attributes": {
            "authorization_token": "QVdTOmV5SndZWGxzYjJGa0lqb2lVbTlETm1SdGIyeE1lbFptVmpZMWFIRnBSVFl6TWl0WVdHaFVPRkp3UjFaQ05XeHRSVEpsUjJzNWRYYzJjSGt5YWxsTmVqZHBVRmxoVkVOSVN6SjZUR0UyY25nMlNsaHRVWE5WYkRWaVJXb3hXak12TjNScFFpOVBWMXBpZVdsVE1VaE9UVFp4ZEhaa2F6TlRkV3R1ZFhkR2NIQTNZa0ZXZVVzMWVURXdVMWRUVWtoblVUWTJOREJMYlhoalkwUkpSV2t4WmtSUVZWVnlZbFJ0VkZGYVkzTkVUR2d6WlRJemRrSmxXREpJYWk5WE1VTlFhekZHVG1OcU4ydGlWMnRyVTFOMVRVSXhiVTFzZVdSSlUxTjZTM281VEdKNk1sQkRabEk1YWpOalNHTTRPVXN2VTJGc1dFdzFWVEJVWnpaNGVtWlhPV2MyVm1NclJ6WlBPVU54TTNodWNHNHlSV28yVjJwalpHMXpUMmRzTWtSbGRGcG5Oa0pMVFdwSVUzUjZWbFZuZWl0UFFYQnlUbUYxVTB0T1N6Y3hWVlJ1YzNwdVZtTlBTa2xwY21NMUx6SnBPVkZFUkdvMk5IbG5aVXBXWkhkTVZqbEZUVUY0ZFU1SGIxRnRhVGxFT1dOcVUzcG1TMlo1V21SYWRESTBOM000U0VvM1RWcGxjblV3YVdGQ1dXZEhkamNyUVRoWVNFbEhSVEpzUWxnelExaDJhMUZVTTAxS2FWUm9WalZpVDNkRmRrdFBVRTVXU3psNlFuQjRSVE00T0hkcWJVMXNZVFZaY1d0dmJVcFRkME16U3pVelZGaE1ORXh5UjNkM1ZYa3hhbFJLYzBkNU5WWkJkSFJKU0UxS05GcHlURFZ4VFVobVdTOVpNRTVEWVU5TlYzVnVTRk53TjFWRVFtdHVhR1ZVUVV3MGNsRnJPRlJ6UTFGUFNuWTNlV3R3ZG5jNWRtZ3ZNbmhRZVVWMGNsWlFiMkZRTTBkUGMxSldWVVZNVFU1UVRrOWlhSEJxUmtaaGNEVk9kVFk0ZVU5blNVOXVWSFJFWTNoQ2FXOXJZWEpsUnpZME5WVk1hMjFsWmxOc1RHUk5WM0ZJT0hKTlFVMVpaalJGUW01TGRUQnBTbEUwY3pZMksyTk5XbWxMV1VOYVRYbE9WM2s0UjJST1dXYzNjVmxtYXpWalZqZ3JhMVJDUWtKUk9GSjJhM1V3VkdKNFdXaHpibTVEY2pkM1dHbzJSM2N2Y1VaNFZFRkRaMDh5Y1Rob1Z6TTNaRGxXTkRSQksyNTJWRlZpWXpCTVdGUnpVekF6TUZCeUwwbE9Sa05XZEdVNWFtbHNXazlGTURJdmFtbHJUWEJwYjJsR2EyVlplbWhPY0dkalVtRjRPVkV3UjJ0M1ZXRXpURlJWYUZacFpHSkpia041YkVsdlkyTk1TVkJrUVVaT1RETnFVek12TmpsamFUWTNOVmM0Um5oTmVWcDRVQzgwVTI1VmRqUkNia3BoVUc5eVFXWlNjRVJKYzNCdFNWVjRkV3hOWVRsTGRucFNWbVZHUzNWVVRrMXVaM1p2WVhoaE5qaHdXWFJsZFd4eFFYbE5Wbmw0Um5OTE1UaFdhelZNZFhOVGFGVkVTUzlrWmtGWWJ6aEVNR0l6YldoWE5HMTRWM1ZZWmxNMk1ubExjMUV6U0VwRE5uRnVOaTl3WjFaTU1XVXZlakpMYTNOSGFtdDFNVGR4YW05dU5uSTNjbUpZZWpObVVHMHlSR1JrTm14a1RtdHhSR3R5V2s1cVExZHNVbGRLWVhBNEx6aGFlRTVTZG05SVJrdDFVbUZtVEVwWU1ITkxOVTVDZERkR2RsaFFPU0lzSW1SaGRHRnJaWGtpT2lKQlVVVkNRVWhvZDIwd1dXRkpVMHBsVW5SS2JUVnVNVWMyZFhGbFpXdFlkVzlZV0ZCbE5WVkdZMlU1VW5FNEx6RTBkMEZCUVVnMGQyWkJXVXBMYjFwSmFIWmpUa0ZSWTBkdlJ6aDNZbEZKUWtGRVFtOUNaMnR4YUd0cFJ6bDNNRUpDZDBWM1NHZFpTbGxKV2tsQlYxVkVRa0ZGZFUxQ1JVVkVUVXQ1ZG1GR1JteFJNVTg1WVhaSlJYZEpRa1ZKUVRkTk0zSk5MMVF2TUhSVlZtSkxaWFZWVUVSU1FXdGtjVWR2UzFoUFZIbHROVEV6V0U5MVoySnhNM0YyWVVOTk1DdDFkamsyYzNsa1ExcGFaM1JpV0haUWJETnRZVVpxU2k5MlNURnZZM0pSUFNJc0luWmxjbk5wYjI0aU9pSXlJaXdpZEhsd1pTSTZJa1JCVkVGZlMwVlpJaXdpWlhod2FYSmhkR2x2YmlJNk1UYzNOemswTnpFeE5YMD0=",
            "expires_at": "2026-05-05T02:11:55Z",
            "id": "us-east-1",
            "password": "eyJwYXlsb2FkIjoiUm9DNmRtb2xMelZmVjY1aHFpRTYzMitYWGhUOFJwR1ZCNWxtRTJlR2s5dXc2cHkyallNejdpUFlhVENISzJ6TGE2cng2SlhtUXNVbDViRWoxWjMvN3RpQi9PV1pieWlTMUhOTTZxdHZkazNTdWtudXdGcHA3YkFWeUs1eTEwU1dTUkhnUTY2NDBLbXhjY0RJRWkxZkRQVVVyYlRtVFFaY3NETGgzZTIzdkJlWDJIai9XMUNQazFGTmNqN2tiV2trU1N1TUIxbU1seWRJU1N6S3o5TGJ6MlBDZlI5ajNjSGM4OUsvU2FsWEw1VTBUZzZ4emZXOWc2VmMrRzZPOUNxM3hucG4yRWo2V2pjZG1zT2dsMkRldFpnNkJLTWpIU3R6VlVneitPQXByTmF1U0tOSzcxVVRuc3puVmNPSklpcmM1LzJpOVFERGo2NHlnZUpWZHdMVjlFTUF4dU5Hb1FtaTlEOWNqU3pmS2Z5WmRadDI0N3M4SEo3TVplcnUwaWFCWWdHdjcrQThYSElHRTJsQlgzQ1h2a1FUM01KaVRoVjViT3dFdktPUE5WSzl6QnB4RTM4OHdqbU1sYTVZcWtvbUpTd0MzSzUzVFhMNExyR3d3VXkxalRKc0d5NVZBdHRJSE1KNFpyTDVxTUhmWS9ZME5DYU9NV3VuSFNwN1VEQmtuaGVUQUw0clFrOFRzQ1FPSnY3eWtwdnc5dmgvMnhQeUV0clZQb2FQM0dPc1JWVUVMTU5QTk9iaHBqRkZhcDVOdTY4eU9nSU9uVHREY3hCaW9rYXJlRzY0NVVMa21lZlNsTGRNV3FIOHJNQU1ZZjRFQm5LdTBpSlE0czY2K2NNWmlLWUNaTXlOV3k4R2ROWWc3cVlmazVjVjgra1RCQkJROFJ2a3UwVGJ4WWhzbm5Dcjd3WGo2R3cvcUZ4VEFDZ08ycThoVzM3ZDlWNDRBK252VFViYzBMWFRzUzAzMFByL0lORkNWdGU5amlsWk9FMDIvamlrTXBpb2lGa2VZemhOcGdjUmF4OVEwR2t3VWEzTFRVaFZpZGJJbkN5bElvY2NMSVBkQUZOTDNqUzMvNjljaTY3NVc4RnhNeVp4UC80U25VdjRCbkphUG9yQWZScERJc3BtSVV4dWxNYTlLdnpSVmVGS3VUTk1uZ3ZvYXhhNjhwWXRldWxxQXlNVnl4RnNLMThWazVMdXNTaFVESS9kZkFYbzhEMGIzbWhXNG14V3VYZlM2MnlLc1EzSEpDNnFuNi9wZ1ZMMWUvejJLa3NHamt1MTdxam9uNnI3cmJYejNmUG0yRGRkNmxkTmtxRGtyWk5qQ1dsUldKYXA4LzhaeE5Sdm9IRkt1UmFmTEpYMHNLNU5CdDdGdlhQOSIsImRhdGFrZXkiOiJBUUVCQUhod20wWWFJU0plUnRKbTVuMUc2dXFlZWtYdW9YWFBlNVVGY2U5UnE4LzE0d0FBQUg0d2ZBWUpLb1pJaHZjTkFRY0dvRzh3YlFJQkFEQm9CZ2txaGtpRzl3MEJCd0V3SGdZSllJWklBV1VEQkFFdU1CRUVETUt5dmFGRmxRMU85YXZJRXdJQkVJQTdNM3JNL1QvMHRVVmJLZXVVUERSQWtkcUdvS1hPVHltNTEzWE91Z2JxM3F2YUNNMCt1djk2c3lkQ1paZ3RiWHZQbDNtYUZqSi92STFvY3JRPSIsInZlcnNpb24iOiIyIiwidHlwZSI6IkRBVEFfS0VZIiwiZXhwaXJhdGlvbiI6MTc3Nzk0NzExNX0=",
            "proxy_endpoint": "https://596205514787.dkr.ecr.us-east-1.amazonaws.com",
            "registry_id": null,
            "user_name": "AWS"
          },
          "sensitive_attributes": []
        }
      ]
    },
    {
      "module": "module.bignbit",
      "mode": "data",
      "type": "aws_iam_policy_document",
      "name": "all_bignbit",
      "provider": "provider[\"registry.terraform.io/hashicorp/aws\"]",
      "instances": [
        {
          "schema_version": 0,
          "attributes": {
            "id": "1119878211",
            "json": "{\n  \"Version\": \"2012-10-17\",\n  \"Statement\": [\n    {\n      \"Effect\": \"Allow\",\n      \"Action\": [\n        \"states:StopExecution\",\n        \"states:StartExecution\",\n        \"states:SendTaskSuccess\",\n        \"states:SendTaskFailure\",\n        \"states:ListStateMachines\",\n        \"states:GetExecutionHistory\",\n        \"states:GetActivityTask\",\n        \"states:DescribeExecution\",\n        \"states:DescribeActivity\",\n        \"sns:publish\",\n        \"sns:List*\",\n        \"s3:ListAllMyBuckets\",\n        \"logs:PutLogEvents\",\n        \"logs:DescribeLogStreams\",\n        \"logs:CreateLogStream\",\n        \"logs:CreateLogGroup\",\n        \"lambda:invokeFunction\",\n        \"lambda:GetFunction\",\n        \"kinesis:PutRecord\",\n        \"kinesis:ListStreams\",\n        \"kinesis:GetShardIterator\",\n        \"kinesis:GetRecords\",\n        \"kinesis:DescribeStream\",\n        \"events:PutRule\",\n        \"events:ListRules\",\n        \"events:EnableRule\",\n        \"events:DisableRule\",\n        \"events:DescribeRule\",\n        \"events:DeleteRule\",\n        \"ec2:DescribeNetworkInterfaces\",\n        \"ec2:DeleteNetworkInterface\",\n        \"ec2:CreateNetworkInterface\",\n        \"dynamodb:ListTables\",\n        \"cloudformation:DescribeStacks\"\n      ],\n      \"Resource\": \"*\"\n    },\n    {\n      \"Effect\": \"Allow\",\n      \"Action\": [\n        \"s3:PutReplicationConfiguration\",\n        \"s3:PutObject*\",\n        \"s3:PutLifecycleConfiguration\",\n        \"s3:PutBucket*\",\n        \"s3:PutAccelerateConfiguration\",\n        \"s3:ListMultipartUploadParts\",\n        \"s3:ListBucket*\",\n        \"s3:GetReplicationConfiguration\",\n        \"s3:GetObject*\",\n        \"s3:GetLifecycleConfiguration\",\n        \"s3:GetBucket*\",\n        \"s3:GetAccelerateConfiguration\",\n        \"s3:DeleteObjectVersion\",\n        \"s3:DeleteObject\",\n        \"s3:AbortMultipartUpload\"\n      ],\n      \"Resource\": [\n        \"arn:aws:s3:::svc-bignbit-nptest-npp-staging/*\",\n        \"arn:aws:s3:::svc-bignbit-nptest-npp-staging\",\n        \"arn:aws:s3:::ppilone-internal/*\",\n        \"arn:aws:s3:::ppilone-internal\"\n      ]\n    },\n    {\n      \"Effect\": \"Allow\",\n      \"Action\": [\n        \"ssm:GetParameters\",\n        \"ssm:GetParameter\"\n      ],\n      \"Resource\": [\n        \"arn:aws:ssm:us-east-1:596205514787:parameter/npp-bignbit-nptest-edl-username\",\n        \"arn:aws:ssm:us-east-1:596205514787:parameter/npp-bignbit-nptest-edl-password\"\n      ]\n    },\n    {\n      \"Sid\": \"AllowAccessToDataBuckets\",\n      \"Effect\": \"Allow\",\n      \"Action\": [\n        \"s3:PutObject*\",\n        \"s3:ListBucket*\",\n        \"s3:GetObject*\"\n      ],\n      \"Resource\": [\n        \"arn:aws:s3:::cumulus-sit-public/*\",\n        \"arn:aws:s3:::cumulus-sit-public\",\n        \"arn:aws:s3:::cumulus-sit-protected/*\",\n        \"arn:aws:s3:::cumulus-sit-protected\"\n      ]\n    }\n  ]\n}",
            "minified_json": "{\"Version\":\"2012-10-17\",\"Statement\":[{\"Effect\":\"Allow\",\"Action\":[\"states:StopExecution\",\"states:StartExecution\",\"states:SendTaskSuccess\",\"states:SendTaskFailure\",\"states:ListStateMachines\",\"states:GetExecutionHistory\",\"states:GetActivityTask\",\"states:DescribeExecution\",\"states:DescribeActivity\",\"sns:publish\",\"sns:List*\",\"s3:ListAllMyBuckets\",\"logs:PutLogEvents\",\"logs:DescribeLogStreams\",\"logs:CreateLogStream\",\"logs:CreateLogGroup\",\"lambda:invokeFunction\",\"lambda:GetFunction\",\"kinesis:PutRecord\",\"kinesis:ListStreams\",\"kinesis:GetShardIterator\",\"kinesis:GetRecords\",\"kinesis:DescribeStream\",\"events:PutRule\",\"events:ListRules\",\"events:EnableRule\",\"events:DisableRule\",\"events:DescribeRule\",\"events:DeleteRule\",\"ec2:DescribeNetworkInterfaces\",\"ec2:DeleteNetworkInterface\",\"ec2:CreateNetworkInterface\",\"dynamodb:ListTables\",\"cloudformation:DescribeStacks\"],\"Resource\":\"*\"},{\"Effect\":\"Allow\",\"Action\":[\"s3:PutReplicationConfiguration\",\"s3:PutObject*\",\"s3:PutLifecycleConfiguration\",\"s3:PutBucket*\",\"s3:PutAccelerateConfiguration\",\"s3:ListMultipartUploadParts\",\"s3:ListBucket*\",\"s3:GetReplicationConfiguration\",\"s3:GetObject*\",\"s3:GetLifecycleConfiguration\",\"s3:GetBucket*\",\"s3:GetAccelerateConfiguration\",\"s3:DeleteObjectVersion\",\"s3:DeleteObject\",\"s3:AbortMultipartUpload\"],\"Resource\":[\"arn:aws:s3:::svc-bignbit-nptest-npp-staging/*\",\"arn:aws:s3:::svc-bignbit-nptest-npp-staging\",\"arn:aws:s3:::ppilone-internal/*\",\"arn:aws:s3:::ppilone-internal\"]},{\"Effect\":\"Allow\",\"Action\":[\"ssm:GetParameters\",\"ssm:GetParameter\"],\"Resource\":[\"arn:aws:ssm:us-east-1:596205514787:parameter/npp-bignbit-nptest-edl-username\",\"arn:aws:ssm:us-east-1:596205514787:parameter/npp-bignbit-nptest-edl-password\"]},{\"Sid\":\"AllowAccessToDataBuckets\",\"Effect\":\"Allow\",\"Action\":[\"s3:PutObject*\",\"s3:ListBucket*\",\"s3:GetObject*\"],\"Resource\":[\"arn:aws:s3:::cumulus-sit-public/*\",\"arn:aws:s3:::cumulus-sit-public\",\"arn:aws:s3:::cumulus-sit-protected/*\",\"arn:aws:s3:::cumulus-sit-protected\"]}]}",
            "override_json": null,
            "override_policy_documents": null,
            "policy_id": null,
            "source_json": null,
            "source_policy_documents": [
              "{\n  \"Version\": \"2012-10-17\",\n  \"Statement\": [\n    {\n      \"Effect\": \"Allow\",\n      \"Action\": [\n        \"states:StopExecution\",\n        \"states:StartExecution\",\n        \"states:SendTaskSuccess\",\n        \"states:SendTaskFailure\",\n        \"states:ListStateMachines\",\n        \"states:GetExecutionHistory\",\n        \"states:GetActivityTask\",\n        \"states:DescribeExecution\",\n        \"states:DescribeActivity\",\n        \"sns:publish\",\n        \"sns:List*\",\n        \"s3:ListAllMyBuckets\",\n        \"logs:PutLogEvents\",\n        \"logs:DescribeLogStreams\",\n        \"logs:CreateLogStream\",\n        \"logs:CreateLogGroup\",\n        \"lambda:invokeFunction\",\n        \"lambda:GetFunction\",\n        \"kinesis:PutRecord\",\n        \"kinesis:ListStreams\",\n        \"kinesis:GetShardIterator\",\n        \"kinesis:GetRecords\",\n        \"kinesis:DescribeStream\",\n        \"events:PutRule\",\n        \"events:ListRules\",\n        \"events:EnableRule\",\n        \"events:DisableRule\",\n        \"events:DescribeRule\",\n        \"events:DeleteRule\",\n        \"ec2:DescribeNetworkInterfaces\",\n        \"ec2:DeleteNetworkInterface\",\n        \"ec2:CreateNetworkInterface\",\n        \"dynamodb:ListTables\",\n        \"cloudformation:DescribeStacks\"\n      ],\n      \"Resource\": \"*\"\n    },\n    {\n      \"Effect\": \"Allow\",\n      \"Action\": [\n        \"s3:PutReplicationConfiguration\",\n        \"s3:PutObject*\",\n        \"s3:PutLifecycleConfiguration\",\n        \"s3:PutBucket*\",\n        \"s3:PutAccelerateConfiguration\",\n        \"s3:ListMultipartUploadParts\",\n        \"s3:ListBucket*\",\n        \"s3:GetReplicationConfiguration\",\n        \"s3:GetObject*\",\n        \"s3:GetLifecycleConfiguration\",\n        \"s3:GetBucket*\",\n        \"s3:GetAccelerateConfiguration\",\n        \"s3:DeleteObjectVersion\",\n        \"s3:DeleteObject\",\n        \"s3:AbortMultipartUpload\"\n      ],\n      \"Resource\": [\n        \"arn:aws:s3:::svc-bignbit-nptest-npp-staging/*\",\n        \"arn:aws:s3:::svc-bignbit-nptest-npp-staging\",\n        \"arn:aws:s3:::ppilone-internal/*\",\n        \"arn:aws:s3:::ppilone-internal\"\n      ]\n    },\n    {\n      \"Effect\": \"Allow\",\n      \"Action\": [\n        \"ssm:GetParameters\",\n        \"ssm:GetParameter\"\n      ],\n      \"Resource\": [\n        \"arn:aws:ssm:us-east-1:596205514787:parameter/npp-bignbit-nptest-edl-username\",\n        \"arn:aws:ssm:us-east-1:596205514787:parameter/npp-bignbit-nptest-edl-password\"\n      ]\n    }\n  ]\n}",
              "{\n  \"Version\": \"2012-10-17\",\n  \"Statement\": [\n    {\n      \"Sid\": \"AllowAccessToDataBuckets\",\n      \"Effect\": \"Allow\",\n      \"Action\": [\n        \"s3:PutObject*\",\n        \"s3:ListBucket*\",\n        \"s3:GetObject*\"\n      ],\n      \"Resource\": [\n        \"arn:aws:s3:::cumulus-sit-public/*\",\n        \"arn:aws:s3:::cumulus-sit-public\",\n        \"arn:aws:s3:::cumulus-sit-protected/*\",\n        \"arn:aws:s3:::cumulus-sit-protected\"\n      ]\n    }\n  ]\n}"
            ],
            "statement": null,
            "version": "2012-10-17"
          },
          "sensitive_attributes": []
        }
      ]
    },
    {
      "module": "module.bignbit",
      "mode": "data",
      "type": "aws_iam_policy_document",
      "name": "allow_data_buckets_access",
      "provider": "provider[\"registry.terraform.io/hashicorp/aws\"]",
      "instances": [
        {
          "schema_version": 0,
          "attributes": {
            "id": "1102326728",
            "json": "{\n  \"Version\": \"2012-10-17\",\n  \"Statement\": [\n    {\n      \"Sid\": \"AllowAccessToDataBuckets\",\n      \"Effect\": \"Allow\",\n      \"Action\": [\n        \"s3:PutObject*\",\n        \"s3:ListBucket*\",\n        \"s3:GetObject*\"\n      ],\n      \"Resource\": [\n        \"arn:aws:s3:::cumulus-sit-public/*\",\n        \"arn:aws:s3:::cumulus-sit-public\",\n        \"arn:aws:s3:::cumulus-sit-protected/*\",\n        \"arn:aws:s3:::cumulus-sit-protected\"\n      ]\n    }\n  ]\n}",
            "minified_json": "{\"Version\":\"2012-10-17\",\"Statement\":[{\"Sid\":\"AllowAccessToDataBuckets\",\"Effect\":\"Allow\",\"Action\":[\"s3:PutObject*\",\"s3:ListBucket*\",\"s3:GetObject*\"],\"Resource\":[\"arn:aws:s3:::cumulus-sit-public/*\",\"arn:aws:s3:::cumulus-sit-public\",\"arn:aws:s3:::cumulus-sit-protected/*\",\"arn:aws:s3:::cumulus-sit-protected\"]}]}",
            "override_json": null,
            "override_policy_documents": null,
            "policy_id": null,
            "source_json": null,
            "source_policy_documents": null,
            "statement": [
              {
                "actions": [
                  "s3:GetObject*",
                  "s3:ListBucket*",
                  "s3:PutObject*"
                ],
                "condition": [],
                "effect": "Allow",
                "not_actions": [],
                "not_principals": [],
                "not_resources": [],
                "principals": [],
                "resources": [
                  "arn:aws:s3:::cumulus-sit-protected",
                  "arn:aws:s3:::cumulus-sit-protected/*",
                  "arn:aws:s3:::cumulus-sit-public",
                  "arn:aws:s3:::cumulus-sit-public/*"
                ],
                "sid": "AllowAccessToDataBuckets"
              }
            ],
            "version": "2012-10-17"
          },
          "sensitive_attributes": []
        }
      ]
    },
    {
      "module": "module.bignbit",
      "mode": "data",
      "type": "aws_iam_policy_document",
      "name": "allow_gibs_getobject",
      "provider": "provider[\"registry.terraform.io/hashicorp/aws\"]",
      "instances": [
        {
          "index_key": 0,
          "schema_version": 0,
          "attributes": {
            "id": "1346760121",
            "json": "{\n  \"Version\": \"2012-10-17\",\n  \"Statement\": [\n    {\n      \"Sid\": \"gibs get object\",\n      \"Effect\": \"Allow\",\n      \"Action\": \"s3:GetObject*\",\n      \"Resource\": [\n        \"arn:aws:s3:::svc-bignbit-nptest-npp-staging/opera_hls_processing/*\",\n        \"arn:aws:s3:::svc-bignbit-nptest-npp-staging/bignbit-harmony-output/*\"\n      ],\n      \"Principal\": {\n        \"AWS\": \"arn:aws:iam::095845367016:root\"\n      }\n    }\n  ]\n}",
            "minified_json": "{\"Version\":\"2012-10-17\",\"Statement\":[{\"Sid\":\"gibs get object\",\"Effect\":\"Allow\",\"Action\":\"s3:GetObject*\",\"Resource\":[\"arn:aws:s3:::svc-bignbit-nptest-npp-staging/opera_hls_processing/*\",\"arn:aws:s3:::svc-bignbit-nptest-npp-staging/bignbit-harmony-output/*\"],\"Principal\":{\"AWS\":\"arn:aws:iam::095845367016:root\"}}]}",
            "override_json": null,
            "override_policy_documents": null,
            "policy_id": null,
            "source_json": null,
            "source_policy_documents": null,
            "statement": [
              {
                "actions": [
                  "s3:GetObject*"
                ],
                "condition": [],
                "effect": "Allow",
                "not_actions": [],
                "not_principals": [],
                "not_resources": [],
                "principals": [
                  {
                    "identifiers": [
                      "arn:aws:iam::095845367016:root"
                    ],
                    "type": "AWS"
                  }
                ],
                "resources": [
                  "arn:aws:s3:::svc-bignbit-nptest-npp-staging/bignbit-harmony-output/*",
                  "arn:aws:s3:::svc-bignbit-nptest-npp-staging/opera_hls_processing/*"
                ],
                "sid": "gibs get object"
              }
            ],
            "version": "2012-10-17"
          },
          "sensitive_attributes": []
        }
      ]
    },
    {
      "module": "module.bignbit",
      "mode": "data",
      "type": "aws_iam_policy_document",
      "name": "allow_harmony_location",
      "provider": "provider[\"registry.terraform.io/hashicorp/aws\"]",
      "instances": [
        {
          "index_key": 0,
          "schema_version": 0,
          "attributes": {
            "id": "929693732",
            "json": "{\n  \"Version\": \"2012-10-17\",\n  \"Statement\": [\n    {\n      \"Sid\": \"get bucket location permission\",\n      \"Effect\": \"Allow\",\n      \"Action\": \"s3:GetBucketLocation\",\n      \"Resource\": \"arn:aws:s3:::svc-bignbit-nptest-npp-staging\",\n      \"Principal\": {\n        \"AWS\": [\n          \"arn:aws:iam::625642860590:root\",\n          \"arn:aws:iam::549360732797:root\"\n        ]\n      }\n    }\n  ]\n}",
            "minified_json": "{\"Version\":\"2012-10-17\",\"Statement\":[{\"Sid\":\"get bucket location permission\",\"Effect\":\"Allow\",\"Action\":\"s3:GetBucketLocation\",\"Resource\":\"arn:aws:s3:::svc-bignbit-nptest-npp-staging\",\"Principal\":{\"AWS\":[\"arn:aws:iam::625642860590:root\",\"arn:aws:iam::549360732797:root\"]}}]}",
            "override_json": null,
            "override_policy_documents": null,
            "policy_id": null,
            "source_json": null,
            "source_policy_documents": null,
            "statement": [
              {
                "actions": [
                  "s3:GetBucketLocation"
                ],
                "condition": [],
                "effect": "Allow",
                "not_actions": [],
                "not_principals": [],
                "not_resources": [],
                "principals": [
                  {
                    "identifiers": [
                      "arn:aws:iam::549360732797:root",
                      "arn:aws:iam::625642860590:root"
                    ],
                    "type": "AWS"
                  }
                ],
                "resources": [
                  "arn:aws:s3:::svc-bignbit-nptest-npp-staging"
                ],
                "sid": "get bucket location permission"
              }
            ],
            "version": "2012-10-17"
          },
          "sensitive_attributes": []
        }
      ]
    },
    {
      "module": "module.bignbit",
      "mode": "data",
      "type": "aws_iam_policy_document",
      "name": "allow_harmony_write",
      "provider": "provider[\"registry.terraform.io/hashicorp/aws\"]",
      "instances": [
        {
          "index_key": 0,
          "schema_version": 0,
          "attributes": {
            "id": "572017669",
            "json": "{\n  \"Version\": \"2012-10-17\",\n  \"Statement\": [\n    {\n      \"Sid\": \"write permission\",\n      \"Effect\": \"Allow\",\n      \"Action\": \"s3:PutObject\",\n      \"Resource\": \"arn:aws:s3:::svc-bignbit-nptest-npp-staging/bignbit-harmony-output/*\",\n      \"Principal\": {\n        \"AWS\": [\n          \"arn:aws:iam::625642860590:root\",\n          \"arn:aws:iam::549360732797:root\"\n        ]\n      }\n    }\n  ]\n}",
            "minified_json": "{\"Version\":\"2012-10-17\",\"Statement\":[{\"Sid\":\"write permission\",\"Effect\":\"Allow\",\"Action\":\"s3:PutObject\",\"Resource\":\"arn:aws:s3:::svc-bignbit-nptest-npp-staging/bignbit-harmony-output/*\",\"Principal\":{\"AWS\":[\"arn:aws:iam::625642860590:root\",\"arn:aws:iam::549360732797:root\"]}}]}",
            "override_json": null,
            "override_policy_documents": null,
            "policy_id": null,
            "source_json": null,
            "source_policy_documents": null,
            "statement": [
              {
                "actions": [
                  "s3:PutObject"
                ],
                "condition": [],
                "effect": "Allow",
                "not_actions": [],
                "not_principals": [],
                "not_resources": [],
                "principals": [
                  {
                    "identifiers": [
                      "arn:aws:iam::549360732797:root",
                      "arn:aws:iam::625642860590:root"
                    ],
                    "type": "AWS"
                  }
                ],
                "resources": [
                  "arn:aws:s3:::svc-bignbit-nptest-npp-staging/bignbit-harmony-output/*"
                ],
                "sid": "write permission"
              }
            ],
            "version": "2012-10-17"
          },
          "sensitive_attributes": []
        }
      ]
    },
    {
      "module": "module.bignbit",
      "mode": "data",
      "type": "aws_iam_policy_document",
      "name": "bignbit_lambda_assume_role_policy",
      "provider": "provider[\"registry.terraform.io/hashicorp/aws\"]",
      "instances": [
        {
          "schema_version": 0,
          "attributes": {
            "id": "2690255455",
            "json": "{\n  \"Version\": \"2012-10-17\",\n  \"Statement\": [\n    {\n      \"Effect\": \"Allow\",\n      \"Action\": \"sts:AssumeRole\",\n      \"Principal\": {\n        \"Service\": \"lambda.amazonaws.com\"\n      }\n    }\n  ]\n}",
            "minified_json": "{\"Version\":\"2012-10-17\",\"Statement\":[{\"Effect\":\"Allow\",\"Action\":\"sts:AssumeRole\",\"Principal\":{\"Service\":\"lambda.amazonaws.com\"}}]}",
            "override_json": null,
            "override_policy_documents": null,
            "policy_id": null,
            "source_json": null,
            "source_policy_documents": null,
            "statement": [
              {
                "actions": [
                  "sts:AssumeRole"
                ],
                "condition": [],
                "effect": "Allow",
                "not_actions": [],
                "not_principals": [],
                "not_resources": [],
                "principals": [
                  {
                    "identifiers": [
                      "lambda.amazonaws.com"
                    ],
                    "type": "Service"
                  }
                ],
                "resources": [],
                "sid": ""
              }
            ],
            "version": "2012-10-17"
          },
          "sensitive_attributes": []
        }
      ]
    },
    {
      "module": "module.bignbit",
      "mode": "data",
      "type": "aws_iam_policy_document",
      "name": "bignbit_lambda_policy",
      "provider": "provider[\"registry.terraform.io/hashicorp/aws\"]",
      "instances": [
        {
          "schema_version": 0,
          "attributes": {
            "id": "3568490933",
            "json": "{\n  \"Version\": \"2012-10-17\",\n  \"Statement\": [\n    {\n      \"Effect\": \"Allow\",\n      \"Action\": [\n        \"states:StopExecution\",\n        \"states:StartExecution\",\n        \"states:SendTaskSuccess\",\n        \"states:SendTaskFailure\",\n        \"states:ListStateMachines\",\n        \"states:GetExecutionHistory\",\n        \"states:GetActivityTask\",\n        \"states:DescribeExecution\",\n        \"states:DescribeActivity\",\n        \"sns:publish\",\n        \"sns:List*\",\n        \"s3:ListAllMyBuckets\",\n        \"logs:PutLogEvents\",\n        \"logs:DescribeLogStreams\",\n        \"logs:CreateLogStream\",\n        \"logs:CreateLogGroup\",\n        \"lambda:invokeFunction\",\n        \"lambda:GetFunction\",\n        \"kinesis:PutRecord\",\n        \"kinesis:ListStreams\",\n        \"kinesis:GetShardIterator\",\n        \"kinesis:GetRecords\",\n        \"kinesis:DescribeStream\",\n        \"events:PutRule\",\n        \"events:ListRules\",\n        \"events:EnableRule\",\n        \"events:DisableRule\",\n        \"events:DescribeRule\",\n        \"events:DeleteRule\",\n        \"ec2:DescribeNetworkInterfaces\",\n        \"ec2:DeleteNetworkInterface\",\n        \"ec2:CreateNetworkInterface\",\n        \"dynamodb:ListTables\",\n        \"cloudformation:DescribeStacks\"\n      ],\n      \"Resource\": \"*\"\n    },\n    {\n      \"Effect\": \"Allow\",\n      \"Action\": [\n        \"s3:PutReplicationConfiguration\",\n        \"s3:PutObject*\",\n        \"s3:PutLifecycleConfiguration\",\n        \"s3:PutBucket*\",\n        \"s3:PutAccelerateConfiguration\",\n        \"s3:ListMultipartUploadParts\",\n        \"s3:ListBucket*\",\n        \"s3:GetReplicationConfiguration\",\n        \"s3:GetObject*\",\n        \"s3:GetLifecycleConfiguration\",\n        \"s3:GetBucket*\",\n        \"s3:GetAccelerateConfiguration\",\n        \"s3:DeleteObjectVersion\",\n        \"s3:DeleteObject\",\n        \"s3:AbortMultipartUpload\"\n      ],\n      \"Resource\": [\n        \"arn:aws:s3:::svc-bignbit-nptest-npp-staging/*\",\n        \"arn:aws:s3:::svc-bignbit-nptest-npp-staging\",\n        \"arn:aws:s3:::ppilone-internal/*\",\n        \"arn:aws:s3:::ppilone-internal\"\n      ]\n    },\n    {\n      \"Effect\": \"Allow\",\n      \"Action\": [\n        \"ssm:GetParameters\",\n        \"ssm:GetParameter\"\n      ],\n      \"Resource\": [\n        \"arn:aws:ssm:us-east-1:596205514787:parameter/npp-bignbit-nptest-edl-username\",\n        \"arn:aws:ssm:us-east-1:596205514787:parameter/npp-bignbit-nptest-edl-password\"\n      ]\n    }\n  ]\n}",
            "minified_json": "{\"Version\":\"2012-10-17\",\"Statement\":[{\"Effect\":\"Allow\",\"Action\":[\"states:StopExecution\",\"states:StartExecution\",\"states:SendTaskSuccess\",\"states:SendTaskFailure\",\"states:ListStateMachines\",\"states:GetExecutionHistory\",\"states:GetActivityTask\",\"states:DescribeExecution\",\"states:DescribeActivity\",\"sns:publish\",\"sns:List*\",\"s3:ListAllMyBuckets\",\"logs:PutLogEvents\",\"logs:DescribeLogStreams\",\"logs:CreateLogStream\",\"logs:CreateLogGroup\",\"lambda:invokeFunction\",\"lambda:GetFunction\",\"kinesis:PutRecord\",\"kinesis:ListStreams\",\"kinesis:GetShardIterator\",\"kinesis:GetRecords\",\"kinesis:DescribeStream\",\"events:PutRule\",\"events:ListRules\",\"events:EnableRule\",\"events:DisableRule\",\"events:DescribeRule\",\"events:DeleteRule\",\"ec2:DescribeNetworkInterfaces\",\"ec2:DeleteNetworkInterface\",\"ec2:CreateNetworkInterface\",\"dynamodb:ListTables\",\"cloudformation:DescribeStacks\"],\"Resource\":\"*\"},{\"Effect\":\"Allow\",\"Action\":[\"s3:PutReplicationConfiguration\",\"s3:PutObject*\",\"s3:PutLifecycleConfiguration\",\"s3:PutBucket*\",\"s3:PutAccelerateConfiguration\",\"s3:ListMultipartUploadParts\",\"s3:ListBucket*\",\"s3:GetReplicationConfiguration\",\"s3:GetObject*\",\"s3:GetLifecycleConfiguration\",\"s3:GetBucket*\",\"s3:GetAccelerateConfiguration\",\"s3:DeleteObjectVersion\",\"s3:DeleteObject\",\"s3:AbortMultipartUpload\"],\"Resource\":[\"arn:aws:s3:::svc-bignbit-nptest-npp-staging/*\",\"arn:aws:s3:::svc-bignbit-nptest-npp-staging\",\"arn:aws:s3:::ppilone-internal/*\",\"arn:aws:s3:::ppilone-internal\"]},{\"Effect\":\"Allow\",\"Action\":[\"ssm:GetParameters\",\"ssm:GetParameter\"],\"Resource\":[\"arn:aws:ssm:us-east-1:596205514787:parameter/npp-bignbit-nptest-edl-username\",\"arn:aws:ssm:us-east-1:596205514787:parameter/npp-bignbit-nptest-edl-password\"]}]}",
            "override_json": null,
            "override_policy_documents": null,
            "policy_id": null,
            "source_json": null,
            "source_policy_documents": null,
            "statement": [
              {
                "actions": [
                  "cloudformation:DescribeStacks",
                  "dynamodb:ListTables",
                  "ec2:CreateNetworkInterface",
                  "ec2:DeleteNetworkInterface",
                  "ec2:DescribeNetworkInterfaces",
                  "events:DeleteRule",
                  "events:DescribeRule",
                  "events:DisableRule",
                  "events:EnableRule",
                  "events:ListRules",
                  "events:PutRule",
                  "kinesis:DescribeStream",
                  "kinesis:GetRecords",
                  "kinesis:GetShardIterator",
                  "kinesis:ListStreams",
                  "kinesis:PutRecord",
                  "lambda:GetFunction",
                  "lambda:invokeFunction",
                  "logs:CreateLogGroup",
                  "logs:CreateLogStream",
                  "logs:DescribeLogStreams",
                  "logs:PutLogEvents",
                  "s3:ListAllMyBuckets",
                  "sns:List*",
                  "sns:publish",
                  "states:DescribeActivity",
                  "states:DescribeExecution",
                  "states:GetActivityTask",
                  "states:GetExecutionHistory",
                  "states:ListStateMachines",
                  "states:SendTaskFailure",
                  "states:SendTaskSuccess",
                  "states:StartExecution",
                  "states:StopExecution"
                ],
                "condition": [],
                "effect": "Allow",
                "not_actions": [],
                "not_principals": [],
                "not_resources": [],
                "principals": [],
                "resources": [
                  "*"
                ],
                "sid": ""
              },
              {
                "actions": [
                  "s3:AbortMultipartUpload",
                  "s3:DeleteObject",
                  "s3:DeleteObjectVersion",
                  "s3:GetAccelerateConfiguration",
                  "s3:GetBucket*",
                  "s3:GetLifecycleConfiguration",
                  "s3:GetObject*",
                  "s3:GetReplicationConfiguration",
                  "s3:ListBucket*",
                  "s3:ListMultipartUploadParts",
                  "s3:PutAccelerateConfiguration",
                  "s3:PutBucket*",
                  "s3:PutLifecycleConfiguration",
                  "s3:PutObject*",
                  "s3:PutReplicationConfiguration"
                ],
                "condition": [],
                "effect": "Allow",
                "not_actions": [],
                "not_principals": [],
                "not_resources": [],
                "principals": [],
                "resources": [
                  "arn:aws:s3:::ppilone-internal",
                  "arn:aws:s3:::ppilone-internal/*",
                  "arn:aws:s3:::svc-bignbit-nptest-npp-staging",
                  "arn:aws:s3:::svc-bignbit-nptest-npp-staging/*"
                ],
                "sid": ""
              },
              {
                "actions": [
                  "ssm:GetParameter",
                  "ssm:GetParameters"
                ],
                "condition": [],
                "effect": "Allow",
                "not_actions": [],
                "not_principals": [],
                "not_resources": [],
                "principals": [],
                "resources": [
                  "arn:aws:ssm:us-east-1:596205514787:parameter/npp-bignbit-nptest-edl-password",
                  "arn:aws:ssm:us-east-1:596205514787:parameter/npp-bignbit-nptest-edl-username"
                ],
                "sid": ""
              }
            ],
            "version": "2012-10-17"
          },
          "sensitive_attributes": []
        }
      ]
    },
    {
      "module": "module.bignbit",
      "mode": "data",
      "type": "aws_iam_policy_document",
      "name": "bignbit_staging_bucket_policy",
      "provider": "provider[\"registry.terraform.io/hashicorp/aws\"]",
      "instances": [
        {
          "index_key": 0,
          "schema_version": 0,
          "attributes": {
            "id": "840961757",
            "json": "{\n  \"Version\": \"2012-10-17\",\n  \"Statement\": [\n    {\n      \"Sid\": \"write permission\",\n      \"Effect\": \"Allow\",\n      \"Action\": \"s3:PutObject\",\n      \"Resource\": \"arn:aws:s3:::svc-bignbit-nptest-npp-staging/bignbit-harmony-output/*\",\n      \"Principal\": {\n        \"AWS\": [\n          \"arn:aws:iam::625642860590:root\",\n          \"arn:aws:iam::549360732797:root\"\n        ]\n      }\n    },\n    {\n      \"Sid\": \"get bucket location permission\",\n      \"Effect\": \"Allow\",\n      \"Action\": \"s3:GetBucketLocation\",\n      \"Resource\": \"arn:aws:s3:::svc-bignbit-nptest-npp-staging\",\n      \"Principal\": {\n        \"AWS\": [\n          \"arn:aws:iam::625642860590:root\",\n          \"arn:aws:iam::549360732797:root\"\n        ]\n      }\n    },\n    {\n      \"Sid\": \"gibs get object\",\n      \"Effect\": \"Allow\",\n      \"Action\": \"s3:GetObject*\",\n      \"Resource\": [\n        \"arn:aws:s3:::svc-bignbit-nptest-npp-staging/opera_hls_processing/*\",\n        \"arn:aws:s3:::svc-bignbit-nptest-npp-staging/bignbit-harmony-output/*\"\n      ],\n      \"Principal\": {\n        \"AWS\": \"arn:aws:iam::095845367016:root\"\n      }\n    }\n  ]\n}",
            "minified_json": "{\"Version\":\"2012-10-17\",\"Statement\":[{\"Sid\":\"write permission\",\"Effect\":\"Allow\",\"Action\":\"s3:PutObject\",\"Resource\":\"arn:aws:s3:::svc-bignbit-nptest-npp-staging/bignbit-harmony-output/*\",\"Principal\":{\"AWS\":[\"arn:aws:iam::625642860590:root\",\"arn:aws:iam::549360732797:root\"]}},{\"Sid\":\"get bucket location permission\",\"Effect\":\"Allow\",\"Action\":\"s3:GetBucketLocation\",\"Resource\":\"arn:aws:s3:::svc-bignbit-nptest-npp-staging\",\"Principal\":{\"AWS\":[\"arn:aws:iam::625642860590:root\",\"arn:aws:iam::549360732797:root\"]}},{\"Sid\":\"gibs get object\",\"Effect\":\"Allow\",\"Action\":\"s3:GetObject*\",\"Resource\":[\"arn:aws:s3:::svc-bignbit-nptest-npp-staging/opera_hls_processing/*\",\"arn:aws:s3:::svc-bignbit-nptest-npp-staging/bignbit-harmony-output/*\"],\"Principal\":{\"AWS\":\"arn:aws:iam::095845367016:root\"}}]}",
            "override_json": null,
            "override_policy_documents": null,
            "policy_id": null,
            "source_json": null,
            "source_policy_documents": [
              "{\n  \"Version\": \"2012-10-17\",\n  \"Statement\": [\n    {\n      \"Sid\": \"write permission\",\n      \"Effect\": \"Allow\",\n      \"Action\": \"s3:PutObject\",\n      \"Resource\": \"arn:aws:s3:::svc-bignbit-nptest-npp-staging/bignbit-harmony-output/*\",\n      \"Principal\": {\n        \"AWS\": [\n          \"arn:aws:iam::625642860590:root\",\n          \"arn:aws:iam::549360732797:root\"\n        ]\n      }\n    }\n  ]\n}",
              "{\n  \"Version\": \"2012-10-17\",\n  \"Statement\": [\n    {\n      \"Sid\": \"get bucket location permission\",\n      \"Effect\": \"Allow\",\n      \"Action\": \"s3:GetBucketLocation\",\n      \"Resource\": \"arn:aws:s3:::svc-bignbit-nptest-npp-staging\",\n      \"Principal\": {\n        \"AWS\": [\n          \"arn:aws:iam::625642860590:root\",\n          \"arn:aws:iam::549360732797:root\"\n        ]\n      }\n    }\n  ]\n}",
              "{\n  \"Version\": \"2012-10-17\",\n  \"Statement\": [\n    {\n      \"Sid\": \"gibs get object\",\n      \"Effect\": \"Allow\",\n      \"Action\": \"s3:GetObject*\",\n      \"Resource\": [\n        \"arn:aws:s3:::svc-bignbit-nptest-npp-staging/opera_hls_processing/*\",\n        \"arn:aws:s3:::svc-bignbit-nptest-npp-staging/bignbit-harmony-output/*\"\n      ],\n      \"Principal\": {\n        \"AWS\": \"arn:aws:iam::095845367016:root\"\n      }\n    }\n  ]\n}"
            ],
            "statement": null,
            "version": "2012-10-17"
          },
          "sensitive_attributes": []
        }
      ]
    },
    {
      "module": "module.bignbit",
      "mode": "data",
      "type": "aws_iam_policy_document",
      "name": "gibs_request_queue_policy",
      "provider": "provider[\"registry.terraform.io/hashicorp/aws\"]",
      "instances": [
        {
          "schema_version": 0,
          "attributes": {
            "id": "411749111",
            "json": "{\n  \"Version\": \"2012-10-17\",\n  \"Statement\": [\n    {\n      \"Sid\": \"SvcBignbitNptestNppGrantSendToGitc\",\n      \"Effect\": \"Allow\",\n      \"Action\": \"sqs:SendMessage\",\n      \"Resource\": \"arn:aws:sqs:*:095845367016:gitc-uat-ASDC-IN.fifo\"\n    },\n    {\n      \"Effect\": \"Allow\",\n      \"Action\": [\n        \"sqs:SendMessage\",\n        \"sqs:ReceiveMessage\",\n        \"sqs:GetQueueUrl\",\n        \"sqs:GetQueueAttributes\",\n        \"sqs:DeleteMessage\",\n        \"sqs:ChangeMessageVisibility\"\n      ],\n      \"Resource\": [\n        \"arn:aws:sqs:us-east-1:596205514787:*\",\n        \"arn:aws:sqs:us-east-1:095845367016:gitc-uat-ASDC-IN.fifo\"\n      ]\n    }\n  ]\n}",
            "minified_json": "{\"Version\":\"2012-10-17\",\"Statement\":[{\"Sid\":\"SvcBignbitNptestNppGrantSendToGitc\",\"Effect\":\"Allow\",\"Action\":\"sqs:SendMessage\",\"Resource\":\"arn:aws:sqs:*:095845367016:gitc-uat-ASDC-IN.fifo\"},{\"Effect\":\"Allow\",\"Action\":[\"sqs:SendMessage\",\"sqs:ReceiveMessage\",\"sqs:GetQueueUrl\",\"sqs:GetQueueAttributes\",\"sqs:DeleteMessage\",\"sqs:ChangeMessageVisibility\"],\"Resource\":[\"arn:aws:sqs:us-east-1:596205514787:*\",\"arn:aws:sqs:us-east-1:095845367016:gitc-uat-ASDC-IN.fifo\"]}]}",
            "override_json": null,
            "override_policy_documents": null,
            "policy_id": null,
            "source_json": null,
            "source_policy_documents": null,
            "statement": [
              {
                "actions": [
                  "sqs:SendMessage"
                ],
                "condition": [],
                "effect": "Allow",
                "not_actions": [],
                "not_principals": [],
                "not_resources": [],
                "principals": [],
                "resources": [
                  "arn:aws:sqs:*:095845367016:gitc-uat-ASDC-IN.fifo"
                ],
                "sid": "SvcBignbitNptestNppGrantSendToGitc"
              },
              {
                "actions": [
                  "sqs:ChangeMessageVisibility",
                  "sqs:DeleteMessage",
                  "sqs:GetQueueAttributes",
                  "sqs:GetQueueUrl",
                  "sqs:ReceiveMessage",
                  "sqs:SendMessage"
                ],
                "condition": [],
                "effect": "Allow",
                "not_actions": [],
                "not_principals": [],
                "not_resources": [],
                "principals": [],
                "resources": [
                  "arn:aws:sqs:us-east-1:095845367016:gitc-uat-ASDC-IN.fifo",
                  "arn:aws:sqs:us-east-1:596205514787:*"
                ],
                "sid": ""
              }
            ],
            "version": "2012-10-17"
          },
          "sensitive_attributes": []
        }
      ]
    },
    {
      "module": "module.bignbit",
      "mode": "data",
      "type": "aws_iam_policy_document",
      "name": "gibs_response_queue_policy",
      "provider": "provider[\"registry.terraform.io/hashicorp/aws\"]",
      "instances": [
        {
          "schema_version": 0,
          "attributes": {
            "id": "2187253341",
            "json": "{\n  \"Version\": \"2012-10-17\",\n  \"Statement\": [\n    {\n      \"Sid\": \"svc-bignbit-nptest-npp-grant-topic-send-sqs\",\n      \"Effect\": \"Allow\",\n      \"Action\": \"sqs:SendMessage\",\n      \"Resource\": \"arn:aws:sqs:us-east-1:596205514787:svc-bignbit-nptest-npp-gibs-response-queue\",\n      \"Principal\": {\n        \"AWS\": \"596205514787\",\n        \"Service\": \"sns.amazonaws.com\"\n      },\n      \"Condition\": {\n        \"ArnEquals\": {\n          \"aws:SourceArn\": \"arn:aws:sns:us-east-1:596205514787:svc-bignbit-nptest-npp-gibs-response-topic\"\n        }\n      }\n    }\n  ]\n}",
            "minified_json": "{\"Version\":\"2012-10-17\",\"Statement\":[{\"Sid\":\"svc-bignbit-nptest-npp-grant-topic-send-sqs\",\"Effect\":\"Allow\",\"Action\":\"sqs:SendMessage\",\"Resource\":\"arn:aws:sqs:us-east-1:596205514787:svc-bignbit-nptest-npp-gibs-response-queue\",\"Principal\":{\"AWS\":\"596205514787\",\"Service\":\"sns.amazonaws.com\"},\"Condition\":{\"ArnEquals\":{\"aws:SourceArn\":\"arn:aws:sns:us-east-1:596205514787:svc-bignbit-nptest-npp-gibs-response-topic\"}}}]}",
            "override_json": null,
            "override_policy_documents": null,
            "policy_id": null,
            "source_json": null,
            "source_policy_documents": null,
            "statement": [
              {
                "actions": [
                  "sqs:SendMessage"
                ],
                "condition": [
                  {
                    "test": "ArnEquals",
                    "values": [
                      "arn:aws:sns:us-east-1:596205514787:svc-bignbit-nptest-npp-gibs-response-topic"
                    ],
                    "variable": "aws:SourceArn"
                  }
                ],
                "effect": "Allow",
                "not_actions": [],
                "not_principals": [],
                "not_resources": [],
                "principals": [
                  {
                    "identifiers": [
                      "596205514787"
                    ],
                    "type": "AWS"
                  },
                  {
                    "identifiers": [
                      "sns.amazonaws.com"
                    ],
                    "type": "Service"
                  }
                ],
                "resources": [
                  "arn:aws:sqs:us-east-1:596205514787:svc-bignbit-nptest-npp-gibs-response-queue"
                ],
                "sid": "svc-bignbit-nptest-npp-grant-topic-send-sqs"
              }
            ],
            "version": "2012-10-17"
          },
          "sensitive_attributes": []
        }
      ]
    },
    {
      "module": "module.bignbit",
      "mode": "data",
      "type": "aws_iam_policy_document",
      "name": "gibs_response_role_policy",
      "provider": "provider[\"registry.terraform.io/hashicorp/aws\"]",
      "instances": [
        {
          "schema_version": 0,
          "attributes": {
            "id": "1077130895",
            "json": "{\n  \"Version\": \"2012-10-17\",\n  \"Statement\": [\n    {\n      \"Sid\": \"SvcBignbitNptestNppGrantReadGitcResponse\",\n      \"Effect\": \"Allow\",\n      \"Action\": [\n        \"sqs:ReceiveMessage\",\n        \"sqs:PurgeQueue\",\n        \"sqs:GetQueueUrl\",\n        \"sqs:GetQueueAttributes\",\n        \"sqs:DeleteMessage\",\n        \"sqs:ChangeMessageVisibility\"\n      ],\n      \"Resource\": \"arn:aws:sqs:us-east-1:596205514787:svc-bignbit-nptest-npp-gibs-response-queue\"\n    },\n    {\n      \"Sid\": \"SvcBignbitNptestNppGrantReadGitcResponse2\",\n      \"Effect\": \"Allow\",\n      \"Action\": \"sqs:ListQueues\",\n      \"Resource\": \"arn:aws:sqs:*:596205514787:*\"\n    }\n  ]\n}",
            "minified_json": "{\"Version\":\"2012-10-17\",\"Statement\":[{\"Sid\":\"SvcBignbitNptestNppGrantReadGitcResponse\",\"Effect\":\"Allow\",\"Action\":[\"sqs:ReceiveMessage\",\"sqs:PurgeQueue\",\"sqs:GetQueueUrl\",\"sqs:GetQueueAttributes\",\"sqs:DeleteMessage\",\"sqs:ChangeMessageVisibility\"],\"Resource\":\"arn:aws:sqs:us-east-1:596205514787:svc-bignbit-nptest-npp-gibs-response-queue\"},{\"Sid\":\"SvcBignbitNptestNppGrantReadGitcResponse2\",\"Effect\":\"Allow\",\"Action\":\"sqs:ListQueues\",\"Resource\":\"arn:aws:sqs:*:596205514787:*\"}]}",
            "override_json": null,
            "override_policy_documents": null,
            "policy_id": null,
            "source_json": null,
            "source_policy_documents": null,
            "statement": [
              {
                "actions": [
                  "sqs:ChangeMessageVisibility",
                  "sqs:DeleteMessage",
                  "sqs:GetQueueAttributes",
                  "sqs:GetQueueUrl",
                  "sqs:PurgeQueue",
                  "sqs:ReceiveMessage"
                ],
                "condition": [],
                "effect": "Allow",
                "not_actions": [],
                "not_principals": [],
                "not_resources": [],
                "principals": [],
                "resources": [
                  "arn:aws:sqs:us-east-1:596205514787:svc-bignbit-nptest-npp-gibs-response-queue"
                ],
                "sid": "SvcBignbitNptestNppGrantReadGitcResponse"
              },
              {
                "actions": [
                  "sqs:ListQueues"
                ],
                "condition": [],
                "effect": "Allow",
                "not_actions": [],
                "not_principals": [],
                "not_resources": [],
                "principals": [],
                "resources": [
                  "arn:aws:sqs:*:596205514787:*"
                ],
                "sid": "SvcBignbitNptestNppGrantReadGitcResponse2"
              }
            ],
            "version": "2012-10-17"
          },
          "sensitive_attributes": []
        }
      ]
    },
    {
      "module": "module.bignbit",
      "mode": "data",
      "type": "aws_iam_policy_document",
      "name": "gibs_response_topic_policy",
      "provider": "provider[\"registry.terraform.io/hashicorp/aws\"]",
      "instances": [
        {
          "schema_version": 0,
          "attributes": {
            "id": "2388859004",
            "json": "{\n  \"Version\": \"2012-10-17\",\n  \"Statement\": [\n    {\n      \"Sid\": \"svc-bignbit-nptest-npp-grant-gitc-publish-sns\",\n      \"Effect\": \"Allow\",\n      \"Action\": \"sns:Publish\",\n      \"Resource\": \"arn:aws:sns:us-east-1:596205514787:svc-bignbit-nptest-npp-gibs-response-topic\",\n      \"Principal\": {\n        \"AWS\": [\n          \"596205514787\",\n          \"095845367016\"\n        ]\n      }\n    }\n  ]\n}",
            "minified_json": "{\"Version\":\"2012-10-17\",\"Statement\":[{\"Sid\":\"svc-bignbit-nptest-npp-grant-gitc-publish-sns\",\"Effect\":\"Allow\",\"Action\":\"sns:Publish\",\"Resource\":\"arn:aws:sns:us-east-1:596205514787:svc-bignbit-nptest-npp-gibs-response-topic\",\"Principal\":{\"AWS\":[\"596205514787\",\"095845367016\"]}}]}",
            "override_json": null,
            "override_policy_documents": null,
            "policy_id": null,
            "source_json": null,
            "source_policy_documents": null,
            "statement": [
              {
                "actions": [
                  "sns:Publish"
                ],
                "condition": [],
                "effect": "Allow",
                "not_actions": [],
                "not_principals": [],
                "not_resources": [],
                "principals": [
                  {
                    "identifiers": [
                      "095845367016",
                      "596205514787"
                    ],
                    "type": "AWS"
                  }
                ],
                "resources": [
                  "arn:aws:sns:us-east-1:596205514787:svc-bignbit-nptest-npp-gibs-response-topic"
                ],
                "sid": "svc-bignbit-nptest-npp-grant-gitc-publish-sns"
              }
            ],
            "version": "2012-10-17"
          },
          "sensitive_attributes": []
        }
      ]
    },
    {
      "module": "module.bignbit",
      "mode": "data",
      "type": "aws_region",
      "name": "current",
      "provider": "provider[\"registry.terraform.io/hashicorp/aws\"]",
      "instances": [
        {
          "schema_version": 0,
          "attributes": {
            "description": "US East (N. Virginia)",
            "endpoint": "ec2.us-east-1.amazonaws.com",
            "id": "us-east-1",
            "name": "us-east-1"
          },
          "sensitive_attributes": []
        }
      ]
    },
    {
      "module": "module.bignbit",
      "mode": "data",
      "type": "aws_ssm_parameter",
      "name": "ed-pass",
      "provider": "provider[\"registry.terraform.io/hashicorp/aws\"]",
      "instances": [
        {
          "schema_version": 0,
          "attributes": {
            "arn": "arn:aws:ssm:us-east-1:596205514787:parameter/npp-bignbit-nptest-edl-password",
            "id": "npp-bignbit-nptest-edl-password",
            "insecure_value": "",
            "name": "npp-bignbit-nptest-edl-password",
            "type": "SecureString",
            "value": "CHANGEME",
            "version": 1,
            "with_decryption": true
          },
          "sensitive_attributes": []
        }
      ]
    },
    {
      "module": "module.bignbit",
      "mode": "data",
      "type": "aws_ssm_parameter",
      "name": "ed-user",
      "provider": "provider[\"registry.terraform.io/hashicorp/aws\"]",
      "instances": [
        {
          "schema_version": 0,
          "attributes": {
            "arn": "arn:aws:ssm:us-east-1:596205514787:parameter/npp-bignbit-nptest-edl-username",
            "id": "npp-bignbit-nptest-edl-username",
            "insecure_value": "",
            "name": "npp-bignbit-nptest-edl-username",
            "type": "SecureString",
            "value": "CHANGEME",
            "version": 1,
            "with_decryption": true
          },
          "sensitive_attributes": []
        }
      ]
    },
    {
      "module": "module.bignbit",
      "mode": "managed",
      "type": "aws_ecr_repository",
      "name": "lambda-image-repo",
      "provider": "provider[\"registry.terraform.io/hashicorp/aws\"]",
      "instances": [
        {
          "schema_version": 0,
          "attributes": {
            "arn": "arn:aws:ecr:us-east-1:596205514787:repository/sit-bignbit",
            "encryption_configuration": [
              {
                "encryption_type": "AES256",
                "kms_key": ""
              }
            ],
            "force_delete": null,
            "id": "sit-bignbit",
            "image_scanning_configuration": [
              {
                "scan_on_push": false
              }
            ],
            "image_tag_mutability": "MUTABLE",
            "name": "sit-bignbit",
            "registry_id": "596205514787",
            "repository_url": "596205514787.dkr.ecr.us-east-1.amazonaws.com/sit-bignbit",
            "tags": {},
            "tags_all": {
              "Deployment": "npp"
            },
            "timeouts": null
          },
          "sensitive_attributes": [],
          "private": "eyJlMmJmYjczMC1lY2FhLTExZTYtOGY4OC0zNDM2M2JjN2M0YzAiOnsiZGVsZXRlIjoxMjAwMDAwMDAwMDAwfX0=",
          "dependencies": [
            "aws_kms_key.bignbit_parameter_key",
            "aws_ssm_parameter.bignbit_edl_password",
            "aws_ssm_parameter.bignbit_edl_username"
          ]
        }
      ]
    },
    {
      "module": "module.bignbit",
      "mode": "managed",
      "type": "aws_iam_role",
      "name": "bignbit_lambda_role",
      "provider": "provider[\"registry.terraform.io/hashicorp/aws\"]",
      "instances": [
        {
          "schema_version": 0,
          "attributes": {
            "arn": "arn:aws:iam::596205514787:role/svc-bignbit-nptest-npp-lambda-role",
            "assume_role_policy": "{\"Statement\":[{\"Action\":\"sts:AssumeRole\",\"Effect\":\"Allow\",\"Principal\":{\"Service\":\"lambda.amazonaws.com\"}}],\"Version\":\"2012-10-17\"}",
            "create_date": "2026-04-29T17:41:23Z",
            "description": "",
            "force_detach_policies": false,
            "id": "svc-bignbit-nptest-npp-lambda-role",
            "inline_policy": [
              {
                "name": "svc-bignbit-nptest-npp20260429174124015900000001",
                "policy": "{\"Version\":\"2012-10-17\",\"Statement\":[{\"Action\":\"sqs:SendMessage\",\"Effect\":\"Allow\",\"Resource\":\"arn:aws:sqs:*:095845367016:gitc-uat-ASDC-IN.fifo\",\"Sid\":\"SvcBignbitNptestNppGrantSendToGitc\"},{\"Action\":[\"sqs:SendMessage\",\"sqs:ReceiveMessage\",\"sqs:GetQueueUrl\",\"sqs:GetQueueAttributes\",\"sqs:DeleteMessage\",\"sqs:ChangeMessageVisibility\"],\"Effect\":\"Allow\",\"Resource\":[\"arn:aws:sqs:us-east-1:596205514787:*\",\"arn:aws:sqs:us-east-1:095845367016:gitc-uat-ASDC-IN.fifo\"]}]}"
              },
              {
                "name": "svc-bignbit-nptest-npp20260429174214411600000003",
                "policy": "{\"Version\":\"2012-10-17\",\"Statement\":[{\"Action\":[\"sqs:ReceiveMessage\",\"sqs:PurgeQueue\",\"sqs:GetQueueUrl\",\"sqs:GetQueueAttributes\",\"sqs:DeleteMessage\",\"sqs:ChangeMessageVisibility\"],\"Effect\":\"Allow\",\"Resource\":\"arn:aws:sqs:us-east-1:596205514787:svc-bignbit-nptest-npp-gibs-response-queue\",\"Sid\":\"SvcBignbitNptestNppGrantReadGitcResponse\"},{\"Action\":\"sqs:ListQueues\",\"Effect\":\"Allow\",\"Resource\":\"arn:aws:sqs:*:596205514787:*\",\"Sid\":\"SvcBignbitNptestNppGrantReadGitcResponse2\"}]}"
              },
              {
                "name": "svc-bignbit-nptest-npp_bignbit_policy_attach",
                "policy": "{\"Version\":\"2012-10-17\",\"Statement\":[{\"Action\":[\"states:StopExecution\",\"states:StartExecution\",\"states:SendTaskSuccess\",\"states:SendTaskFailure\",\"states:ListStateMachines\",\"states:GetExecutionHistory\",\"states:GetActivityTask\",\"states:DescribeExecution\",\"states:DescribeActivity\",\"sns:publish\",\"sns:List*\",\"s3:ListAllMyBuckets\",\"logs:PutLogEvents\",\"logs:DescribeLogStreams\",\"logs:CreateLogStream\",\"logs:CreateLogGroup\",\"lambda:invokeFunction\",\"lambda:GetFunction\",\"kinesis:PutRecord\",\"kinesis:ListStreams\",\"kinesis:GetShardIterator\",\"kinesis:GetRecords\",\"kinesis:DescribeStream\",\"events:PutRule\",\"events:ListRules\",\"events:EnableRule\",\"events:DisableRule\",\"events:DescribeRule\",\"events:DeleteRule\",\"ec2:DescribeNetworkInterfaces\",\"ec2:DeleteNetworkInterface\",\"ec2:CreateNetworkInterface\",\"dynamodb:ListTables\",\"cloudformation:DescribeStacks\"],\"Effect\":\"Allow\",\"Resource\":\"*\"},{\"Action\":[\"s3:PutReplicationConfiguration\",\"s3:PutObject*\",\"s3:PutLifecycleConfiguration\",\"s3:PutBucket*\",\"s3:PutAccelerateConfiguration\",\"s3:ListMultipartUploadParts\",\"s3:ListBucket*\",\"s3:GetReplicationConfiguration\",\"s3:GetObject*\",\"s3:GetLifecycleConfiguration\",\"s3:GetBucket*\",\"s3:GetAccelerateConfiguration\",\"s3:DeleteObjectVersion\",\"s3:DeleteObject\",\"s3:AbortMultipartUpload\"],\"Effect\":\"Allow\",\"Resource\":[\"arn:aws:s3:::svc-bignbit-nptest-npp-staging/*\",\"arn:aws:s3:::svc-bignbit-nptest-npp-staging\",\"arn:aws:s3:::ppilone-internal/*\",\"arn:aws:s3:::ppilone-internal\"]},{\"Action\":[\"ssm:GetParameters\",\"ssm:GetParameter\"],\"Effect\":\"Allow\",\"Resource\":[\"arn:aws:ssm:us-east-1:596205514787:parameter/npp-bignbit-nptest-edl-username\",\"arn:aws:ssm:us-east-1:596205514787:parameter/npp-bignbit-nptest-edl-password\"]},{\"Action\":[\"s3:PutObject*\",\"s3:ListBucket*\",\"s3:GetObject*\"],\"Effect\":\"Allow\",\"Resource\":[\"arn:aws:s3:::cumulus-sit-public/*\",\"arn:aws:s3:::cumulus-sit-public\",\"arn:aws:s3:::cumulus-sit-protected/*\",\"arn:aws:s3:::cumulus-sit-protected\"],\"Sid\":\"AllowAccessToDataBuckets\"}]}"
              }
            ],
            "managed_policy_arns": [
              "arn:aws:iam::596205514787:policy/svc-bignbit-nptest-npp-lambda-role-additional"
            ],
            "max_session_duration": 3600,
            "name": "svc-bignbit-nptest-npp-lambda-role",
            "name_prefix": "",
            "path": "/",
            "permissions_boundary": "",
            "tags": {},
            "tags_all": {
              "Deployment": "npp"
            },
            "unique_id": "AROAYVUE6GARXWI5FSDJA"
          },
          "sensitive_attributes": [],
          "private": "bnVsbA==",
          "dependencies": [
            "aws_kms_key.bignbit_parameter_key",
            "aws_ssm_parameter.bignbit_edl_password",
            "aws_ssm_parameter.bignbit_edl_username",
            "module.bignbit.data.aws_iam_policy_document.bignbit_lambda_assume_role_policy"
          ]
        }
      ]
    },
    {
      "module": "module.bignbit",
      "mode": "managed",
      "type": "aws_iam_role_policy",
      "name": "allow_lambda_role_to_read_sqs_messages",
      "provider": "provider[\"registry.terraform.io/hashicorp/aws\"]",
      "instances": [
        {
          "schema_version": 0,
          "attributes": {
            "id": "svc-bignbit-nptest-npp-lambda-role:svc-bignbit-nptest-npp20260429174214411600000003",
            "name": "svc-bignbit-nptest-npp20260429174214411600000003",
            "name_prefix": "svc-bignbit-nptest-npp",
            "policy": "{\"Version\":\"2012-10-17\",\"Statement\":[{\"Action\":[\"sqs:ReceiveMessage\",\"sqs:PurgeQueue\",\"sqs:GetQueueUrl\",\"sqs:GetQueueAttributes\",\"sqs:DeleteMessage\",\"sqs:ChangeMessageVisibility\"],\"Effect\":\"Allow\",\"Resource\":\"arn:aws:sqs:us-east-1:596205514787:svc-bignbit-nptest-npp-gibs-response-queue\",\"Sid\":\"SvcBignbitNptestNppGrantReadGitcResponse\"},{\"Action\":\"sqs:ListQueues\",\"Effect\":\"Allow\",\"Resource\":\"arn:aws:sqs:*:596205514787:*\",\"Sid\":\"SvcBignbitNptestNppGrantReadGitcResponse2\"}]}",
            "role": "svc-bignbit-nptest-npp-lambda-role"
          },
          "sensitive_attributes": [],
          "private": "bnVsbA==",
          "dependencies": [
            "aws_kms_key.bignbit_parameter_key",
            "aws_ssm_parameter.bignbit_edl_password",
            "aws_ssm_parameter.bignbit_edl_username",
            "module.bignbit.aws_iam_role.bignbit_lambda_role",
            "module.bignbit.aws_sqs_queue.gibs_response_deadletter",
            "module.bignbit.aws_sqs_queue.gibs_response_queue",
            "module.bignbit.data.aws_caller_identity.current",
            "module.bignbit.data.aws_iam_policy_document.bignbit_lambda_assume_role_policy",
            "module.bignbit.data.aws_iam_policy_document.gibs_response_role_policy",
            "module.bignbit.data.aws_region.current"
          ]
        }
      ]
    },
    {
      "module": "module.bignbit",
      "mode": "managed",
      "type": "aws_iam_role_policy",
      "name": "allow_lambda_role_to_send_to_gitc",
      "provider": "provider[\"registry.terraform.io/hashicorp/aws\"]",
      "instances": [
        {
          "schema_version": 0,
          "attributes": {
            "id": "svc-bignbit-nptest-npp-lambda-role:svc-bignbit-nptest-npp20260429174124015900000001",
            "name": "svc-bignbit-nptest-npp20260429174124015900000001",
            "name_prefix": "svc-bignbit-nptest-npp",
            "policy": "{\"Version\":\"2012-10-17\",\"Statement\":[{\"Action\":\"sqs:SendMessage\",\"Effect\":\"Allow\",\"Resource\":\"arn:aws:sqs:*:095845367016:gitc-uat-ASDC-IN.fifo\",\"Sid\":\"SvcBignbitNptestNppGrantSendToGitc\"},{\"Action\":[\"sqs:SendMessage\",\"sqs:ReceiveMessage\",\"sqs:GetQueueUrl\",\"sqs:GetQueueAttributes\",\"sqs:DeleteMessage\",\"sqs:ChangeMessageVisibility\"],\"Effect\":\"Allow\",\"Resource\":[\"arn:aws:sqs:us-east-1:596205514787:*\",\"arn:aws:sqs:us-east-1:095845367016:gitc-uat-ASDC-IN.fifo\"]}]}",
            "role": "svc-bignbit-nptest-npp-lambda-role"
          },
          "sensitive_attributes": [],
          "private": "bnVsbA==",
          "dependencies": [
            "aws_kms_key.bignbit_parameter_key",
            "aws_sqs_queue.mock_gibs_queue",
            "aws_ssm_parameter.bignbit_edl_password",
            "aws_ssm_parameter.bignbit_edl_username",
            "module.bignbit.aws_iam_role.bignbit_lambda_role",
            "module.bignbit.data.aws_caller_identity.current",
            "module.bignbit.data.aws_iam_policy_document.bignbit_lambda_assume_role_policy",
            "module.bignbit.data.aws_iam_policy_document.gibs_request_queue_policy",
            "module.bignbit.data.aws_region.current"
          ]
        }
      ]
    },
    {
      "module": "module.bignbit",
      "mode": "managed",
      "type": "aws_iam_role_policy",
      "name": "bignbit_policy_attach",
      "provider": "provider[\"registry.terraform.io/hashicorp/aws\"]",
      "instances": [
        {
          "schema_version": 0,
          "attributes": {
            "id": "svc-bignbit-nptest-npp-lambda-role:svc-bignbit-nptest-npp_bignbit_policy_attach",
            "name": "svc-bignbit-nptest-npp_bignbit_policy_attach",
            "name_prefix": "",
            "policy": "{\"Version\":\"2012-10-17\",\"Statement\":[{\"Action\":[\"states:StopExecution\",\"states:StartExecution\",\"states:SendTaskSuccess\",\"states:SendTaskFailure\",\"states:ListStateMachines\",\"states:GetExecutionHistory\",\"states:GetActivityTask\",\"states:DescribeExecution\",\"states:DescribeActivity\",\"sns:publish\",\"sns:List*\",\"s3:ListAllMyBuckets\",\"logs:PutLogEvents\",\"logs:DescribeLogStreams\",\"logs:CreateLogStream\",\"logs:CreateLogGroup\",\"lambda:invokeFunction\",\"lambda:GetFunction\",\"kinesis:PutRecord\",\"kinesis:ListStreams\",\"kinesis:GetShardIterator\",\"kinesis:GetRecords\",\"kinesis:DescribeStream\",\"events:PutRule\",\"events:ListRules\",\"events:EnableRule\",\"events:DisableRule\",\"events:DescribeRule\",\"events:DeleteRule\",\"ec2:DescribeNetworkInterfaces\",\"ec2:DeleteNetworkInterface\",\"ec2:CreateNetworkInterface\",\"dynamodb:ListTables\",\"cloudformation:DescribeStacks\"],\"Effect\":\"Allow\",\"Resource\":\"*\"},{\"Action\":[\"s3:PutReplicationConfiguration\",\"s3:PutObject*\",\"s3:PutLifecycleConfiguration\",\"s3:PutBucket*\",\"s3:PutAccelerateConfiguration\",\"s3:ListMultipartUploadParts\",\"s3:ListBucket*\",\"s3:GetReplicationConfiguration\",\"s3:GetObject*\",\"s3:GetLifecycleConfiguration\",\"s3:GetBucket*\",\"s3:GetAccelerateConfiguration\",\"s3:DeleteObjectVersion\",\"s3:DeleteObject\",\"s3:AbortMultipartUpload\"],\"Effect\":\"Allow\",\"Resource\":[\"arn:aws:s3:::svc-bignbit-nptest-npp-staging/*\",\"arn:aws:s3:::svc-bignbit-nptest-npp-staging\",\"arn:aws:s3:::ppilone-internal/*\",\"arn:aws:s3:::ppilone-internal\"]},{\"Action\":[\"ssm:GetParameters\",\"ssm:GetParameter\"],\"Effect\":\"Allow\",\"Resource\":[\"arn:aws:ssm:us-east-1:596205514787:parameter/npp-bignbit-nptest-edl-username\",\"arn:aws:ssm:us-east-1:596205514787:parameter/npp-bignbit-nptest-edl-password\"]},{\"Action\":[\"s3:PutObject*\",\"s3:ListBucket*\",\"s3:GetObject*\"],\"Effect\":\"Allow\",\"Resource\":[\"arn:aws:s3:::cumulus-sit-public/*\",\"arn:aws:s3:::cumulus-sit-public\",\"arn:aws:s3:::cumulus-sit-protected/*\",\"arn:aws:s3:::cumulus-sit-protected\"],\"Sid\":\"AllowAccessToDataBuckets\"}]}",
            "role": "svc-bignbit-nptest-npp-lambda-role"
          },
          "sensitive_attributes": [],
          "private": "bnVsbA==",
          "dependencies": [
            "aws_kms_key.bignbit_parameter_key",
            "aws_ssm_parameter.bignbit_edl_password",
            "aws_ssm_parameter.bignbit_edl_username",
            "module.bignbit.aws_iam_role.bignbit_lambda_role",
            "module.bignbit.aws_s3_bucket.bignbit_staging_bucket",
            "module.bignbit.data.aws_iam_policy_document.all_bignbit",
            "module.bignbit.data.aws_iam_policy_document.allow_data_buckets_access",
            "module.bignbit.data.aws_iam_policy_document.bignbit_lambda_assume_role_policy",
            "module.bignbit.data.aws_iam_policy_document.bignbit_lambda_policy",
            "module.bignbit.data.aws_ssm_parameter.ed-pass",
            "module.bignbit.data.aws_ssm_parameter.ed-user"
          ]
        }
      ]
    },
    {
      "module": "module.bignbit",
      "mode": "managed",
      "type": "aws_lambda_event_source_mapping",
      "name": "gibs_response_event_trigger",
      "provider": "provider[\"registry.terraform.io/hashicorp/aws\"]",
      "instances": [
        {
          "schema_version": 0,
          "attributes": {
            "amazon_managed_kafka_event_source_config": [],
            "arn": "arn:aws:lambda:us-east-1:596205514787:event-source-mapping:335870ea-bfce-46dc-b454-fbcc71176912",
            "batch_size": 10,
            "bisect_batch_on_function_error": false,
            "destination_config": [],
            "document_db_event_source_config": [],
            "enabled": true,
            "event_source_arn": "arn:aws:sqs:us-east-1:596205514787:svc-bignbit-nptest-npp-gibs-response-queue",
            "filter_criteria": [],
            "function_arn": "arn:aws:lambda:us-east-1:596205514787:function:svc-bignbit-nptest-npp-handle_gitc_response",
            "function_name": "arn:aws:lambda:us-east-1:596205514787:function:svc-bignbit-nptest-npp-handle_gitc_response",
            "function_response_types": null,
            "id": "335870ea-bfce-46dc-b454-fbcc71176912",
            "kms_key_arn": "",
            "last_modified": "2026-05-04T14:15:45Z",
            "last_processing_result": "",
            "maximum_batching_window_in_seconds": 0,
            "maximum_record_age_in_seconds": 0,
            "maximum_retry_attempts": 0,
            "metrics_config": [],
            "parallelization_factor": 0,
            "provisioned_poller_config": [],
            "queues": null,
            "scaling_config": [],
            "self_managed_event_source": [],
            "self_managed_kafka_event_source_config": [],
            "source_access_configuration": [],
            "starting_position": "",
            "starting_position_timestamp": "",
            "state": "Enabled",
            "state_transition_reason": "USER_INITIATED",
            "tags": null,
            "tags_all": {
              "Deployment": "npp"
            },
            "topics": null,
            "tumbling_window_in_seconds": 0,
            "uuid": "335870ea-bfce-46dc-b454-fbcc71176912"
          },
          "sensitive_attributes": [],
          "private": "bnVsbA==",
          "dependencies": [
            "aws_ssm_parameter.bignbit_edl_password",
            "aws_ssm_parameter.bignbit_edl_username",
            "module.bignbit.aws_ecr_repository.lambda-image-repo",
            "module.bignbit.aws_iam_role.bignbit_lambda_role",
            "module.bignbit.aws_lambda_function.handle_gitc_response",
            "module.bignbit.aws_sqs_queue.gibs_response_queue",
            "module.bignbit.data.aws_region.current",
            "module.bignbit.null_resource.upload_ecr_image"
          ]
        }
      ]
    },
    {
      "module": "module.bignbit",
      "mode": "managed",
      "type": "aws_lambda_function",
      "name": "apply_opera_hls_treatment",
      "provider": "provider[\"registry.terraform.io/hashicorp/aws\"]",
      "instances": [
        {
          "schema_version": 0,
          "attributes": {
            "architectures": [
              "x86_64"
            ],
            "arn": "arn:aws:lambda:us-east-1:596205514787:function:svc-bignbit-nptest-npp-apply_opera_hls_treatment",
            "code_sha256": "244b9f2b15899b9e4083a1f8564e9bd3c23b843ff65500f3ac661208591218ba",
            "code_signing_config_arn": "",
            "dead_letter_config": [],
            "description": "",
            "environment": [
              {
                "variables": {
                  "CUMULUS_MESSAGE_ADAPTER_DIR": "/opt/",
                  "EDL_PASS_SSM": "npp-bignbit-nptest-edl-password",
                  "EDL_USER_SSM": "npp-bignbit-nptest-edl-username",
                  "REGION": "us-east-1",
                  "STACK_NAME": "npp"
                }
              }
            ],
            "ephemeral_storage": [
              {
                "size": 512
              }
            ],
            "file_system_config": [],
            "filename": null,
            "function_name": "svc-bignbit-nptest-npp-apply_opera_hls_treatment",
            "handler": "",
            "id": "svc-bignbit-nptest-npp-apply_opera_hls_treatment",
            "image_config": [
              {
                "command": [
                  "bignbit.apply_opera_hls_treatment.lambda_handler"
                ],
                "entry_point": null,
                "working_directory": ""
              }
            ],
            "image_uri": "596205514787.dkr.ecr.us-east-1.amazonaws.com/sit-bignbit:0.4.1",
            "invoke_arn": "arn:aws:apigateway:us-east-1:lambda:path/2015-03-31/functions/arn:aws:lambda:us-east-1:596205514787:function:svc-bignbit-nptest-npp-apply_opera_hls_treatment/invocations",
            "kms_key_arn": "",
            "last_modified": "2026-05-04T14:12:01.582+0000",
            "layers": null,
            "logging_config": [
              {
                "application_log_level": "",
                "log_format": "Text",
                "log_group": "/aws/lambda/svc-bignbit-nptest-npp-apply_opera_hls_treatment",
                "system_log_level": ""
              }
            ],
            "memory_size": 512,
            "package_type": "Image",
            "publish": false,
            "qualified_arn": "arn:aws:lambda:us-east-1:596205514787:function:svc-bignbit-nptest-npp-apply_opera_hls_treatment:$LATEST",
            "qualified_invoke_arn": "arn:aws:apigateway:us-east-1:lambda:path/2015-03-31/functions/arn:aws:lambda:us-east-1:596205514787:function:svc-bignbit-nptest-npp-apply_opera_hls_treatment:$LATEST/invocations",
            "replace_security_groups_on_destroy": null,
            "replacement_security_group_ids": null,
            "reserved_concurrent_executions": -1,
            "role": "arn:aws:iam::596205514787:role/svc-bignbit-nptest-npp-lambda-role",
            "runtime": "",
            "s3_bucket": null,
            "s3_key": null,
            "s3_object_version": null,
            "signing_job_arn": "",
            "signing_profile_version_arn": "",
            "skip_destroy": false,
            "snap_start": [],
            "source_code_hash": "",
            "source_code_size": 0,
            "tags": null,
            "tags_all": {
              "Deployment": "npp"
            },
            "timeout": 30,
            "timeouts": null,
            "tracing_config": [
              {
                "mode": "PassThrough"
              }
            ],
            "version": "$LATEST",
            "vpc_config": [
              {
                "ipv6_allowed_for_dual_stack": false,
                "security_group_ids": [
                  "sg-06b57c3539295b6fd"
                ],
                "subnet_ids": [
                  "subnet-006462bcf62042ed2",
                  "subnet-05f97d83f6d3e47fc"
                ],
                "vpc_id": "vpc-0963b6aeebee016ad"
              }
            ]
          },
          "sensitive_attributes": [],
          "private": "eyJlMmJmYjczMC1lY2FhLTExZTYtOGY4OC0zNDM2M2JjN2M0YzAiOnsiY3JlYXRlIjo2MDAwMDAwMDAwMDAsImRlbGV0ZSI6NjAwMDAwMDAwMDAwLCJ1cGRhdGUiOjYwMDAwMDAwMDAwMH19",
          "dependencies": [
            "aws_ssm_parameter.bignbit_edl_password",
            "aws_ssm_parameter.bignbit_edl_username",
            "module.bignbit.aws_ecr_repository.lambda-image-repo",
            "module.bignbit.aws_iam_role.bignbit_lambda_role",
            "module.bignbit.data.aws_region.current",
            "module.bignbit.null_resource.upload_ecr_image"
          ]
        }
      ]
    },
    {
      "module": "module.bignbit",
      "mode": "managed",
      "type": "aws_lambda_function",
      "name": "build_image_sets",
      "provider": "provider[\"registry.terraform.io/hashicorp/aws\"]",
      "instances": [
        {
          "schema_version": 0,
          "attributes": {
            "architectures": [
              "x86_64"
            ],
            "arn": "arn:aws:lambda:us-east-1:596205514787:function:svc-bignbit-nptest-npp-build_image_sets",
            "code_sha256": "244b9f2b15899b9e4083a1f8564e9bd3c23b843ff65500f3ac661208591218ba",
            "code_signing_config_arn": "",
            "dead_letter_config": [],
            "description": "",
            "environment": [
              {
                "variables": {
                  "CUMULUS_MESSAGE_ADAPTER_DIR": "/opt/",
                  "GIBS_REGION": "us-east-1",
                  "GIBS_SQS_URL": "https://sqs.us-east-1.amazonaws.com/095845367016/gitc-uat-ASDC-IN.fifo",
                  "REGION": "us-east-1",
                  "STACK_NAME": "svc-bignbit-nptest-npp"
                }
              }
            ],
            "ephemeral_storage": [
              {
                "size": 512
              }
            ],
            "file_system_config": [],
            "filename": null,
            "function_name": "svc-bignbit-nptest-npp-build_image_sets",
            "handler": "",
            "id": "svc-bignbit-nptest-npp-build_image_sets",
            "image_config": [
              {
                "command": [
                  "bignbit.build_image_sets.lambda_handler"
                ],
                "entry_point": null,
                "working_directory": ""
              }
            ],
            "image_uri": "596205514787.dkr.ecr.us-east-1.amazonaws.com/sit-bignbit:0.4.1",
            "invoke_arn": "arn:aws:apigateway:us-east-1:lambda:path/2015-03-31/functions/arn:aws:lambda:us-east-1:596205514787:function:svc-bignbit-nptest-npp-build_image_sets/invocations",
            "kms_key_arn": "",
            "last_modified": "2026-05-04T14:12:01.574+0000",
            "layers": null,
            "logging_config": [
              {
                "application_log_level": "",
                "log_format": "Text",
                "log_group": "/aws/lambda/svc-bignbit-nptest-npp-build_image_sets",
                "system_log_level": ""
              }
            ],
            "memory_size": 128,
            "package_type": "Image",
            "publish": false,
            "qualified_arn": "arn:aws:lambda:us-east-1:596205514787:function:svc-bignbit-nptest-npp-build_image_sets:$LATEST",
            "qualified_invoke_arn": "arn:aws:apigateway:us-east-1:lambda:path/2015-03-31/functions/arn:aws:lambda:us-east-1:596205514787:function:svc-bignbit-nptest-npp-build_image_sets:$LATEST/invocations",
            "replace_security_groups_on_destroy": null,
            "replacement_security_group_ids": null,
            "reserved_concurrent_executions": -1,
            "role": "arn:aws:iam::596205514787:role/svc-bignbit-nptest-npp-lambda-role",
            "runtime": "",
            "s3_bucket": null,
            "s3_key": null,
            "s3_object_version": null,
            "signing_job_arn": "",
            "signing_profile_version_arn": "",
            "skip_destroy": false,
            "snap_start": [],
            "source_code_hash": "",
            "source_code_size": 0,
            "tags": null,
            "tags_all": {
              "Deployment": "npp"
            },
            "timeout": 15,
            "timeouts": null,
            "tracing_config": [
              {
                "mode": "PassThrough"
              }
            ],
            "version": "$LATEST",
            "vpc_config": [
              {
                "ipv6_allowed_for_dual_stack": false,
                "security_group_ids": [
                  "sg-06b57c3539295b6fd"
                ],
                "subnet_ids": [
                  "subnet-006462bcf62042ed2",
                  "subnet-05f97d83f6d3e47fc"
                ],
                "vpc_id": "vpc-0963b6aeebee016ad"
              }
            ]
          },
          "sensitive_attributes": [],
          "private": "eyJlMmJmYjczMC1lY2FhLTExZTYtOGY4OC0zNDM2M2JjN2M0YzAiOnsiY3JlYXRlIjo2MDAwMDAwMDAwMDAsImRlbGV0ZSI6NjAwMDAwMDAwMDAwLCJ1cGRhdGUiOjYwMDAwMDAwMDAwMH19",
          "dependencies": [
            "aws_sqs_queue.mock_gibs_queue",
            "aws_ssm_parameter.bignbit_edl_password",
            "aws_ssm_parameter.bignbit_edl_username",
            "module.bignbit.aws_ecr_repository.lambda-image-repo",
            "module.bignbit.aws_iam_role.bignbit_lambda_role",
            "module.bignbit.data.aws_region.current",
            "module.bignbit.null_resource.upload_ecr_image"
          ]
        }
      ]
    },
    {
      "module": "module.bignbit",
      "mode": "managed",
      "type": "aws_lambda_function",
      "name": "generate_image_metadata",
      "provider": "provider[\"registry.terraform.io/hashicorp/aws\"]",
      "instances": [
        {
          "schema_version": 0,
          "attributes": {
            "architectures": [
              "x86_64"
            ],
            "arn": "arn:aws:lambda:us-east-1:596205514787:function:svc-bignbit-nptest-npp-generate_image_metadata",
            "code_sha256": "244b9f2b15899b9e4083a1f8564e9bd3c23b843ff65500f3ac661208591218ba",
            "code_signing_config_arn": "",
            "dead_letter_config": [],
            "description": "",
            "environment": [
              {
                "variables": {
                  "CUMULUS_MESSAGE_ADAPTER_DIR": "/opt/",
                  "REGION": "us-east-1",
                  "STACK_NAME": "npp"
                }
              }
            ],
            "ephemeral_storage": [
              {
                "size": 512
              }
            ],
            "file_system_config": [],
            "filename": null,
            "function_name": "svc-bignbit-nptest-npp-generate_image_metadata",
            "handler": "",
            "id": "svc-bignbit-nptest-npp-generate_image_metadata",
            "image_config": [
              {
                "command": [
                  "bignbit.generate_image_metadata.lambda_handler"
                ],
                "entry_point": null,
                "working_directory": ""
              }
            ],
            "image_uri": "596205514787.dkr.ecr.us-east-1.amazonaws.com/sit-bignbit:0.4.1",
            "invoke_arn": "arn:aws:apigateway:us-east-1:lambda:path/2015-03-31/functions/arn:aws:lambda:us-east-1:596205514787:function:svc-bignbit-nptest-npp-generate_image_metadata/invocations",
            "kms_key_arn": "",
            "last_modified": "2026-05-04T14:12:01.563+0000",
            "layers": null,
            "logging_config": [
              {
                "application_log_level": "",
                "log_format": "Text",
                "log_group": "/aws/lambda/svc-bignbit-nptest-npp-generate_image_metadata",
                "system_log_level": ""
              }
            ],
            "memory_size": 256,
            "package_type": "Image",
            "publish": false,
            "qualified_arn": "arn:aws:lambda:us-east-1:596205514787:function:svc-bignbit-nptest-npp-generate_image_metadata:$LATEST",
            "qualified_invoke_arn": "arn:aws:apigateway:us-east-1:lambda:path/2015-03-31/functions/arn:aws:lambda:us-east-1:596205514787:function:svc-bignbit-nptest-npp-generate_image_metadata:$LATEST/invocations",
            "replace_security_groups_on_destroy": null,
            "replacement_security_group_ids": null,
            "reserved_concurrent_executions": -1,
            "role": "arn:aws:iam::596205514787:role/svc-bignbit-nptest-npp-lambda-role",
            "runtime": "",
            "s3_bucket": null,
            "s3_key": null,
            "s3_object_version": null,
            "signing_job_arn": "",
            "signing_profile_version_arn": "",
            "skip_destroy": false,
            "snap_start": [],
            "source_code_hash": "",
            "source_code_size": 0,
            "tags": null,
            "tags_all": {
              "Deployment": "npp"
            },
            "timeout": 180,
            "timeouts": null,
            "tracing_config": [
              {
                "mode": "PassThrough"
              }
            ],
            "version": "$LATEST",
            "vpc_config": [
              {
                "ipv6_allowed_for_dual_stack": false,
                "security_group_ids": [
                  "sg-06b57c3539295b6fd"
                ],
                "subnet_ids": [
                  "subnet-006462bcf62042ed2",
                  "subnet-05f97d83f6d3e47fc"
                ],
                "vpc_id": "vpc-0963b6aeebee016ad"
              }
            ]
          },
          "sensitive_attributes": [],
          "private": "eyJlMmJmYjczMC1lY2FhLTExZTYtOGY4OC0zNDM2M2JjN2M0YzAiOnsiY3JlYXRlIjo2MDAwMDAwMDAwMDAsImRlbGV0ZSI6NjAwMDAwMDAwMDAwLCJ1cGRhdGUiOjYwMDAwMDAwMDAwMH19",
          "dependencies": [
            "aws_ssm_parameter.bignbit_edl_password",
            "aws_ssm_parameter.bignbit_edl_username",
            "module.bignbit.aws_ecr_repository.lambda-image-repo",
            "module.bignbit.aws_iam_role.bignbit_lambda_role",
            "module.bignbit.data.aws_region.current",
            "module.bignbit.null_resource.upload_ecr_image"
          ]
        }
      ]
    },
    {
      "module": "module.bignbit",
      "mode": "managed",
      "type": "aws_lambda_function",
      "name": "get_collection_concept_id",
      "provider": "provider[\"registry.terraform.io/hashicorp/aws\"]",
      "instances": [
        {
          "schema_version": 0,
          "attributes": {
            "architectures": [
              "x86_64"
            ],
            "arn": "arn:aws:lambda:us-east-1:596205514787:function:svc-bignbit-nptest-npp-get_collection_concept_id",
            "code_sha256": "244b9f2b15899b9e4083a1f8564e9bd3c23b843ff65500f3ac661208591218ba",
            "code_signing_config_arn": "",
            "dead_letter_config": [],
            "description": "",
            "environment": [
              {
                "variables": {
                  "CUMULUS_MESSAGE_ADAPTER_DIR": "/opt/",
                  "EDL_PASS_SSM": "npp-bignbit-nptest-edl-password",
                  "EDL_USER_SSM": "npp-bignbit-nptest-edl-username",
                  "REGION": "us-east-1",
                  "STACK_NAME": "npp"
                }
              }
            ],
            "ephemeral_storage": [
              {
                "size": 512
              }
            ],
            "file_system_config": [],
            "filename": null,
            "function_name": "svc-bignbit-nptest-npp-get_collection_concept_id",
            "handler": "",
            "id": "svc-bignbit-nptest-npp-get_collection_concept_id",
            "image_config": [
              {
                "command": [
                  "bignbit.get_collection_concept_id.lambda_handler"
                ],
                "entry_point": null,
                "working_directory": ""
              }
            ],
            "image_uri": "596205514787.dkr.ecr.us-east-1.amazonaws.com/sit-bignbit:0.4.1",
            "invoke_arn": "arn:aws:apigateway:us-east-1:lambda:path/2015-03-31/functions/arn:aws:lambda:us-east-1:596205514787:function:svc-bignbit-nptest-npp-get_collection_concept_id/invocations",
            "kms_key_arn": "",
            "last_modified": "2026-05-04T14:12:01.600+0000",
            "layers": null,
            "logging_config": [
              {
                "application_log_level": "",
                "log_format": "Text",
                "log_group": "/aws/lambda/svc-bignbit-nptest-npp-get_collection_concept_id",
                "system_log_level": ""
              }
            ],
            "memory_size": 256,
            "package_type": "Image",
            "publish": false,
            "qualified_arn": "arn:aws:lambda:us-east-1:596205514787:function:svc-bignbit-nptest-npp-get_collection_concept_id:$LATEST",
            "qualified_invoke_arn": "arn:aws:apigateway:us-east-1:lambda:path/2015-03-31/functions/arn:aws:lambda:us-east-1:596205514787:function:svc-bignbit-nptest-npp-get_collection_concept_id:$LATEST/invocations",
            "replace_security_groups_on_destroy": null,
            "replacement_security_group_ids": null,
            "reserved_concurrent_executions": -1,
            "role": "arn:aws:iam::596205514787:role/svc-bignbit-nptest-npp-lambda-role",
            "runtime": "",
            "s3_bucket": null,
            "s3_key": null,
            "s3_object_version": null,
            "signing_job_arn": "",
            "signing_profile_version_arn": "",
            "skip_destroy": false,
            "snap_start": [],
            "source_code_hash": "",
            "source_code_size": 0,
            "tags": null,
            "tags_all": {
              "Deployment": "npp"
            },
            "timeout": 30,
            "timeouts": null,
            "tracing_config": [
              {
                "mode": "PassThrough"
              }
            ],
            "version": "$LATEST",
            "vpc_config": [
              {
                "ipv6_allowed_for_dual_stack": false,
                "security_group_ids": [
                  "sg-06b57c3539295b6fd"
                ],
                "subnet_ids": [
                  "subnet-006462bcf62042ed2",
                  "subnet-05f97d83f6d3e47fc"
                ],
                "vpc_id": "vpc-0963b6aeebee016ad"
              }
            ]
          },
          "sensitive_attributes": [],
          "private": "eyJlMmJmYjczMC1lY2FhLTExZTYtOGY4OC0zNDM2M2JjN2M0YzAiOnsiY3JlYXRlIjo2MDAwMDAwMDAwMDAsImRlbGV0ZSI6NjAwMDAwMDAwMDAwLCJ1cGRhdGUiOjYwMDAwMDAwMDAwMH19",
          "dependencies": [
            "aws_ssm_parameter.bignbit_edl_password",
            "aws_ssm_parameter.bignbit_edl_username",
            "module.bignbit.aws_ecr_repository.lambda-image-repo",
            "module.bignbit.aws_iam_role.bignbit_lambda_role",
            "module.bignbit.data.aws_region.current",
            "module.bignbit.null_resource.upload_ecr_image"
          ]
        }
      ]
    },
    {
      "module": "module.bignbit",
      "mode": "managed",
      "type": "aws_lambda_function",
      "name": "get_dataset_configuration",
      "provider": "provider[\"registry.terraform.io/hashicorp/aws\"]",
      "instances": [
        {
          "schema_version": 0,
          "attributes": {
            "architectures": [
              "x86_64"
            ],
            "arn": "arn:aws:lambda:us-east-1:596205514787:function:svc-bignbit-nptest-npp-get_dataset_configuration",
            "code_sha256": "244b9f2b15899b9e4083a1f8564e9bd3c23b843ff65500f3ac661208591218ba",
            "code_signing_config_arn": "",
            "dead_letter_config": [],
            "description": "",
            "environment": [
              {
                "variables": {
                  "CUMULUS_MESSAGE_ADAPTER_DIR": "/opt/",
                  "REGION": "us-east-1",
                  "STACK_NAME": "npp"
                }
              }
            ],
            "ephemeral_storage": [
              {
                "size": 512
              }
            ],
            "file_system_config": [],
            "filename": null,
            "function_name": "svc-bignbit-nptest-npp-get_dataset_configuration",
            "handler": "",
            "id": "svc-bignbit-nptest-npp-get_dataset_configuration",
            "image_config": [
              {
                "command": [
                  "bignbit.get_dataset_configuration.lambda_handler"
                ],
                "entry_point": null,
                "working_directory": ""
              }
            ],
            "image_uri": "596205514787.dkr.ecr.us-east-1.amazonaws.com/sit-bignbit:0.4.1",
            "invoke_arn": "arn:aws:apigateway:us-east-1:lambda:path/2015-03-31/functions/arn:aws:lambda:us-east-1:596205514787:function:svc-bignbit-nptest-npp-get_dataset_configuration/invocations",
            "kms_key_arn": "",
            "last_modified": "2026-05-04T14:15:44.932+0000",
            "layers": null,
            "logging_config": [
              {
                "application_log_level": "",
                "log_format": "Text",
                "log_group": "/aws/lambda/svc-bignbit-nptest-npp-get_dataset_configuration",
                "system_log_level": ""
              }
            ],
            "memory_size": 256,
            "package_type": "Image",
            "publish": false,
            "qualified_arn": "arn:aws:lambda:us-east-1:596205514787:function:svc-bignbit-nptest-npp-get_dataset_configuration:$LATEST",
            "qualified_invoke_arn": "arn:aws:apigateway:us-east-1:lambda:path/2015-03-31/functions/arn:aws:lambda:us-east-1:596205514787:function:svc-bignbit-nptest-npp-get_dataset_configuration:$LATEST/invocations",
            "replace_security_groups_on_destroy": null,
            "replacement_security_group_ids": null,
            "reserved_concurrent_executions": -1,
            "role": "arn:aws:iam::596205514787:role/svc-bignbit-nptest-npp-lambda-role",
            "runtime": "",
            "s3_bucket": null,
            "s3_key": null,
            "s3_object_version": null,
            "signing_job_arn": "",
            "signing_profile_version_arn": "",
            "skip_destroy": false,
            "snap_start": [],
            "source_code_hash": "",
            "source_code_size": 0,
            "tags": null,
            "tags_all": {
              "Deployment": "npp"
            },
            "timeout": 30,
            "timeouts": null,
            "tracing_config": [
              {
                "mode": "PassThrough"
              }
            ],
            "version": "$LATEST",
            "vpc_config": [
              {
                "ipv6_allowed_for_dual_stack": false,
                "security_group_ids": [
                  "sg-06b57c3539295b6fd"
                ],
                "subnet_ids": [
                  "subnet-006462bcf62042ed2",
                  "subnet-05f97d83f6d3e47fc"
                ],
                "vpc_id": "vpc-0963b6aeebee016ad"
              }
            ]
          },
          "sensitive_attributes": [],
          "private": "eyJlMmJmYjczMC1lY2FhLTExZTYtOGY4OC0zNDM2M2JjN2M0YzAiOnsiY3JlYXRlIjo2MDAwMDAwMDAwMDAsImRlbGV0ZSI6NjAwMDAwMDAwMDAwLCJ1cGRhdGUiOjYwMDAwMDAwMDAwMH19",
          "dependencies": [
            "aws_ssm_parameter.bignbit_edl_password",
            "aws_ssm_parameter.bignbit_edl_username",
            "module.bignbit.aws_ecr_repository.lambda-image-repo",
            "module.bignbit.aws_iam_role.bignbit_lambda_role",
            "module.bignbit.data.aws_region.current",
            "module.bignbit.null_resource.upload_ecr_image"
          ]
        }
      ]
    },
    {
      "module": "module.bignbit",
      "mode": "managed",
      "type": "aws_lambda_function",
      "name": "get_granule_umm_json",
      "provider": "provider[\"registry.terraform.io/hashicorp/aws\"]",
      "instances": [
        {
          "schema_version": 0,
          "attributes": {
            "architectures": [
              "x86_64"
            ],
            "arn": "arn:aws:lambda:us-east-1:596205514787:function:svc-bignbit-nptest-npp-get_granule_umm_json",
            "code_sha256": "244b9f2b15899b9e4083a1f8564e9bd3c23b843ff65500f3ac661208591218ba",
            "code_signing_config_arn": "",
            "dead_letter_config": [],
            "description": "",
            "environment": [
              {
                "variables": {
                  "CUMULUS_MESSAGE_ADAPTER_DIR": "/opt/",
                  "EDL_PASS_SSM": "npp-bignbit-nptest-edl-password",
                  "EDL_USER_SSM": "npp-bignbit-nptest-edl-username",
                  "REGION": "us-east-1",
                  "STACK_NAME": "npp"
                }
              }
            ],
            "ephemeral_storage": [
              {
                "size": 512
              }
            ],
            "file_system_config": [],
            "filename": null,
            "function_name": "svc-bignbit-nptest-npp-get_granule_umm_json",
            "handler": "",
            "id": "svc-bignbit-nptest-npp-get_granule_umm_json",
            "image_config": [
              {
                "command": [
                  "bignbit.get_granule_umm_json.lambda_handler"
                ],
                "entry_point": null,
                "working_directory": ""
              }
            ],
            "image_uri": "596205514787.dkr.ecr.us-east-1.amazonaws.com/sit-bignbit:0.4.1",
            "invoke_arn": "arn:aws:apigateway:us-east-1:lambda:path/2015-03-31/functions/arn:aws:lambda:us-east-1:596205514787:function:svc-bignbit-nptest-npp-get_granule_umm_json/invocations",
            "kms_key_arn": "",
            "last_modified": "2026-05-04T14:12:01.573+0000",
            "layers": null,
            "logging_config": [
              {
                "application_log_level": "",
                "log_format": "Text",
                "log_group": "/aws/lambda/svc-bignbit-nptest-npp-get_granule_umm_json",
                "system_log_level": ""
              }
            ],
            "memory_size": 256,
            "package_type": "Image",
            "publish": false,
            "qualified_arn": "arn:aws:lambda:us-east-1:596205514787:function:svc-bignbit-nptest-npp-get_granule_umm_json:$LATEST",
            "qualified_invoke_arn": "arn:aws:apigateway:us-east-1:lambda:path/2015-03-31/functions/arn:aws:lambda:us-east-1:596205514787:function:svc-bignbit-nptest-npp-get_granule_umm_json:$LATEST/invocations",
            "replace_security_groups_on_destroy": null,
            "replacement_security_group_ids": null,
            "reserved_concurrent_executions": -1,
            "role": "arn:aws:iam::596205514787:role/svc-bignbit-nptest-npp-lambda-role",
            "runtime": "",
            "s3_bucket": null,
            "s3_key": null,
            "s3_object_version": null,
            "signing_job_arn": "",
            "signing_profile_version_arn": "",
            "skip_destroy": false,
            "snap_start": [],
            "source_code_hash": "",
            "source_code_size": 0,
            "tags": null,
            "tags_all": {
              "Deployment": "npp"
            },
            "timeout": 30,
            "timeouts": null,
            "tracing_config": [
              {
                "mode": "PassThrough"
              }
            ],
            "version": "$LATEST",
            "vpc_config": [
              {
                "ipv6_allowed_for_dual_stack": false,
                "security_group_ids": [
                  "sg-06b57c3539295b6fd"
                ],
                "subnet_ids": [
                  "subnet-006462bcf62042ed2",
                  "subnet-05f97d83f6d3e47fc"
                ],
                "vpc_id": "vpc-0963b6aeebee016ad"
              }
            ]
          },
          "sensitive_attributes": [],
          "private": "eyJlMmJmYjczMC1lY2FhLTExZTYtOGY4OC0zNDM2M2JjN2M0YzAiOnsiY3JlYXRlIjo2MDAwMDAwMDAwMDAsImRlbGV0ZSI6NjAwMDAwMDAwMDAwLCJ1cGRhdGUiOjYwMDAwMDAwMDAwMH19",
          "dependencies": [
            "aws_ssm_parameter.bignbit_edl_password",
            "aws_ssm_parameter.bignbit_edl_username",
            "module.bignbit.aws_ecr_repository.lambda-image-repo",
            "module.bignbit.aws_iam_role.bignbit_lambda_role",
            "module.bignbit.data.aws_region.current",
            "module.bignbit.null_resource.upload_ecr_image"
          ]
        }
      ]
    },
    {
      "module": "module.bignbit",
      "mode": "managed",
      "type": "aws_lambda_function",
      "name": "get_harmony_job_status",
      "provider": "provider[\"registry.terraform.io/hashicorp/aws\"]",
      "instances": [
        {
          "schema_version": 0,
          "attributes": {
            "architectures": [
              "x86_64"
            ],
            "arn": "arn:aws:lambda:us-east-1:596205514787:function:svc-bignbit-nptest-npp-get_harmony_job_status",
            "code_sha256": "244b9f2b15899b9e4083a1f8564e9bd3c23b843ff65500f3ac661208591218ba",
            "code_signing_config_arn": "",
            "dead_letter_config": [],
            "description": "",
            "environment": [
              {
                "variables": {
                  "CUMULUS_MESSAGE_ADAPTER_DIR": "/opt/",
                  "EDL_PASS_SSM": "npp-bignbit-nptest-edl-password",
                  "EDL_USER_SSM": "npp-bignbit-nptest-edl-username",
                  "REGION": "us-east-1",
                  "STACK_NAME": "npp"
                }
              }
            ],
            "ephemeral_storage": [
              {
                "size": 512
              }
            ],
            "file_system_config": [],
            "filename": null,
            "function_name": "svc-bignbit-nptest-npp-get_harmony_job_status",
            "handler": "",
            "id": "svc-bignbit-nptest-npp-get_harmony_job_status",
            "image_config": [
              {
                "command": [
                  "bignbit.get_harmony_job_status.lambda_handler"
                ],
                "entry_point": null,
                "working_directory": ""
              }
            ],
            "image_uri": "596205514787.dkr.ecr.us-east-1.amazonaws.com/sit-bignbit:0.4.1",
            "invoke_arn": "arn:aws:apigateway:us-east-1:lambda:path/2015-03-31/functions/arn:aws:lambda:us-east-1:596205514787:function:svc-bignbit-nptest-npp-get_harmony_job_status/invocations",
            "kms_key_arn": "",
            "last_modified": "2026-05-04T14:15:44.917+0000",
            "layers": null,
            "logging_config": [
              {
                "application_log_level": "",
                "log_format": "Text",
                "log_group": "/aws/lambda/svc-bignbit-nptest-npp-get_harmony_job_status",
                "system_log_level": ""
              }
            ],
            "memory_size": 256,
            "package_type": "Image",
            "publish": false,
            "qualified_arn": "arn:aws:lambda:us-east-1:596205514787:function:svc-bignbit-nptest-npp-get_harmony_job_status:$LATEST",
            "qualified_invoke_arn": "arn:aws:apigateway:us-east-1:lambda:path/2015-03-31/functions/arn:aws:lambda:us-east-1:596205514787:function:svc-bignbit-nptest-npp-get_harmony_job_status:$LATEST/invocations",
            "replace_security_groups_on_destroy": null,
            "replacement_security_group_ids": null,
            "reserved_concurrent_executions": -1,
            "role": "arn:aws:iam::596205514787:role/svc-bignbit-nptest-npp-lambda-role",
            "runtime": "",
            "s3_bucket": null,
            "s3_key": null,
            "s3_object_version": null,
            "signing_job_arn": "",
            "signing_profile_version_arn": "",
            "skip_destroy": false,
            "snap_start": [],
            "source_code_hash": "",
            "source_code_size": 0,
            "tags": null,
            "tags_all": {
              "Deployment": "npp"
            },
            "timeout": 30,
            "timeouts": null,
            "tracing_config": [
              {
                "mode": "PassThrough"
              }
            ],
            "version": "$LATEST",
            "vpc_config": [
              {
                "ipv6_allowed_for_dual_stack": false,
                "security_group_ids": [
                  "sg-06b57c3539295b6fd"
                ],
                "subnet_ids": [
                  "subnet-006462bcf62042ed2",
                  "subnet-05f97d83f6d3e47fc"
                ],
                "vpc_id": "vpc-0963b6aeebee016ad"
              }
            ]
          },
          "sensitive_attributes": [],
          "private": "eyJlMmJmYjczMC1lY2FhLTExZTYtOGY4OC0zNDM2M2JjN2M0YzAiOnsiY3JlYXRlIjo2MDAwMDAwMDAwMDAsImRlbGV0ZSI6NjAwMDAwMDAwMDAwLCJ1cGRhdGUiOjYwMDAwMDAwMDAwMH19",
          "dependencies": [
            "aws_ssm_parameter.bignbit_edl_password",
            "aws_ssm_parameter.bignbit_edl_username",
            "module.bignbit.aws_ecr_repository.lambda-image-repo",
            "module.bignbit.aws_iam_role.bignbit_lambda_role",
            "module.bignbit.data.aws_region.current",
            "module.bignbit.null_resource.upload_ecr_image"
          ]
        }
      ]
    },
    {
      "module": "module.bignbit",
      "mode": "managed",
      "type": "aws_lambda_function",
      "name": "handle_gitc_response",
      "provider": "provider[\"registry.terraform.io/hashicorp/aws\"]",
      "instances": [
        {
          "schema_version": 0,
          "attributes": {
            "architectures": [
              "x86_64"
            ],
            "arn": "arn:aws:lambda:us-east-1:596205514787:function:svc-bignbit-nptest-npp-handle_gitc_response",
            "code_sha256": "244b9f2b15899b9e4083a1f8564e9bd3c23b843ff65500f3ac661208591218ba",
            "code_signing_config_arn": "",
            "dead_letter_config": [],
            "description": "",
            "environment": [
              {
                "variables": {
                  "BIGNBIT_AUDIT_BUCKET_NAME": "ppilone-internal",
                  "BIGNBIT_AUDIT_PATH_NAME": "bignbit-audit-nptest",
                  "CMR_ENVIRONMENT": "UAT",
                  "CUMULUS_MESSAGE_ADAPTER_DIR": "/opt/",
                  "EDL_PASS_SSM": "npp-bignbit-nptest-edl-password",
                  "EDL_USER_SSM": "npp-bignbit-nptest-edl-username",
                  "REGION": "us-east-1",
                  "STACK_NAME": "svc-bignbit-nptest-npp"
                }
              }
            ],
            "ephemeral_storage": [
              {
                "size": 512
              }
            ],
            "file_system_config": [],
            "filename": null,
            "function_name": "svc-bignbit-nptest-npp-handle_gitc_response",
            "handler": "",
            "id": "svc-bignbit-nptest-npp-handle_gitc_response",
            "image_config": [
              {
                "command": [
                  "bignbit.handle_gitc_response.handler"
                ],
                "entry_point": null,
                "working_directory": ""
              }
            ],
            "image_uri": "596205514787.dkr.ecr.us-east-1.amazonaws.com/sit-bignbit:0.4.1",
            "invoke_arn": "arn:aws:apigateway:us-east-1:lambda:path/2015-03-31/functions/arn:aws:lambda:us-east-1:596205514787:function:svc-bignbit-nptest-npp-handle_gitc_response/invocations",
            "kms_key_arn": "",
            "last_modified": "2026-05-04T14:12:01.945+0000",
            "layers": null,
            "logging_config": [
              {
                "application_log_level": "",
                "log_format": "Text",
                "log_group": "/aws/lambda/svc-bignbit-nptest-npp-handle_gitc_response",
                "system_log_level": ""
              }
            ],
            "memory_size": 128,
            "package_type": "Image",
            "publish": false,
            "qualified_arn": "arn:aws:lambda:us-east-1:596205514787:function:svc-bignbit-nptest-npp-handle_gitc_response:$LATEST",
            "qualified_invoke_arn": "arn:aws:apigateway:us-east-1:lambda:path/2015-03-31/functions/arn:aws:lambda:us-east-1:596205514787:function:svc-bignbit-nptest-npp-handle_gitc_response:$LATEST/invocations",
            "replace_security_groups_on_destroy": null,
            "replacement_security_group_ids": null,
            "reserved_concurrent_executions": -1,
            "role": "arn:aws:iam::596205514787:role/svc-bignbit-nptest-npp-lambda-role",
            "runtime": "",
            "s3_bucket": null,
            "s3_key": null,
            "s3_object_version": null,
            "signing_job_arn": "",
            "signing_profile_version_arn": "",
            "skip_destroy": false,
            "snap_start": [],
            "source_code_hash": "",
            "source_code_size": 0,
            "tags": null,
            "tags_all": {
              "Deployment": "npp"
            },
            "timeout": 45,
            "timeouts": null,
            "tracing_config": [
              {
                "mode": "PassThrough"
              }
            ],
            "version": "$LATEST",
            "vpc_config": [
              {
                "ipv6_allowed_for_dual_stack": false,
                "security_group_ids": [
                  "sg-06b57c3539295b6fd"
                ],
                "subnet_ids": [
                  "subnet-006462bcf62042ed2",
                  "subnet-05f97d83f6d3e47fc"
                ],
                "vpc_id": "vpc-0963b6aeebee016ad"
              }
            ]
          },
          "sensitive_attributes": [],
          "private": "eyJlMmJmYjczMC1lY2FhLTExZTYtOGY4OC0zNDM2M2JjN2M0YzAiOnsiY3JlYXRlIjo2MDAwMDAwMDAwMDAsImRlbGV0ZSI6NjAwMDAwMDAwMDAwLCJ1cGRhdGUiOjYwMDAwMDAwMDAwMH19",
          "dependencies": [
            "aws_ssm_parameter.bignbit_edl_password",
            "aws_ssm_parameter.bignbit_edl_username",
            "module.bignbit.aws_ecr_repository.lambda-image-repo",
            "module.bignbit.aws_iam_role.bignbit_lambda_role",
            "module.bignbit.data.aws_region.current",
            "module.bignbit.null_resource.upload_ecr_image"
          ]
        }
      ]
    },
    {
      "module": "module.bignbit",
      "mode": "managed",
      "type": "aws_lambda_function",
      "name": "identify_image_file",
      "provider": "provider[\"registry.terraform.io/hashicorp/aws\"]",
      "instances": [
        {
          "schema_version": 0,
          "attributes": {
            "architectures": [
              "x86_64"
            ],
            "arn": "arn:aws:lambda:us-east-1:596205514787:function:svc-bignbit-nptest-npp-identify_image_file",
            "code_sha256": "244b9f2b15899b9e4083a1f8564e9bd3c23b843ff65500f3ac661208591218ba",
            "code_signing_config_arn": "",
            "dead_letter_config": [],
            "description": "",
            "environment": [
              {
                "variables": {
                  "CUMULUS_MESSAGE_ADAPTER_DIR": "/opt/",
                  "REGION": "us-east-1",
                  "STACK_NAME": "npp"
                }
              }
            ],
            "ephemeral_storage": [
              {
                "size": 512
              }
            ],
            "file_system_config": [],
            "filename": null,
            "function_name": "svc-bignbit-nptest-npp-identify_image_file",
            "handler": "",
            "id": "svc-bignbit-nptest-npp-identify_image_file",
            "image_config": [
              {
                "command": [
                  "bignbit.identify_image_file.lambda_handler"
                ],
                "entry_point": null,
                "working_directory": ""
              }
            ],
            "image_uri": "596205514787.dkr.ecr.us-east-1.amazonaws.com/sit-bignbit:0.4.1",
            "invoke_arn": "arn:aws:apigateway:us-east-1:lambda:path/2015-03-31/functions/arn:aws:lambda:us-east-1:596205514787:function:svc-bignbit-nptest-npp-identify_image_file/invocations",
            "kms_key_arn": "",
            "last_modified": "2026-05-04T14:12:01.573+0000",
            "layers": null,
            "logging_config": [
              {
                "application_log_level": "",
                "log_format": "Text",
                "log_group": "/aws/lambda/svc-bignbit-nptest-npp-identify_image_file",
                "system_log_level": ""
              }
            ],
            "memory_size": 256,
            "package_type": "Image",
            "publish": false,
            "qualified_arn": "arn:aws:lambda:us-east-1:596205514787:function:svc-bignbit-nptest-npp-identify_image_file:$LATEST",
            "qualified_invoke_arn": "arn:aws:apigateway:us-east-1:lambda:path/2015-03-31/functions/arn:aws:lambda:us-east-1:596205514787:function:svc-bignbit-nptest-npp-identify_image_file:$LATEST/invocations",
            "replace_security_groups_on_destroy": null,
            "replacement_security_group_ids": null,
            "reserved_concurrent_executions": -1,
            "role": "arn:aws:iam::596205514787:role/svc-bignbit-nptest-npp-lambda-role",
            "runtime": "",
            "s3_bucket": null,
            "s3_key": null,
            "s3_object_version": null,
            "signing_job_arn": "",
            "signing_profile_version_arn": "",
            "skip_destroy": false,
            "snap_start": [],
            "source_code_hash": "",
            "source_code_size": 0,
            "tags": null,
            "tags_all": {
              "Deployment": "npp"
            },
            "timeout": 30,
            "timeouts": null,
            "tracing_config": [
              {
                "mode": "PassThrough"
              }
            ],
            "version": "$LATEST",
            "vpc_config": [
              {
                "ipv6_allowed_for_dual_stack": false,
                "security_group_ids": [
                  "sg-06b57c3539295b6fd"
                ],
                "subnet_ids": [
                  "subnet-006462bcf62042ed2",
                  "subnet-05f97d83f6d3e47fc"
                ],
                "vpc_id": "vpc-0963b6aeebee016ad"
              }
            ]
          },
          "sensitive_attributes": [],
          "private": "eyJlMmJmYjczMC1lY2FhLTExZTYtOGY4OC0zNDM2M2JjN2M0YzAiOnsiY3JlYXRlIjo2MDAwMDAwMDAwMDAsImRlbGV0ZSI6NjAwMDAwMDAwMDAwLCJ1cGRhdGUiOjYwMDAwMDAwMDAwMH19",
          "dependencies": [
            "aws_ssm_parameter.bignbit_edl_password",
            "aws_ssm_parameter.bignbit_edl_username",
            "module.bignbit.aws_ecr_repository.lambda-image-repo",
            "module.bignbit.aws_iam_role.bignbit_lambda_role",
            "module.bignbit.data.aws_region.current",
            "module.bignbit.null_resource.upload_ecr_image"
          ]
        }
      ]
    },
    {
      "module": "module.bignbit",
      "mode": "managed",
      "type": "aws_lambda_function",
      "name": "process_harmony_results",
      "provider": "provider[\"registry.terraform.io/hashicorp/aws\"]",
      "instances": [
        {
          "schema_version": 0,
          "attributes": {
            "architectures": [
              "x86_64"
            ],
            "arn": "arn:aws:lambda:us-east-1:596205514787:function:svc-bignbit-nptest-npp-process_harmony_output",
            "code_sha256": "244b9f2b15899b9e4083a1f8564e9bd3c23b843ff65500f3ac661208591218ba",
            "code_signing_config_arn": "",
            "dead_letter_config": [],
            "description": "",
            "environment": [
              {
                "variables": {
                  "CUMULUS_MESSAGE_ADAPTER_DIR": "/opt/",
                  "EDL_PASS_SSM": "npp-bignbit-nptest-edl-password",
                  "EDL_USER_SSM": "npp-bignbit-nptest-edl-username",
                  "REGION": "us-east-1",
                  "STACK_NAME": "npp"
                }
              }
            ],
            "ephemeral_storage": [
              {
                "size": 512
              }
            ],
            "file_system_config": [],
            "filename": null,
            "function_name": "svc-bignbit-nptest-npp-process_harmony_output",
            "handler": "",
            "id": "svc-bignbit-nptest-npp-process_harmony_output",
            "image_config": [
              {
                "command": [
                  "bignbit.process_harmony_results.lambda_handler"
                ],
                "entry_point": null,
                "working_directory": ""
              }
            ],
            "image_uri": "596205514787.dkr.ecr.us-east-1.amazonaws.com/sit-bignbit:0.4.1",
            "invoke_arn": "arn:aws:apigateway:us-east-1:lambda:path/2015-03-31/functions/arn:aws:lambda:us-east-1:596205514787:function:svc-bignbit-nptest-npp-process_harmony_output/invocations",
            "kms_key_arn": "",
            "last_modified": "2026-05-04T14:12:01.588+0000",
            "layers": null,
            "logging_config": [
              {
                "application_log_level": "",
                "log_format": "Text",
                "log_group": "/aws/lambda/svc-bignbit-nptest-npp-process_harmony_output",
                "system_log_level": ""
              }
            ],
            "memory_size": 256,
            "package_type": "Image",
            "publish": false,
            "qualified_arn": "arn:aws:lambda:us-east-1:596205514787:function:svc-bignbit-nptest-npp-process_harmony_output:$LATEST",
            "qualified_invoke_arn": "arn:aws:apigateway:us-east-1:lambda:path/2015-03-31/functions/arn:aws:lambda:us-east-1:596205514787:function:svc-bignbit-nptest-npp-process_harmony_output:$LATEST/invocations",
            "replace_security_groups_on_destroy": null,
            "replacement_security_group_ids": null,
            "reserved_concurrent_executions": -1,
            "role": "arn:aws:iam::596205514787:role/svc-bignbit-nptest-npp-lambda-role",
            "runtime": "",
            "s3_bucket": null,
            "s3_key": null,
            "s3_object_version": null,
            "signing_job_arn": "",
            "signing_profile_version_arn": "",
            "skip_destroy": false,
            "snap_start": [],
            "source_code_hash": "",
            "source_code_size": 0,
            "tags": null,
            "tags_all": {
              "Deployment": "npp"
            },
            "timeout": 30,
            "timeouts": null,
            "tracing_config": [
              {
                "mode": "PassThrough"
              }
            ],
            "version": "$LATEST",
            "vpc_config": [
              {
                "ipv6_allowed_for_dual_stack": false,
                "security_group_ids": [
                  "sg-06b57c3539295b6fd"
                ],
                "subnet_ids": [
                  "subnet-006462bcf62042ed2",
                  "subnet-05f97d83f6d3e47fc"
                ],
                "vpc_id": "vpc-0963b6aeebee016ad"
              }
            ]
          },
          "sensitive_attributes": [],
          "private": "eyJlMmJmYjczMC1lY2FhLTExZTYtOGY4OC0zNDM2M2JjN2M0YzAiOnsiY3JlYXRlIjo2MDAwMDAwMDAwMDAsImRlbGV0ZSI6NjAwMDAwMDAwMDAwLCJ1cGRhdGUiOjYwMDAwMDAwMDAwMH19",
          "dependencies": [
            "aws_ssm_parameter.bignbit_edl_password",
            "aws_ssm_parameter.bignbit_edl_username",
            "module.bignbit.aws_ecr_repository.lambda-image-repo",
            "module.bignbit.aws_iam_role.bignbit_lambda_role",
            "module.bignbit.data.aws_region.current",
            "module.bignbit.null_resource.upload_ecr_image"
          ]
        }
      ]
    },
    {
      "module": "module.bignbit",
      "mode": "managed",
      "type": "aws_lambda_function",
      "name": "save_cnm_message",
      "provider": "provider[\"registry.terraform.io/hashicorp/aws\"]",
      "instances": [
        {
          "schema_version": 0,
          "attributes": {
            "architectures": [
              "x86_64"
            ],
            "arn": "arn:aws:lambda:us-east-1:596205514787:function:svc-bignbit-nptest-npp-save_cnm_message",
            "code_sha256": "244b9f2b15899b9e4083a1f8564e9bd3c23b843ff65500f3ac661208591218ba",
            "code_signing_config_arn": "",
            "dead_letter_config": [],
            "description": "",
            "environment": [
              {
                "variables": {
                  "CUMULUS_MESSAGE_ADAPTER_DIR": "/opt/",
                  "REGION": "us-east-1",
                  "STACK_NAME": "svc-bignbit-nptest-npp"
                }
              }
            ],
            "ephemeral_storage": [
              {
                "size": 512
              }
            ],
            "file_system_config": [],
            "filename": null,
            "function_name": "svc-bignbit-nptest-npp-save_cnm_message",
            "handler": "",
            "id": "svc-bignbit-nptest-npp-save_cnm_message",
            "image_config": [
              {
                "command": [
                  "bignbit.save_cnm_message.lambda_handler"
                ],
                "entry_point": null,
                "working_directory": ""
              }
            ],
            "image_uri": "596205514787.dkr.ecr.us-east-1.amazonaws.com/sit-bignbit:0.4.1",
            "invoke_arn": "arn:aws:apigateway:us-east-1:lambda:path/2015-03-31/functions/arn:aws:lambda:us-east-1:596205514787:function:svc-bignbit-nptest-npp-save_cnm_message/invocations",
            "kms_key_arn": "",
            "last_modified": "2026-05-04T14:12:01.590+0000",
            "layers": null,
            "logging_config": [
              {
                "application_log_level": "",
                "log_format": "Text",
                "log_group": "/aws/lambda/svc-bignbit-nptest-npp-save_cnm_message",
                "system_log_level": ""
              }
            ],
            "memory_size": 128,
            "package_type": "Image",
            "publish": false,
            "qualified_arn": "arn:aws:lambda:us-east-1:596205514787:function:svc-bignbit-nptest-npp-save_cnm_message:$LATEST",
            "qualified_invoke_arn": "arn:aws:apigateway:us-east-1:lambda:path/2015-03-31/functions/arn:aws:lambda:us-east-1:596205514787:function:svc-bignbit-nptest-npp-save_cnm_message:$LATEST/invocations",
            "replace_security_groups_on_destroy": null,
            "replacement_security_group_ids": null,
            "reserved_concurrent_executions": -1,
            "role": "arn:aws:iam::596205514787:role/svc-bignbit-nptest-npp-lambda-role",
            "runtime": "",
            "s3_bucket": null,
            "s3_key": null,
            "s3_object_version": null,
            "signing_job_arn": "",
            "signing_profile_version_arn": "",
            "skip_destroy": false,
            "snap_start": [],
            "source_code_hash": "",
            "source_code_size": 0,
            "tags": null,
            "tags_all": {
              "Deployment": "npp"
            },
            "timeout": 15,
            "timeouts": null,
            "tracing_config": [
              {
                "mode": "PassThrough"
              }
            ],
            "version": "$LATEST",
            "vpc_config": [
              {
                "ipv6_allowed_for_dual_stack": false,
                "security_group_ids": [
                  "sg-06b57c3539295b6fd"
                ],
                "subnet_ids": [
                  "subnet-006462bcf62042ed2",
                  "subnet-05f97d83f6d3e47fc"
                ],
                "vpc_id": "vpc-0963b6aeebee016ad"
              }
            ]
          },
          "sensitive_attributes": [],
          "private": "eyJlMmJmYjczMC1lY2FhLTExZTYtOGY4OC0zNDM2M2JjN2M0YzAiOnsiY3JlYXRlIjo2MDAwMDAwMDAwMDAsImRlbGV0ZSI6NjAwMDAwMDAwMDAwLCJ1cGRhdGUiOjYwMDAwMDAwMDAwMH19",
          "dependencies": [
            "aws_ssm_parameter.bignbit_edl_password",
            "aws_ssm_parameter.bignbit_edl_username",
            "module.bignbit.aws_ecr_repository.lambda-image-repo",
            "module.bignbit.aws_iam_role.bignbit_lambda_role",
            "module.bignbit.data.aws_region.current",
            "module.bignbit.null_resource.upload_ecr_image"
          ]
        }
      ]
    },
    {
      "module": "module.bignbit",
      "mode": "managed",
      "type": "aws_lambda_function",
      "name": "send_to_gitc",
      "provider": "provider[\"registry.terraform.io/hashicorp/aws\"]",
      "instances": [
        {
          "schema_version": 0,
          "attributes": {
            "architectures": [
              "x86_64"
            ],
            "arn": "arn:aws:lambda:us-east-1:596205514787:function:svc-bignbit-nptest-npp-send_to_gitc",
            "code_sha256": "244b9f2b15899b9e4083a1f8564e9bd3c23b843ff65500f3ac661208591218ba",
            "code_signing_config_arn": "",
            "dead_letter_config": [],
            "description": "",
            "environment": [
              {
                "variables": {
                  "CUMULUS_MESSAGE_ADAPTER_DIR": "/opt/",
                  "GIBS_REGION": "us-east-1",
                  "GIBS_RESPONSE_TOPIC_ARN": "arn:aws:sns:us-east-1:596205514787:svc-bignbit-nptest-npp-gibs-response-topic",
                  "GIBS_SQS_URL": "https://sqs.us-east-1.amazonaws.com/095845367016/gitc-uat-ASDC-IN.fifo",
                  "REGION": "us-east-1",
                  "STACK_NAME": "svc-bignbit-nptest-npp"
                }
              }
            ],
            "ephemeral_storage": [
              {
                "size": 512
              }
            ],
            "file_system_config": [],
            "filename": null,
            "function_name": "svc-bignbit-nptest-npp-send_to_gitc",
            "handler": "",
            "id": "svc-bignbit-nptest-npp-send_to_gitc",
            "image_config": [
              {
                "command": [
                  "bignbit.send_to_gitc.lambda_handler"
                ],
                "entry_point": null,
                "working_directory": ""
              }
            ],
            "image_uri": "596205514787.dkr.ecr.us-east-1.amazonaws.com/sit-bignbit:0.4.1",
            "invoke_arn": "arn:aws:apigateway:us-east-1:lambda:path/2015-03-31/functions/arn:aws:lambda:us-east-1:596205514787:function:svc-bignbit-nptest-npp-send_to_gitc/invocations",
            "kms_key_arn": "",
            "last_modified": "2026-05-04T14:15:44.916+0000",
            "layers": null,
            "logging_config": [
              {
                "application_log_level": "",
                "log_format": "Text",
                "log_group": "/aws/lambda/svc-bignbit-nptest-npp-send_to_gitc",
                "system_log_level": ""
              }
            ],
            "memory_size": 128,
            "package_type": "Image",
            "publish": false,
            "qualified_arn": "arn:aws:lambda:us-east-1:596205514787:function:svc-bignbit-nptest-npp-send_to_gitc:$LATEST",
            "qualified_invoke_arn": "arn:aws:apigateway:us-east-1:lambda:path/2015-03-31/functions/arn:aws:lambda:us-east-1:596205514787:function:svc-bignbit-nptest-npp-send_to_gitc:$LATEST/invocations",
            "replace_security_groups_on_destroy": null,
            "replacement_security_group_ids": null,
            "reserved_concurrent_executions": -1,
            "role": "arn:aws:iam::596205514787:role/svc-bignbit-nptest-npp-lambda-role",
            "runtime": "",
            "s3_bucket": null,
            "s3_key": null,
            "s3_object_version": null,
            "signing_job_arn": "",
            "signing_profile_version_arn": "",
            "skip_destroy": false,
            "snap_start": [],
            "source_code_hash": "",
            "source_code_size": 0,
            "tags": null,
            "tags_all": {
              "Deployment": "npp"
            },
            "timeout": 15,
            "timeouts": null,
            "tracing_config": [
              {
                "mode": "PassThrough"
              }
            ],
            "version": "$LATEST",
            "vpc_config": [
              {
                "ipv6_allowed_for_dual_stack": false,
                "security_group_ids": [
                  "sg-06b57c3539295b6fd"
                ],
                "subnet_ids": [
                  "subnet-006462bcf62042ed2",
                  "subnet-05f97d83f6d3e47fc"
                ],
                "vpc_id": "vpc-0963b6aeebee016ad"
              }
            ]
          },
          "sensitive_attributes": [],
          "private": "eyJlMmJmYjczMC1lY2FhLTExZTYtOGY4OC0zNDM2M2JjN2M0YzAiOnsiY3JlYXRlIjo2MDAwMDAwMDAwMDAsImRlbGV0ZSI6NjAwMDAwMDAwMDAwLCJ1cGRhdGUiOjYwMDAwMDAwMDAwMH19",
          "dependencies": [
            "aws_sqs_queue.mock_gibs_queue",
            "aws_ssm_parameter.bignbit_edl_password",
            "aws_ssm_parameter.bignbit_edl_username",
            "module.bignbit.aws_ecr_repository.lambda-image-repo",
            "module.bignbit.aws_iam_role.bignbit_lambda_role",
            "module.bignbit.aws_sns_topic.gibs_response_topic",
            "module.bignbit.data.aws_region.current",
            "module.bignbit.null_resource.upload_ecr_image"
          ]
        }
      ]
    },
    {
      "module": "module.bignbit",
      "mode": "managed",
      "type": "aws_lambda_function",
      "name": "submit_harmony_job",
      "provider": "provider[\"registry.terraform.io/hashicorp/aws\"]",
      "instances": [
        {
          "schema_version": 0,
          "attributes": {
            "architectures": [
              "x86_64"
            ],
            "arn": "arn:aws:lambda:us-east-1:596205514787:function:svc-bignbit-nptest-npp-submit_harmony_job",
            "code_sha256": "244b9f2b15899b9e4083a1f8564e9bd3c23b843ff65500f3ac661208591218ba",
            "code_signing_config_arn": "",
            "dead_letter_config": [],
            "description": "",
            "environment": [
              {
                "variables": {
                  "CUMULUS_MESSAGE_ADAPTER_DIR": "/opt/",
                  "EDL_PASS_SSM": "npp-bignbit-nptest-edl-password",
                  "EDL_USER_SSM": "npp-bignbit-nptest-edl-username",
                  "REGION": "us-east-1",
                  "STACK_NAME": "npp"
                }
              }
            ],
            "ephemeral_storage": [
              {
                "size": 512
              }
            ],
            "file_system_config": [],
            "filename": null,
            "function_name": "svc-bignbit-nptest-npp-submit_harmony_job",
            "handler": "",
            "id": "svc-bignbit-nptest-npp-submit_harmony_job",
            "image_config": [
              {
                "command": [
                  "bignbit.submit_harmony_job.lambda_handler"
                ],
                "entry_point": null,
                "working_directory": ""
              }
            ],
            "image_uri": "596205514787.dkr.ecr.us-east-1.amazonaws.com/sit-bignbit:0.4.1",
            "invoke_arn": "arn:aws:apigateway:us-east-1:lambda:path/2015-03-31/functions/arn:aws:lambda:us-east-1:596205514787:function:svc-bignbit-nptest-npp-submit_harmony_job/invocations",
            "kms_key_arn": "",
            "last_modified": "2026-05-04T14:12:01.576+0000",
            "layers": null,
            "logging_config": [
              {
                "application_log_level": "",
                "log_format": "Text",
                "log_group": "/aws/lambda/svc-bignbit-nptest-npp-submit_harmony_job",
                "system_log_level": ""
              }
            ],
            "memory_size": 256,
            "package_type": "Image",
            "publish": false,
            "qualified_arn": "arn:aws:lambda:us-east-1:596205514787:function:svc-bignbit-nptest-npp-submit_harmony_job:$LATEST",
            "qualified_invoke_arn": "arn:aws:apigateway:us-east-1:lambda:path/2015-03-31/functions/arn:aws:lambda:us-east-1:596205514787:function:svc-bignbit-nptest-npp-submit_harmony_job:$LATEST/invocations",
            "replace_security_groups_on_destroy": null,
            "replacement_security_group_ids": null,
            "reserved_concurrent_executions": -1,
            "role": "arn:aws:iam::596205514787:role/svc-bignbit-nptest-npp-lambda-role",
            "runtime": "",
            "s3_bucket": null,
            "s3_key": null,
            "s3_object_version": null,
            "signing_job_arn": "",
            "signing_profile_version_arn": "",
            "skip_destroy": false,
            "snap_start": [],
            "source_code_hash": "",
            "source_code_size": 0,
            "tags": null,
            "tags_all": {
              "Deployment": "npp"
            },
            "timeout": 30,
            "timeouts": null,
            "tracing_config": [
              {
                "mode": "PassThrough"
              }
            ],
            "version": "$LATEST",
            "vpc_config": [
              {
                "ipv6_allowed_for_dual_stack": false,
                "security_group_ids": [
                  "sg-06b57c3539295b6fd"
                ],
                "subnet_ids": [
                  "subnet-006462bcf62042ed2",
                  "subnet-05f97d83f6d3e47fc"
                ],
                "vpc_id": "vpc-0963b6aeebee016ad"
              }
            ]
          },
          "sensitive_attributes": [],
          "private": "eyJlMmJmYjczMC1lY2FhLTExZTYtOGY4OC0zNDM2M2JjN2M0YzAiOnsiY3JlYXRlIjo2MDAwMDAwMDAwMDAsImRlbGV0ZSI6NjAwMDAwMDAwMDAwLCJ1cGRhdGUiOjYwMDAwMDAwMDAwMH19",
          "dependencies": [
            "aws_ssm_parameter.bignbit_edl_password",
            "aws_ssm_parameter.bignbit_edl_username",
            "module.bignbit.aws_ecr_repository.lambda-image-repo",
            "module.bignbit.aws_iam_role.bignbit_lambda_role",
            "module.bignbit.data.aws_region.current",
            "module.bignbit.null_resource.upload_ecr_image"
          ]
        }
      ]
    },
    {
      "module": "module.bignbit",
      "mode": "managed",
      "type": "aws_s3_bucket",
      "name": "bignbit_staging_bucket",
      "provider": "provider[\"registry.terraform.io/hashicorp/aws\"]",
      "instances": [
        {
          "index_key": 0,
          "schema_version": 0,
          "attributes": {
            "acceleration_status": "",
            "acl": null,
            "arn": "arn:aws:s3:::svc-bignbit-nptest-npp-staging",
            "bucket": "svc-bignbit-nptest-npp-staging",
            "bucket_domain_name": "svc-bignbit-nptest-npp-staging.s3.amazonaws.com",
            "bucket_prefix": "",
            "bucket_regional_domain_name": "svc-bignbit-nptest-npp-staging.s3.us-east-1.amazonaws.com",
            "cors_rule": [],
            "force_destroy": false,
            "grant": [
              {
                "id": "fe3f16719bb293e218f6e5fea86e345b0a696560d784177395715b24041da90e",
                "permissions": [
                  "FULL_CONTROL"
                ],
                "type": "CanonicalUser",
                "uri": ""
              }
            ],
            "hosted_zone_id": "Z3AQBSTGFYJSTF",
            "id": "svc-bignbit-nptest-npp-staging",
            "lifecycle_rule": [
              {
                "abort_incomplete_multipart_upload_days": 0,
                "enabled": true,
                "expiration": [
                  {
                    "date": "",
                    "days": 30,
                    "expired_object_delete_marker": false
                  }
                ],
                "id": "ExpireHarmonyObjectsAfter30Days",
                "noncurrent_version_expiration": [],
                "noncurrent_version_transition": [],
                "prefix": "bignbit-harmony-output",
                "tags": {},
                "transition": []
              },
              {
                "abort_incomplete_multipart_upload_days": 0,
                "enabled": true,
                "expiration": [
                  {
                    "date": "",
                    "days": 30,
                    "expired_object_delete_marker": false
                  }
                ],
                "id": "ExpireOperaHLSObjectsAfter30Days",
                "noncurrent_version_expiration": [],
                "noncurrent_version_transition": [],
                "prefix": "opera_hls_processing/",
                "tags": {},
                "transition": []
              }
            ],
            "logging": [],
            "object_lock_configuration": [],
            "object_lock_enabled": false,
            "policy": "{\"Statement\":[{\"Action\":\"s3:PutObject\",\"Effect\":\"Allow\",\"Principal\":{\"AWS\":[\"arn:aws:iam::549360732797:root\",\"arn:aws:iam::625642860590:root\"]},\"Resource\":\"arn:aws:s3:::svc-bignbit-nptest-npp-staging/bignbit-harmony-output/*\",\"Sid\":\"write permission\"},{\"Action\":\"s3:GetBucketLocation\",\"Effect\":\"Allow\",\"Principal\":{\"AWS\":[\"arn:aws:iam::549360732797:root\",\"arn:aws:iam::625642860590:root\"]},\"Resource\":\"arn:aws:s3:::svc-bignbit-nptest-npp-staging\",\"Sid\":\"get bucket location permission\"},{\"Action\":\"s3:GetObject*\",\"Effect\":\"Allow\",\"Principal\":{\"AWS\":\"arn:aws:iam::095845367016:root\"},\"Resource\":[\"arn:aws:s3:::svc-bignbit-nptest-npp-staging/opera_hls_processing/*\",\"arn:aws:s3:::svc-bignbit-nptest-npp-staging/bignbit-harmony-output/*\"],\"Sid\":\"gibs get object\"}],\"Version\":\"2012-10-17\"}",
            "region": "us-east-1",
            "replication_configuration": [],
            "request_payer": "BucketOwner",
            "server_side_encryption_configuration": [
              {
                "rule": [
                  {
                    "apply_server_side_encryption_by_default": [
                      {
                        "kms_master_key_id": "",
                        "sse_algorithm": "AES256"
                      }
                    ],
                    "bucket_key_enabled": true
                  }
                ]
              }
            ],
            "tags": {},
            "tags_all": {
              "Deployment": "npp"
            },
            "timeouts": null,
            "versioning": [
              {
                "enabled": false,
                "mfa_delete": false
              }
            ],
            "website": [],
            "website_domain": null,
            "website_endpoint": null
          },
          "sensitive_attributes": [],
          "private": "eyJlMmJmYjczMC1lY2FhLTExZTYtOGY4OC0zNDM2M2JjN2M0YzAiOnsiY3JlYXRlIjoxMjAwMDAwMDAwMDAwLCJkZWxldGUiOjM2MDAwMDAwMDAwMDAsInJlYWQiOjEyMDAwMDAwMDAwMDAsInVwZGF0ZSI6MTIwMDAwMDAwMDAwMH19",
          "dependencies": [
            "aws_ssm_parameter.bignbit_edl_password",
            "aws_ssm_parameter.bignbit_edl_username"
          ]
        }
      ]
    },
    {
      "module": "module.bignbit",
      "mode": "managed",
      "type": "aws_s3_bucket_lifecycle_configuration",
      "name": "expire_objects_30_days",
      "provider": "provider[\"registry.terraform.io/hashicorp/aws\"]",
      "instances": [
        {
          "index_key": 0,
          "schema_version": 1,
          "attributes": {
            "bucket": "svc-bignbit-nptest-npp-staging",
            "expected_bucket_owner": "",
            "id": "svc-bignbit-nptest-npp-staging",
            "rule": [
              {
                "abort_incomplete_multipart_upload": [],
                "expiration": [
                  {
                    "date": null,
                    "days": 30,
                    "expired_object_delete_marker": false
                  }
                ],
                "filter": [
                  {
                    "and": [],
                    "object_size_greater_than": null,
                    "object_size_less_than": null,
                    "prefix": "bignbit-harmony-output",
                    "tag": []
                  }
                ],
                "id": "ExpireHarmonyObjectsAfter30Days",
                "noncurrent_version_expiration": [],
                "noncurrent_version_transition": [],
                "prefix": "",
                "status": "Enabled",
                "transition": []
              },
              {
                "abort_incomplete_multipart_upload": [],
                "expiration": [
                  {
                    "date": null,
                    "days": 30,
                    "expired_object_delete_marker": false
                  }
                ],
                "filter": [
                  {
                    "and": [],
                    "object_size_greater_than": null,
                    "object_size_less_than": null,
                    "prefix": "opera_hls_processing/",
                    "tag": []
                  }
                ],
                "id": "ExpireOperaHLSObjectsAfter30Days",
                "noncurrent_version_expiration": [],
                "noncurrent_version_transition": [],
                "prefix": "",
                "status": "Enabled",
                "transition": []
              }
            ],
            "timeouts": null,
            "transition_default_minimum_object_size": "all_storage_classes_128K"
          },
          "sensitive_attributes": [],
          "dependencies": [
            "aws_kms_key.bignbit_parameter_key",
            "aws_ssm_parameter.bignbit_edl_password",
            "aws_ssm_parameter.bignbit_edl_username",
            "module.bignbit.aws_s3_bucket.bignbit_staging_bucket"
          ]
        }
      ]
    },
    {
      "module": "module.bignbit",
      "mode": "managed",
      "type": "aws_s3_bucket_ownership_controls",
      "name": "disable_acls",
      "provider": "provider[\"registry.terraform.io/hashicorp/aws\"]",
      "instances": [
        {
          "index_key": 0,
          "schema_version": 0,
          "attributes": {
            "bucket": "svc-bignbit-nptest-npp-staging",
            "id": "svc-bignbit-nptest-npp-staging",
            "rule": [
              {
                "object_ownership": "BucketOwnerEnforced"
              }
            ]
          },
          "sensitive_attributes": [],
          "private": "bnVsbA==",
          "dependencies": [
            "aws_kms_key.bignbit_parameter_key",
            "aws_ssm_parameter.bignbit_edl_password",
            "aws_ssm_parameter.bignbit_edl_username",
            "module.bignbit.aws_s3_bucket.bignbit_staging_bucket"
          ]
        }
      ]
    },
    {
      "module": "module.bignbit",
      "mode": "managed",
      "type": "aws_s3_bucket_policy",
      "name": "bignbit_staging_bucket_policy",
      "provider": "provider[\"registry.terraform.io/hashicorp/aws\"]",
      "instances": [
        {
          "index_key": 0,
          "schema_version": 0,
          "attributes": {
            "bucket": "svc-bignbit-nptest-npp-staging",
            "id": "svc-bignbit-nptest-npp-staging",
            "policy": "{\"Statement\":[{\"Action\":\"s3:PutObject\",\"Effect\":\"Allow\",\"Principal\":{\"AWS\":[\"arn:aws:iam::625642860590:root\",\"arn:aws:iam::549360732797:root\"]},\"Resource\":\"arn:aws:s3:::svc-bignbit-nptest-npp-staging/bignbit-harmony-output/*\",\"Sid\":\"write permission\"},{\"Action\":\"s3:GetBucketLocation\",\"Effect\":\"Allow\",\"Principal\":{\"AWS\":[\"arn:aws:iam::625642860590:root\",\"arn:aws:iam::549360732797:root\"]},\"Resource\":\"arn:aws:s3:::svc-bignbit-nptest-npp-staging\",\"Sid\":\"get bucket location permission\"},{\"Action\":\"s3:GetObject*\",\"Effect\":\"Allow\",\"Principal\":{\"AWS\":\"arn:aws:iam::095845367016:root\"},\"Resource\":[\"arn:aws:s3:::svc-bignbit-nptest-npp-staging/opera_hls_processing/*\",\"arn:aws:s3:::svc-bignbit-nptest-npp-staging/bignbit-harmony-output/*\"],\"Sid\":\"gibs get object\"}],\"Version\":\"2012-10-17\"}"
          },
          "sensitive_attributes": [],
          "private": "bnVsbA==",
          "dependencies": [
            "aws_kms_key.bignbit_parameter_key",
            "aws_ssm_parameter.bignbit_edl_password",
            "aws_ssm_parameter.bignbit_edl_username",
            "module.bignbit.aws_s3_bucket.bignbit_staging_bucket",
            "module.bignbit.data.aws_iam_policy_document.allow_gibs_getobject",
            "module.bignbit.data.aws_iam_policy_document.allow_harmony_location",
            "module.bignbit.data.aws_iam_policy_document.allow_harmony_write",
            "module.bignbit.data.aws_iam_policy_document.bignbit_staging_bucket_policy"
          ]
        }
      ]
    },
    {
      "module": "module.bignbit",
      "mode": "managed",
      "type": "aws_s3_bucket_server_side_encryption_configuration",
      "name": "enable_bucket_encryption",
      "provider": "provider[\"registry.terraform.io/hashicorp/aws\"]",
      "instances": [
        {
          "index_key": 0,
          "schema_version": 0,
          "attributes": {
            "bucket": "svc-bignbit-nptest-npp-staging",
            "expected_bucket_owner": "",
            "id": "svc-bignbit-nptest-npp-staging",
            "rule": [
              {
                "apply_server_side_encryption_by_default": [
                  {
                    "kms_master_key_id": "",
                    "sse_algorithm": "AES256"
                  }
                ],
                "bucket_key_enabled": true
              }
            ]
          },
          "sensitive_attributes": [],
          "private": "bnVsbA==",
          "dependencies": [
            "aws_kms_key.bignbit_parameter_key",
            "aws_ssm_parameter.bignbit_edl_password",
            "aws_ssm_parameter.bignbit_edl_username",
            "module.bignbit.aws_s3_bucket.bignbit_staging_bucket"
          ]
        }
      ]
    },
    {
      "module": "module.bignbit",
      "mode": "managed",
      "type": "aws_sns_topic",
      "name": "gibs_response_topic",
      "provider": "provider[\"registry.terraform.io/hashicorp/aws\"]",
      "instances": [
        {
          "schema_version": 0,
          "attributes": {
            "application_failure_feedback_role_arn": "",
            "application_success_feedback_role_arn": "",
            "application_success_feedback_sample_rate": 0,
            "archive_policy": "",
            "arn": "arn:aws:sns:us-east-1:596205514787:svc-bignbit-nptest-npp-gibs-response-topic",
            "beginning_archive_time": "",
            "content_based_deduplication": false,
            "delivery_policy": "",
            "display_name": "",
            "fifo_throughput_scope": "",
            "fifo_topic": false,
            "firehose_failure_feedback_role_arn": "",
            "firehose_success_feedback_role_arn": "",
            "firehose_success_feedback_sample_rate": 0,
            "http_failure_feedback_role_arn": "",
            "http_success_feedback_role_arn": "",
            "http_success_feedback_sample_rate": 0,
            "id": "arn:aws:sns:us-east-1:596205514787:svc-bignbit-nptest-npp-gibs-response-topic",
            "kms_master_key_id": "",
            "lambda_failure_feedback_role_arn": "",
            "lambda_success_feedback_role_arn": "",
            "lambda_success_feedback_sample_rate": 0,
            "name": "svc-bignbit-nptest-npp-gibs-response-topic",
            "name_prefix": "",
            "owner": "596205514787",
            "policy": "{\"Statement\":[{\"Action\":\"sns:Publish\",\"Effect\":\"Allow\",\"Principal\":{\"AWS\":[\"arn:aws:iam::095845367016:root\",\"arn:aws:iam::596205514787:root\"]},\"Resource\":\"arn:aws:sns:us-east-1:596205514787:svc-bignbit-nptest-npp-gibs-response-topic\",\"Sid\":\"svc-bignbit-nptest-npp-grant-gitc-publish-sns\"}],\"Version\":\"2012-10-17\"}",
            "signature_version": 0,
            "sqs_failure_feedback_role_arn": "",
            "sqs_success_feedback_role_arn": "",
            "sqs_success_feedback_sample_rate": 0,
            "tags": {},
            "tags_all": {
              "Deployment": "npp"
            },
            "tracing_config": ""
          },
          "sensitive_attributes": [],
          "private": "bnVsbA==",
          "dependencies": [
            "aws_ssm_parameter.bignbit_edl_password",
            "aws_ssm_parameter.bignbit_edl_username"
          ]
        }
      ]
    },
    {
      "module": "module.bignbit",
      "mode": "managed",
      "type": "aws_sns_topic_policy",
      "name": "default",
      "provider": "provider[\"registry.terraform.io/hashicorp/aws\"]",
      "instances": [
        {
          "schema_version": 0,
          "attributes": {
            "arn": "arn:aws:sns:us-east-1:596205514787:svc-bignbit-nptest-npp-gibs-response-topic",
            "id": "arn:aws:sns:us-east-1:596205514787:svc-bignbit-nptest-npp-gibs-response-topic",
            "owner": "596205514787",
            "policy": "{\"Statement\":[{\"Action\":\"sns:Publish\",\"Effect\":\"Allow\",\"Principal\":{\"AWS\":[\"596205514787\",\"095845367016\"]},\"Resource\":\"arn:aws:sns:us-east-1:596205514787:svc-bignbit-nptest-npp-gibs-response-topic\",\"Sid\":\"svc-bignbit-nptest-npp-grant-gitc-publish-sns\"}],\"Version\":\"2012-10-17\"}"
          },
          "sensitive_attributes": [],
          "private": "bnVsbA==",
          "dependencies": [
            "aws_kms_key.bignbit_parameter_key",
            "aws_ssm_parameter.bignbit_edl_password",
            "aws_ssm_parameter.bignbit_edl_username",
            "module.bignbit.aws_sns_topic.gibs_response_topic",
            "module.bignbit.data.aws_caller_identity.current",
            "module.bignbit.data.aws_iam_policy_document.gibs_response_topic_policy"
          ]
        }
      ]
    },
    {
      "module": "module.bignbit",
      "mode": "managed",
      "type": "aws_sns_topic_subscription",
      "name": "gibs_topic_subscription",
      "provider": "provider[\"registry.terraform.io/hashicorp/aws\"]",
      "instances": [
        {
          "schema_version": 0,
          "attributes": {
            "arn": "arn:aws:sns:us-east-1:596205514787:svc-bignbit-nptest-npp-gibs-response-topic:29ecf60b-a955-4d83-ae43-6bb4e9705294",
            "confirmation_timeout_in_minutes": 1,
            "confirmation_was_authenticated": true,
            "delivery_policy": "",
            "endpoint": "arn:aws:sqs:us-east-1:596205514787:svc-bignbit-nptest-npp-gibs-response-queue",
            "endpoint_auto_confirms": false,
            "filter_policy": "",
            "filter_policy_scope": "",
            "id": "arn:aws:sns:us-east-1:596205514787:svc-bignbit-nptest-npp-gibs-response-topic:29ecf60b-a955-4d83-ae43-6bb4e9705294",
            "owner_id": "596205514787",
            "pending_confirmation": false,
            "protocol": "sqs",
            "raw_message_delivery": true,
            "redrive_policy": "",
            "replay_policy": "",
            "subscription_role_arn": "",
            "topic_arn": "arn:aws:sns:us-east-1:596205514787:svc-bignbit-nptest-npp-gibs-response-topic"
          },
          "sensitive_attributes": [],
          "private": "bnVsbA==",
          "dependencies": [
            "aws_kms_key.bignbit_parameter_key",
            "aws_ssm_parameter.bignbit_edl_password",
            "aws_ssm_parameter.bignbit_edl_username",
            "module.bignbit.aws_sns_topic.gibs_response_topic",
            "module.bignbit.aws_sqs_queue.gibs_response_deadletter",
            "module.bignbit.aws_sqs_queue.gibs_response_queue",
            "module.bignbit.data.aws_caller_identity.current",
            "module.bignbit.data.aws_region.current"
          ]
        }
      ]
    },
    {
      "module": "module.bignbit",
      "mode": "managed",
      "type": "aws_sqs_queue",
      "name": "gibs_response_deadletter",
      "provider": "provider[\"registry.terraform.io/hashicorp/aws\"]",
      "instances": [
        {
          "schema_version": 0,
          "attributes": {
            "arn": "arn:aws:sqs:us-east-1:596205514787:svc-bignbit-nptest-npp-gibs-response-dlq",
            "content_based_deduplication": false,
            "deduplication_scope": "",
            "delay_seconds": 0,
            "fifo_queue": false,
            "fifo_throughput_limit": "",
            "id": "https://sqs.us-east-1.amazonaws.com/596205514787/svc-bignbit-nptest-npp-gibs-response-dlq",
            "kms_data_key_reuse_period_seconds": 300,
            "kms_master_key_id": "",
            "max_message_size": 262144,
            "message_retention_seconds": 345600,
            "name": "svc-bignbit-nptest-npp-gibs-response-dlq",
            "name_prefix": "",
            "policy": "",
            "receive_wait_time_seconds": 0,
            "redrive_allow_policy": "{\"redrivePermission\":\"byQueue\",\"sourceQueueArns\":[\"arn:aws:sqs:us-east-1:596205514787:svc-bignbit-nptest-npp-gibs-response-queue\"]}",
            "redrive_policy": "",
            "sqs_managed_sse_enabled": true,
            "tags": {},
            "tags_all": {
              "Deployment": "npp"
            },
            "timeouts": null,
            "url": "https://sqs.us-east-1.amazonaws.com/596205514787/svc-bignbit-nptest-npp-gibs-response-dlq",
            "visibility_timeout_seconds": 30
          },
          "sensitive_attributes": [],
          "private": "eyJlMmJmYjczMC1lY2FhLTExZTYtOGY4OC0zNDM2M2JjN2M0YzAiOnsiY3JlYXRlIjoxODAwMDAwMDAwMDAsImRlbGV0ZSI6MTgwMDAwMDAwMDAwLCJ1cGRhdGUiOjE4MDAwMDAwMDAwMH19",
          "dependencies": [
            "aws_kms_key.bignbit_parameter_key",
            "aws_ssm_parameter.bignbit_edl_password",
            "aws_ssm_parameter.bignbit_edl_username",
            "module.bignbit.data.aws_caller_identity.current",
            "module.bignbit.data.aws_region.current"
          ]
        }
      ]
    },
    {
      "module": "module.bignbit",
      "mode": "managed",
      "type": "aws_sqs_queue",
      "name": "gibs_response_queue",
      "provider": "provider[\"registry.terraform.io/hashicorp/aws\"]",
      "instances": [
        {
          "schema_version": 0,
          "attributes": {
            "arn": "arn:aws:sqs:us-east-1:596205514787:svc-bignbit-nptest-npp-gibs-response-queue",
            "content_based_deduplication": false,
            "deduplication_scope": "",
            "delay_seconds": 0,
            "fifo_queue": false,
            "fifo_throughput_limit": "",
            "id": "https://sqs.us-east-1.amazonaws.com/596205514787/svc-bignbit-nptest-npp-gibs-response-queue",
            "kms_data_key_reuse_period_seconds": 300,
            "kms_master_key_id": "",
            "max_message_size": 262144,
            "message_retention_seconds": 345600,
            "name": "svc-bignbit-nptest-npp-gibs-response-queue",
            "name_prefix": "",
            "policy": "{\"Statement\":[{\"Action\":\"sqs:SendMessage\",\"Condition\":{\"ArnEquals\":{\"aws:SourceArn\":\"arn:aws:sns:us-east-1:596205514787:svc-bignbit-nptest-npp-gibs-response-topic\"}},\"Effect\":\"Allow\",\"Principal\":{\"AWS\":\"arn:aws:iam::596205514787:root\",\"Service\":\"sns.amazonaws.com\"},\"Resource\":\"arn:aws:sqs:us-east-1:596205514787:svc-bignbit-nptest-npp-gibs-response-queue\",\"Sid\":\"svc-bignbit-nptest-npp-grant-topic-send-sqs\"}],\"Version\":\"2012-10-17\"}",
            "receive_wait_time_seconds": 0,
            "redrive_allow_policy": "",
            "redrive_policy": "{\"deadLetterTargetArn\":\"arn:aws:sqs:us-east-1:596205514787:svc-bignbit-nptest-npp-gibs-response-dlq\",\"maxReceiveCount\":4}",
            "sqs_managed_sse_enabled": true,
            "tags": {},
            "tags_all": {
              "Deployment": "npp"
            },
            "timeouts": null,
            "url": "https://sqs.us-east-1.amazonaws.com/596205514787/svc-bignbit-nptest-npp-gibs-response-queue",
            "visibility_timeout_seconds": 45
          },
          "sensitive_attributes": [],
          "private": "eyJlMmJmYjczMC1lY2FhLTExZTYtOGY4OC0zNDM2M2JjN2M0YzAiOnsiY3JlYXRlIjoxODAwMDAwMDAwMDAsImRlbGV0ZSI6MTgwMDAwMDAwMDAwLCJ1cGRhdGUiOjE4MDAwMDAwMDAwMH19",
          "dependencies": [
            "aws_kms_key.bignbit_parameter_key",
            "aws_ssm_parameter.bignbit_edl_password",
            "aws_ssm_parameter.bignbit_edl_username",
            "module.bignbit.aws_sqs_queue.gibs_response_deadletter",
            "module.bignbit.data.aws_caller_identity.current",
            "module.bignbit.data.aws_region.current"
          ]
        }
      ]
    },
    {
      "module": "module.bignbit",
      "mode": "managed",
      "type": "aws_sqs_queue_policy",
      "name": "gibs_response_queue_policy",
      "provider": "provider[\"registry.terraform.io/hashicorp/aws\"]",
      "instances": [
        {
          "schema_version": 1,
          "attributes": {
            "id": "https://sqs.us-east-1.amazonaws.com/596205514787/svc-bignbit-nptest-npp-gibs-response-queue",
            "policy": "{\"Statement\":[{\"Action\":\"sqs:SendMessage\",\"Condition\":{\"ArnEquals\":{\"aws:SourceArn\":\"arn:aws:sns:us-east-1:596205514787:svc-bignbit-nptest-npp-gibs-response-topic\"}},\"Effect\":\"Allow\",\"Principal\":{\"AWS\":\"596205514787\",\"Service\":\"sns.amazonaws.com\"},\"Resource\":\"arn:aws:sqs:us-east-1:596205514787:svc-bignbit-nptest-npp-gibs-response-queue\",\"Sid\":\"svc-bignbit-nptest-npp-grant-topic-send-sqs\"}],\"Version\":\"2012-10-17\"}",
            "queue_url": "https://sqs.us-east-1.amazonaws.com/596205514787/svc-bignbit-nptest-npp-gibs-response-queue"
          },
          "sensitive_attributes": [],
          "private": "eyJzY2hlbWFfdmVyc2lvbiI6IjEifQ==",
          "dependencies": [
            "aws_kms_key.bignbit_parameter_key",
            "aws_ssm_parameter.bignbit_edl_password",
            "aws_ssm_parameter.bignbit_edl_username",
            "module.bignbit.aws_sns_topic.gibs_response_topic",
            "module.bignbit.aws_sqs_queue.gibs_response_deadletter",
            "module.bignbit.aws_sqs_queue.gibs_response_queue",
            "module.bignbit.data.aws_caller_identity.current",
            "module.bignbit.data.aws_iam_policy_document.gibs_response_queue_policy",
            "module.bignbit.data.aws_region.current"
          ]
        }
      ]
    },
    {
      "module": "module.bignbit",
      "mode": "managed",
      "type": "null_resource",
      "name": "ecr_login",
      "provider": "provider[\"registry.terraform.io/hashicorp/null\"]",
      "instances": [
        {
          "schema_version": 0,
          "attributes": {
            "id": "7823538067570390297",
            "triggers": {
              "image_uri": "ghcr.io/podaac/bignbit/bignbit:0.4.1"
            }
          },
          "sensitive_attributes": [],
          "dependencies": [
            "aws_kms_key.bignbit_parameter_key",
            "aws_ssm_parameter.bignbit_edl_password",
            "aws_ssm_parameter.bignbit_edl_username",
            "module.bignbit.data.aws_ecr_authorization_token.token"
          ]
        }
      ]
    },
    {
      "module": "module.bignbit",
      "mode": "managed",
      "type": "null_resource",
      "name": "upload_ecr_image",
      "provider": "provider[\"registry.terraform.io/hashicorp/null\"]",
      "instances": [
        {
          "schema_version": 0,
          "attributes": {
            "id": "3717875319012528443",
            "triggers": {
              "image_uri": "ghcr.io/podaac/bignbit/bignbit:0.4.1"
            }
          },
          "sensitive_attributes": [],
          "dependencies": [
            "aws_kms_key.bignbit_parameter_key",
            "aws_ssm_parameter.bignbit_edl_password",
            "aws_ssm_parameter.bignbit_edl_username",
            "module.bignbit.aws_ecr_repository.lambda-image-repo",
            "module.bignbit.data.aws_ecr_authorization_token.token",
            "module.bignbit.null_resource.ecr_login"
          ]
        }
      ]
    }
  ],
  "check_results": null
}
