{
  "version": 4,
  "terraform_version": "1.5.7",
  "serial": 222,
  "lineage": "c853b551-8b55-62bf-baa5-cf3ca1be8147",
  "outputs": {},
  "resources": [
    {
      "mode": "data",
      "type": "aws_caller_identity",
      "name": "current",
      "provider": "provider[\"registry.terraform.io/hashicorp/aws\"]",
      "instances": [
        {
          "schema_version": 0,
          "attributes": {
            "account_id": "596205514787",
            "arn": "arn:aws:iam::596205514787:user/NGAPShNonProdDeveloper-npauzeng-413",
            "id": "596205514787",
            "user_id": "AIDAYVUE6GARQSVVHQAB4"
          },
          "sensitive_attributes": []
        }
      ]
    },
    {
      "mode": "data",
      "type": "aws_iam_policy_document",
      "name": "bignbit_lambda_role_additional_policy",
      "provider": "provider[\"registry.terraform.io/hashicorp/aws\"]",
      "instances": [
        {
          "schema_version": 0,
          "attributes": {
            "id": "3876496267",
            "json": "{\n  \"Version\": \"2012-10-17\",\n  \"Statement\": [\n    {\n      \"Effect\": \"Allow\",\n      \"Action\": [\n        \"kms:GenerateDataKey\",\n        \"kms:Decrypt\"\n      ],\n      \"Resource\": \"arn:aws:kms:us-east-1:665503794793:key/5c7cb79a-fc0a-41f6-97cb-2dd5df504f7e\"\n    }\n  ]\n}",
            "minified_json": "{\"Version\":\"2012-10-17\",\"Statement\":[{\"Effect\":\"Allow\",\"Action\":[\"kms:GenerateDataKey\",\"kms:Decrypt\"],\"Resource\":\"arn:aws:kms:us-east-1:665503794793:key/5c7cb79a-fc0a-41f6-97cb-2dd5df504f7e\"}]}",
            "override_json": null,
            "override_policy_documents": null,
            "policy_id": null,
            "source_json": null,
            "source_policy_documents": null,
            "statement": [
              {
                "actions": [
                  "kms:Decrypt",
                  "kms:GenerateDataKey"
                ],
                "condition": [],
                "effect": "Allow",
                "not_actions": [],
                "not_principals": [],
                "not_resources": [],
                "principals": [],
                "resources": [
                  "arn:aws:kms:us-east-1:665503794793:key/5c7cb79a-fc0a-41f6-97cb-2dd5df504f7e"
                ],
                "sid": ""
              }
            ],
            "version": "2012-10-17"
          },
          "sensitive_attributes": []
        }
      ]
    },
    {
      "mode": "data",
      "type": "aws_iam_policy_document",
      "name": "bignbit_parameter_key_policy",
      "provider": "provider[\"registry.terraform.io/hashicorp/aws\"]",
      "instances": [
        {
          "schema_version": 0,
          "attributes": {
            "id": "2941883765",
            "json": "{\n  \"Version\": \"2012-10-17\",\n  \"Statement\": [\n    {\n      \"Effect\": \"Allow\",\n      \"Action\": \"kms:*\",\n      \"Resource\": \"arn:aws:kms:us-east-1:596205514787:key/b0023b50-dae8-4300-817a-87d014f842ff\",\n      \"Principal\": {\n        \"AWS\": \"arn:aws:iam::596205514787:root\"\n      }\n    },\n    {\n      \"Effect\": \"Allow\",\n      \"Action\": [\n        \"kms:Update*\",\n        \"kms:ScheduleKeyDeletion\",\n        \"kms:Revoke*\",\n        \"kms:Put*\",\n        \"kms:List*\",\n        \"kms:Get*\",\n        \"kms:Enable*\",\n        \"kms:Disable*\",\n        \"kms:Describe*\",\n        \"kms:Delete*\",\n        \"kms:Create*\",\n        \"kms:CancelKeyDeletion\"\n      ],\n      \"Resource\": \"arn:aws:kms:us-east-1:596205514787:key/b0023b50-dae8-4300-817a-87d014f842ff\",\n      \"Principal\": {\n        \"AWS\": [\n          \"arn:aws:iam::596205514787:role/NGAPShApplicationDeveloper\",\n          \"arn:aws:iam::596205514787:role/NGAPAdmin\"\n        ]\n      }\n    },\n    {\n      \"Effect\": \"Allow\",\n      \"Action\": [\n        \"kms:GenerateDataKey\",\n        \"kms:Encrypt\",\n        \"kms:Decrypt\"\n      ],\n      \"Resource\": \"arn:aws:kms:us-east-1:596205514787:key/b0023b50-dae8-4300-817a-87d014f842ff\",\n      \"Principal\": {\n        \"AWS\": \"arn:aws:iam::596205514787:role/svc-bignbit-nptest-npp-lambda-role\"\n      }\n    }\n  ]\n}",
            "minified_json": "{\"Version\":\"2012-10-17\",\"Statement\":[{\"Effect\":\"Allow\",\"Action\":\"kms:*\",\"Resource\":\"arn:aws:kms:us-east-1:596205514787:key/b0023b50-dae8-4300-817a-87d014f842ff\",\"Principal\":{\"AWS\":\"arn:aws:iam::596205514787:root\"}},{\"Effect\":\"Allow\",\"Action\":[\"kms:Update*\",\"kms:ScheduleKeyDeletion\",\"kms:Revoke*\",\"kms:Put*\",\"kms:List*\",\"kms:Get*\",\"kms:Enable*\",\"kms:Disable*\",\"kms:Describe*\",\"kms:Delete*\",\"kms:Create*\",\"kms:CancelKeyDeletion\"],\"Resource\":\"arn:aws:kms:us-east-1:596205514787:key/b0023b50-dae8-4300-817a-87d014f842ff\",\"Principal\":{\"AWS\":[\"arn:aws:iam::596205514787:role/NGAPShApplicationDeveloper\",\"arn:aws:iam::596205514787:role/NGAPAdmin\"]}},{\"Effect\":\"Allow\",\"Action\":[\"kms:GenerateDataKey\",\"kms:Encrypt\",\"kms:Decrypt\"],\"Resource\":\"arn:aws:kms:us-east-1:596205514787:key/b0023b50-dae8-4300-817a-87d014f842ff\",\"Principal\":{\"AWS\":\"arn:aws:iam::596205514787:role/svc-bignbit-nptest-npp-lambda-role\"}}]}",
            "override_json": null,
            "override_policy_documents": null,
            "policy_id": null,
            "source_json": null,
            "source_policy_documents": null,
            "statement": [
              {
                "actions": [
                  "kms:*"
                ],
                "condition": [],
                "effect": "Allow",
                "not_actions": [],
                "not_principals": [],
                "not_resources": [],
                "principals": [
                  {
                    "identifiers": [
                      "arn:aws:iam::596205514787:root"
                    ],
                    "type": "AWS"
                  }
                ],
                "resources": [
                  "arn:aws:kms:us-east-1:596205514787:key/b0023b50-dae8-4300-817a-87d014f842ff"
                ],
                "sid": ""
              },
              {
                "actions": [
                  "kms:CancelKeyDeletion",
                  "kms:Create*",
                  "kms:Delete*",
                  "kms:Describe*",
                  "kms:Disable*",
                  "kms:Enable*",
                  "kms:Get*",
                  "kms:List*",
                  "kms:Put*",
                  "kms:Revoke*",
                  "kms:ScheduleKeyDeletion",
                  "kms:Update*"
                ],
                "condition": [],
                "effect": "Allow",
                "not_actions": [],
                "not_principals": [],
                "not_resources": [],
                "principals": [
                  {
                    "identifiers": [
                      "arn:aws:iam::596205514787:role/NGAPAdmin",
                      "arn:aws:iam::596205514787:role/NGAPShApplicationDeveloper"
                    ],
                    "type": "AWS"
                  }
                ],
                "resources": [
                  "arn:aws:kms:us-east-1:596205514787:key/b0023b50-dae8-4300-817a-87d014f842ff"
                ],
                "sid": ""
              },
              {
                "actions": [
                  "kms:Decrypt",
                  "kms:Encrypt",
                  "kms:GenerateDataKey"
                ],
                "condition": [],
                "effect": "Allow",
                "not_actions": [],
                "not_principals": [],
                "not_resources": [],
                "principals": [
                  {
                    "identifiers": [
                      "arn:aws:iam::596205514787:role/svc-bignbit-nptest-npp-lambda-role"
                    ],
                    "type": "AWS"
                  }
                ],
                "resources": [
                  "arn:aws:kms:us-east-1:596205514787:key/b0023b50-dae8-4300-817a-87d014f842ff"
                ],
                "sid": ""
              }
            ],
            "version": "2012-10-17"
          },
          "sensitive_attributes": []
        }
      ]
    },
    {
      "mode": "managed",
      "type": "aws_iam_policy",
      "name": "bignbit_lambda_role_additional_policy",
      "provider": "provider[\"registry.terraform.io/hashicorp/aws\"]",
      "instances": [
        {
          "schema_version": 0,
          "attributes": {
            "arn": "arn:aws:iam::596205514787:policy/svc-bignbit-nptest-npp-lambda-role-additional",
            "attachment_count": 0,
            "description": "",
            "id": "arn:aws:iam::596205514787:policy/svc-bignbit-nptest-npp-lambda-role-additional",
            "name": "svc-bignbit-nptest-npp-lambda-role-additional",
            "name_prefix": "",
            "path": "/",
            "policy": "{\"Statement\":[{\"Action\":[\"kms:GenerateDataKey\",\"kms:Decrypt\"],\"Effect\":\"Allow\",\"Resource\":\"arn:aws:kms:us-east-1:665503794793:key/5c7cb79a-fc0a-41f6-97cb-2dd5df504f7e\"}],\"Version\":\"2012-10-17\"}",
            "policy_id": "ANPAYVUE6GARYWRHMQOJK",
            "tags": null,
            "tags_all": {
              "Deployment": "npp"
            }
          },
          "sensitive_attributes": [],
          "private": "bnVsbA==",
          "dependencies": [
            "aws_kms_key.bignbit_parameter_key",
            "aws_ssm_parameter.bignbit_edl_password",
            "aws_ssm_parameter.bignbit_edl_username",
            "data.aws_iam_policy_document.bignbit_lambda_role_additional_policy",
            "module.bignbit.aws_iam_role.bignbit_lambda_role",
            "module.bignbit.data.aws_iam_policy_document.bignbit_lambda_assume_role_policy"
          ]
        }
      ]
    },
    {
      "mode": "managed",
      "type": "aws_iam_role_policy_attachment",
      "name": "bignbit_lambda_role_additional_policy_attachment",
      "provider": "provider[\"registry.terraform.io/hashicorp/aws\"]",
      "instances": [
        {
          "schema_version": 0,
          "attributes": {
            "id": "svc-bignbit-nptest-npp-lambda-role-20260429174124340900000002",
            "policy_arn": "arn:aws:iam::596205514787:policy/svc-bignbit-nptest-npp-lambda-role-additional",
            "role": "svc-bignbit-nptest-npp-lambda-role"
          },
          "sensitive_attributes": [],
          "private": "bnVsbA==",
          "dependencies": [
            "aws_iam_policy.bignbit_lambda_role_additional_policy",
            "aws_kms_key.bignbit_parameter_key",
            "aws_ssm_parameter.bignbit_edl_password",
            "aws_ssm_parameter.bignbit_edl_username",
            "data.aws_iam_policy_document.bignbit_lambda_role_additional_policy",
            "module.bignbit.aws_iam_role.bignbit_lambda_role",
            "module.bignbit.data.aws_iam_policy_document.bignbit_lambda_assume_role_policy"
          ]
        }
      ]
    },
    {
      "mode": "managed",
      "type": "aws_kms_key",
      "name": "bignbit_parameter_key",
      "provider": "provider[\"registry.terraform.io/hashicorp/aws\"]",
      "instances": [
        {
          "schema_version": 0,
          "attributes": {
            "arn": "arn:aws:kms:us-east-1:596205514787:key/b0023b50-dae8-4300-817a-87d014f842ff",
            "bypass_policy_lockout_safety_check": false,
            "custom_key_store_id": "",
            "customer_master_key_spec": "SYMMETRIC_DEFAULT",
            "deletion_window_in_days": null,
            "description": "Key used to encrypt BigNBit SSM parameters",
            "enable_key_rotation": true,
            "id": "b0023b50-dae8-4300-817a-87d014f842ff",
            "is_enabled": true,
            "key_id": "b0023b50-dae8-4300-817a-87d014f842ff",
            "key_usage": "ENCRYPT_DECRYPT",
            "multi_region": false,
            "policy": "{\"Id\":\"key-default-1\",\"Statement\":[{\"Action\":\"kms:*\",\"Effect\":\"Allow\",\"Principal\":{\"AWS\":\"arn:aws:iam::596205514787:root\"},\"Resource\":\"*\",\"Sid\":\"Enable IAM User Permissions\"}],\"Version\":\"2012-10-17\"}",
            "rotation_period_in_days": 365,
            "tags": null,
            "tags_all": {
              "Deployment": "npp"
            },
            "timeouts": null,
            "xks_key_id": ""
          },
          "sensitive_attributes": [],
          "private": "eyJlMmJmYjczMC1lY2FhLTExZTYtOGY4OC0zNDM2M2JjN2M0YzAiOnsiY3JlYXRlIjoxMjAwMDAwMDAwMDB9fQ=="
        }
      ]
    },
    {
      "mode": "managed",
      "type": "aws_kms_key_policy",
      "name": "bignbit_parameter_key_policy",
      "provider": "provider[\"registry.terraform.io/hashicorp/aws\"]",
      "instances": [
        {
          "schema_version": 0,
          "attributes": {
            "bypass_policy_lockout_safety_check": false,
            "id": "b0023b50-dae8-4300-817a-87d014f842ff",
            "key_id": "b0023b50-dae8-4300-817a-87d014f842ff",
            "policy": "{\"Statement\":[{\"Action\":\"kms:*\",\"Effect\":\"Allow\",\"Principal\":{\"AWS\":\"arn:aws:iam::596205514787:root\"},\"Resource\":\"arn:aws:kms:us-east-1:596205514787:key/b0023b50-dae8-4300-817a-87d014f842ff\"},{\"Action\":[\"kms:Update*\",\"kms:ScheduleKeyDeletion\",\"kms:Revoke*\",\"kms:Put*\",\"kms:List*\",\"kms:Get*\",\"kms:Enable*\",\"kms:Disable*\",\"kms:Describe*\",\"kms:Delete*\",\"kms:Create*\",\"kms:CancelKeyDeletion\"],\"Effect\":\"Allow\",\"Principal\":{\"AWS\":[\"arn:aws:iam::596205514787:role/NGAPShApplicationDeveloper\",\"arn:aws:iam::596205514787:role/NGAPAdmin\"]},\"Resource\":\"arn:aws:kms:us-east-1:596205514787:key/b0023b50-dae8-4300-817a-87d014f842ff\"},{\"Action\":[\"kms:GenerateDataKey\",\"kms:Encrypt\",\"kms:Decrypt\"],\"Effect\":\"Allow\",\"Principal\":{\"AWS\":\"arn:aws:iam::596205514787:role/svc-bignbit-nptest-npp-lambda-role\"},\"Resource\":\"arn:aws:kms:us-east-1:596205514787:key/b0023b50-dae8-4300-817a-87d014f842ff\"}],\"Version\":\"2012-10-17\"}"
          },
          "sensitive_attributes": [],
          "private": "bnVsbA==",
          "dependencies": [
            "aws_kms_key.bignbit_parameter_key",
            "aws_ssm_parameter.bignbit_edl_password",
            "aws_ssm_parameter.bignbit_edl_username",
            "data.aws_caller_identity.current",
            "data.aws_iam_policy_document.bignbit_parameter_key_policy",
            "module.bignbit.aws_iam_role.bignbit_lambda_role",
            "module.bignbit.data.aws_iam_policy_document.bignbit_lambda_assume_role_policy"
          ]
        }
      ]
    },
    {
      "mode": "managed",
      "type": "aws_sqs_queue",
      "name": "mock_gibs_queue",
      "provider": "provider[\"registry.terraform.io/hashicorp/aws\"]",
      "instances": []
    },
    {
      "mode": "managed",
      "type": "aws_ssm_parameter",
      "name": "bignbit_edl_password",
      "provider": "provider[\"registry.terraform.io/hashicorp/aws\"]",
      "instances": [
        {
          "schema_version": 0,
          "attributes": {
            "allowed_pattern": "",
            "arn": "arn:aws:ssm:us-east-1:596205514787:parameter/npp-bignbit-nptest-edl-password",
            "data_type": "text",
            "description": "EDL password used by BigNBit when querying CMR",
            "has_value_wo": null,
            "id": "npp-bignbit-nptest-edl-password",
            "insecure_value": null,
            "key_id": "b0023b50-dae8-4300-817a-87d014f842ff",
            "name": "npp-bignbit-nptest-edl-password",
            "overwrite": null,
            "tags": null,
            "tags_all": {
              "Deployment": "npp"
            },
            "tier": "Standard",
            "type": "SecureString",
            "value": "CHANGEME",
            "value_wo": null,
            "value_wo_version": null,
            "version": 1
          },
          "sensitive_attributes": [],
          "private": "bnVsbA==",
          "dependencies": [
            "aws_kms_key.bignbit_parameter_key"
          ]
        }
      ]
    },
    {
      "mode": "managed",
      "type": "aws_ssm_parameter",
      "name": "bignbit_edl_username",
      "provider": "provider[\"registry.terraform.io/hashicorp/aws\"]",
      "instances": [
        {
          "schema_version": 0,
          "attributes": {
            "allowed_pattern": "",
            "arn": "arn:aws:ssm:us-east-1:596205514787:parameter/npp-bignbit-nptest-edl-username",
            "data_type": "text",
            "description": "EDL username used by BigNBit when querying CMR",
            "has_value_wo": null,
            "id": "npp-bignbit-nptest-edl-username",
            "insecure_value": null,
            "key_id": "b0023b50-dae8-4300-817a-87d014f842ff",
            "name": "npp-bignbit-nptest-edl-username",
            "overwrite": null,
            "tags": null,
            "tags_all": {
              "Deployment": "npp"
            },
            "tier": "Standard",
            "type": "SecureString",
            "value": "CHANGEME",
            "value_wo": null,
            "value_wo_version": null,
            "version": 1
          },
          "sensitive_attributes": [],
          "private": "bnVsbA==",
          "dependencies": [
            "aws_kms_key.bignbit_parameter_key"
          ]
        }
      ]
    },
    {
      "module": "module.bignbit",
      "mode": "data",
      "type": "aws_caller_identity",
      "name": "current",
      "provider": "provider[\"registry.terraform.io/hashicorp/aws\"]",
      "instances": [
        {
          "schema_version": 0,
          "attributes": {
            "account_id": "596205514787",
            "arn": "arn:aws:iam::596205514787:user/NGAPShNonProdDeveloper-npauzeng-413",
            "id": "596205514787",
            "user_id": "AIDAYVUE6GARQSVVHQAB4"
          },
          "sensitive_attributes": []
        }
      ]
    },
    {
      "module": "module.bignbit",
      "mode": "data",
      "type": "aws_ecr_authorization_token",
      "name": "token",
      "provider": "provider[\"registry.terraform.io/hashicorp/aws\"]",
      "instances": [
        {
          "schema_version": 0,
          "attributes": {
            "authorization_token": "QVdTOmV5SndZWGxzYjJGa0lqb2lkVlZqVm05aVlrbHRlV1ZHWVdaSVV6TldTbGxwZG0xcWVuTktSamxSYjNkQ2NXUnpUVmg0TVhscFdGZDVRbXBPVnpGNGEyVkVNamMxTmxwMk5HdFZVazUxZGtSRVMzSlNkRzVTZUhVMGMxbG5hbnBNZFU4d2VHNVhRVXMzWkdKek1sbEVlR3BuY1RsV05GUnhiMlpSUjBSaGJubHpPVzVIU205V2EzbERWQzl4TUU5RVNIaEJlVFYxV0ZkNVVHdENMMW9yT1hKR2NEZGhTVTF2V1RCclkyOW5hVXB0UzFKUWQxQnZNVTlKYmpSSGIzcFBjMkZSZUVaUVRDOVZVeXRZWjFOdFJrTkRLMFpaVXpOR1FrbG9abXBVYkhJNUswbDJiVUZCU1RGNFQyMWFSM2RFT0dVNEwyTnVXRlkyTlZWWFVIUm1VbFJLU2pkWWFXeElTbUZyTDAxUk5EWjJabmxFTVZad2QyWnRWRTFUVUVWTVJrZDNNbVpVVFdKeWRtWjFSWEJoTm1KTlprMUtOemRGY25ocWRrcHBRazlHVUhOamF6WXhNSGRaY0U5aGFHSllkMjQwTlhCblNUSkNNM2RHTjJ4M1pHTnFSRVI0ZEhsbGRYZGpjWE4zU21wa1dEVlJlSGt6VkZwUGFVaFNhVEJpTXpFNWJHdEpWbXBHTUZoRldGbDVSVzlqYURWUmJITkhWblJGT0ZGa1luVjJVM0pWZVc1TGVEQm5RMjQxUTFoRE9GVkJVVXRrZUdKSFVqZG1ORE5QZFhsbVRtUTRjMUp5WTFreldXSkJPVlUxZVRSdWFEWk1NbXgzZWxOWldqaG1RaTlaUnpaTk9IWm9Na1ZHVlVoakx6aDZhSE5IWkVGcGJtcERhRkp3TDJkcldVSTFlVTFFTmxCNFVYbFVPUzlsVVV0c1JrSkRMMDFGZUN0WFowTTNSRXBXWm05MFVEVjBTRUY0ZVV0VFNHSlBPWFZJVUZOV2RHTlRhVzR3SzJKNVRGZFpORGx6V1U1VllrNVFTekI0TW1sQ2JXZFZlSEF6YkU5WVkzVXdiek5RUmtwNUsyNUtjM1ZHVkVjNGJYWmtja3hhWWs5NGFtdzRPSGN6WTBOa1FtOW5kbTVJWVRsbVZXZGFWVTgxZG5jNU9ESXdhbVpYV0ZscFdsSlZSMUJKVm5vM1ZXcEpTVkIyVWtKWVFscG1iRlpwTUZoSE9WVldNRFE1YUVaM0wxRkxVMU5IUzBreVlUSmFNamR3U1hRcmNYTnlVa1pWYm5aQ2QxQjNiemhQVldORVFVUkllVlZwYTBFMFptdHhNVUpKWVZCWVJqaDZNVFE0WW5FMEwyNDRiRGd3YmpkRllTOXRSRTVtVFRCc1ltOTVjbGh5YzBOdk1TOWxTekp4Y0UxdVJteExiazFqVEVwNmNrMXdZMnBXTm5RMlpUbHBkMFJMUVhOVFZHZ3djMmgwSzJZd01sYzNhalF3UTBkYWJpOVRlVVJTY2twWmNFVkJSbkp5YTAxcGJrZHRiR3RvWWpsalprNDBURzk0VlhkSk1IRnFieTlZVlRod00zYzVVMnBHTXpOa05FOWtiVGRtVGtkSFZEUTNOV2hzV0RZNVJGSlBlRW9yVmxNMmJuSlRibnBuZDNZeU1IVnlUVTVDYUhGU05HMU9SUzlIVERSb05YcHJkRGxTUTNKamN6Z3JXalZFUVdOdGFYWmxkWFE1ZWxSMVJWVkJORU5xTUhKc2RXeEJVRms1Tm1oTFRIVkxhVWxoVG10cU16VmxRVXcyUkd4SmVHdFBkblUwSzNab05XZGhOa05USWl3aVpHRjBZV3RsZVNJNklrRlJSVUpCU0doM2JUQlpZVWxUU21WU2RFcHROVzR4UnpaMWNXVmxhMWgxYjFoWVVHVTFWVVpqWlRsU2NUZ3ZNVFIzUVVGQlNEUjNaa0ZaU2t0dldrbG9kbU5PUVZGalIyOUhPSGRpVVVsQ1FVUkNiMEpuYTNGb2EybEhPWGN3UWtKM1JYZElaMWxLV1VsYVNVRlhWVVJDUVVWMVRVSkZSVVJQUXpKbFZEZERNbUZFYVhKc1YybG9aMGxDUlVsQk4yRXJWSGR3VkdkbGFHdFJiVWwxU3l0dU1UbDVaMGMyV0VkQ0swNXFhM3BhTTNFNVlUVnZSVkV6WlRrelltVndjelZWYUVnNFZGbHhUVVF2YlVOdFRVUnFXVzlsUzFocFVHNTNaVFJRUW1zOUlpd2lkbVZ5YzJsdmJpSTZJaklpTENKMGVYQmxJam9pUkVGVVFWOUxSVmtpTENKbGVIQnBjbUYwYVc5dUlqb3hOemMzTlRJM05qZ3pmUT09",
            "expires_at": "2026-04-30T05:41:23Z",
            "id": "us-east-1",
            "password": "eyJwYXlsb2FkIjoidVVjVm9iYklteWVGYWZIUzNWSllpdm1qenNKRjlRb3dCcWRzTVh4MXlpWFd5QmpOVzF4a2VEMjc1Nlp2NGtVUk51dkRES3JSdG5SeHU0c1lnanpMdU8weG5XQUs3ZGJzMllEeGpncTlWNFRxb2ZRR0RhbnlzOW5HSm9Wa3lDVC9xME9ESHhBeTV1WFd5UGtCL1orOXJGcDdhSU1vWTBrY29naUptS1JQd1BvMU9JbjRHb3pPc2FReEZQTC9VUytYZ1NtRkNDK0ZZUzNGQkloZmpUbHI5K0l2bUFBSTF4T21aR3dEOGU4L2NuWFY2NVVXUHRmUlRKSjdYaWxISmFrL01RNDZ2ZnlEMVZwd2ZtVE1TUEVMRkd3MmZUTWJydmZ1RXBhNmJNZk1KNzdFcnhqdkppQk9GUHNjazYxMHdZcE9haGJYd240NXBnSTJCM3dGN2x3ZGNqRER4dHlldXdjcXN3SmpkWDVReHkzVFpPaUhSaTBiMzE5bGtJVmpGMFhFWFl5RW9jaDVRbHNHVnRFOFFkYnV2U3JVeW5LeDBnQ241Q1hDOFVBUUtkeGJHUjdmNDNPdXlmTmQ4c1JyY1kzWWJBOVU1eTRuaDZMMmx3elNZWjhmQi9ZRzZNOHZoMkVGVUhjLzh6aHNHZEFpbmpDaFJwL2drWUI1eU1ENlB4UXlUOS9lUUtsRkJDL01FeCtXZ0M3REpWZm90UDV0SEF4eUtTSGJPOXVIUFNWdGNTaW4wK2J5TFdZNDlzWU5VYk5QSzB4MmlCbWdVeHAzbE9YY3UwbzNQRkp5K25Kc3VGVEc4bXZkckxaYk94amw4OHczY0NkQm9ndm5IYTlmVWdaVU81dnc5ODIwamZXWFlpWlJVR1BJVno3VWpJSVB2UkJYQlpmbFZpMFhHOVVWMDQ5aEZ3L1FLU1NHS0kyYTJaMjdwSXQrcXNyUkZVbnZCd1B3bzhPVWNEQURIeVVpa0E0ZmtxMUJJYVBYRjh6MTQ4YnE0L244bDgwbjdFYS9tRE5mTTBsYm95clhyc0NvMS9lSzJxcE1uRmxLbk1jTEp6ck1wY2pWNnQ2ZTlpd0RLQXNTVGgwc2h0K2YwMlc3ajQwQ0dabi9TeURSckpZcEVBRnJya01pbkdtbGtoYjljZk40TG94VXdJMHFqby9YVThwM3c5U2pGMzNkNE9kbTdmTkdHVDQ3NWhsWDY5RFJPeEorVlM2bnJTbnpnd3YyMHVyTU5CaHFSNG1ORS9HTDRoNXprdDlSQ3JjczgrWjVEQWNtaXZldXQ5elR1RVVBNENqMHJsdWxBUFk5NmhLTHVLaUlhTmtqMzVlQUw2RGxJeGtPdnU0K3ZoNWdhNkNTIiwiZGF0YWtleSI6IkFRRUJBSGh3bTBZYUlTSmVSdEptNW4xRzZ1cWVla1h1b1hYUGU1VUZjZTlScTgvMTR3QUFBSDR3ZkFZSktvWklodmNOQVFjR29HOHdiUUlCQURCb0Jna3Foa2lHOXcwQkJ3RXdIZ1lKWUlaSUFXVURCQUV1TUJFRURPQzJlVDdDMmFEaXJsV2loZ0lCRUlBN2ErVHdwVGdlaGtRbUl1SytuMTl5Z0c2WEdCK05qa3paM3E5YTVvRVEzZTkzYmVwczVVaEg4VFlxTUQvbUNtTURqWW9lS1hpUG53ZTRQQms9IiwidmVyc2lvbiI6IjIiLCJ0eXBlIjoiREFUQV9LRVkiLCJleHBpcmF0aW9uIjoxNzc3NTI3NjgzfQ==",
            "proxy_endpoint": "https://596205514787.dkr.ecr.us-east-1.amazonaws.com",
            "registry_id": null,
            "user_name": "AWS"
          },
          "sensitive_attributes": []
        }
      ]
    },
    {
      "module": "module.bignbit",
      "mode": "data",
      "type": "aws_iam_policy_document",
      "name": "all_bignbit",
      "provider": "provider[\"registry.terraform.io/hashicorp/aws\"]",
      "instances": [
        {
          "schema_version": 0,
          "attributes": {
            "id": "1119878211",
            "json": "{\n  \"Version\": \"2012-10-17\",\n  \"Statement\": [\n    {\n      \"Effect\": \"Allow\",\n      \"Action\": [\n        \"states:StopExecution\",\n        \"states:StartExecution\",\n        \"states:SendTaskSuccess\",\n        \"states:SendTaskFailure\",\n        \"states:ListStateMachines\",\n        \"states:GetExecutionHistory\",\n        \"states:GetActivityTask\",\n        \"states:DescribeExecution\",\n        \"states:DescribeActivity\",\n        \"sns:publish\",\n        \"sns:List*\",\n        \"s3:ListAllMyBuckets\",\n        \"logs:PutLogEvents\",\n        \"logs:DescribeLogStreams\",\n        \"logs:CreateLogStream\",\n        \"logs:CreateLogGroup\",\n        \"lambda:invokeFunction\",\n        \"lambda:GetFunction\",\n        \"kinesis:PutRecord\",\n        \"kinesis:ListStreams\",\n        \"kinesis:GetShardIterator\",\n        \"kinesis:GetRecords\",\n        \"kinesis:DescribeStream\",\n        \"events:PutRule\",\n        \"events:ListRules\",\n        \"events:EnableRule\",\n        \"events:DisableRule\",\n        \"events:DescribeRule\",\n        \"events:DeleteRule\",\n        \"ec2:DescribeNetworkInterfaces\",\n        \"ec2:DeleteNetworkInterface\",\n        \"ec2:CreateNetworkInterface\",\n        \"dynamodb:ListTables\",\n        \"cloudformation:DescribeStacks\"\n      ],\n      \"Resource\": \"*\"\n    },\n    {\n      \"Effect\": \"Allow\",\n      \"Action\": [\n        \"s3:PutReplicationConfiguration\",\n        \"s3:PutObject*\",\n        \"s3:PutLifecycleConfiguration\",\n        \"s3:PutBucket*\",\n        \"s3:PutAccelerateConfiguration\",\n        \"s3:ListMultipartUploadParts\",\n        \"s3:ListBucket*\",\n        \"s3:GetReplicationConfiguration\",\n        \"s3:GetObject*\",\n        \"s3:GetLifecycleConfiguration\",\n        \"s3:GetBucket*\",\n        \"s3:GetAccelerateConfiguration\",\n        \"s3:DeleteObjectVersion\",\n        \"s3:DeleteObject\",\n        \"s3:AbortMultipartUpload\"\n      ],\n      \"Resource\": [\n        \"arn:aws:s3:::svc-bignbit-nptest-npp-staging/*\",\n        \"arn:aws:s3:::svc-bignbit-nptest-npp-staging\",\n        \"arn:aws:s3:::ppilone-internal/*\",\n        \"arn:aws:s3:::ppilone-internal\"\n      ]\n    },\n    {\n      \"Effect\": \"Allow\",\n      \"Action\": [\n        \"ssm:GetParameters\",\n        \"ssm:GetParameter\"\n      ],\n      \"Resource\": [\n        \"arn:aws:ssm:us-east-1:596205514787:parameter/npp-bignbit-nptest-edl-username\",\n        \"arn:aws:ssm:us-east-1:596205514787:parameter/npp-bignbit-nptest-edl-password\"\n      ]\n    },\n    {\n      \"Sid\": \"AllowAccessToDataBuckets\",\n      \"Effect\": \"Allow\",\n      \"Action\": [\n        \"s3:PutObject*\",\n        \"s3:ListBucket*\",\n        \"s3:GetObject*\"\n      ],\n      \"Resource\": [\n        \"arn:aws:s3:::cumulus-sit-public/*\",\n        \"arn:aws:s3:::cumulus-sit-public\",\n        \"arn:aws:s3:::cumulus-sit-protected/*\",\n        \"arn:aws:s3:::cumulus-sit-protected\"\n      ]\n    }\n  ]\n}",
            "minified_json": "{\"Version\":\"2012-10-17\",\"Statement\":[{\"Effect\":\"Allow\",\"Action\":[\"states:StopExecution\",\"states:StartExecution\",\"states:SendTaskSuccess\",\"states:SendTaskFailure\",\"states:ListStateMachines\",\"states:GetExecutionHistory\",\"states:GetActivityTask\",\"states:DescribeExecution\",\"states:DescribeActivity\",\"sns:publish\",\"sns:List*\",\"s3:ListAllMyBuckets\",\"logs:PutLogEvents\",\"logs:DescribeLogStreams\",\"logs:CreateLogStream\",\"logs:CreateLogGroup\",\"lambda:invokeFunction\",\"lambda:GetFunction\",\"kinesis:PutRecord\",\"kinesis:ListStreams\",\"kinesis:GetShardIterator\",\"kinesis:GetRecords\",\"kinesis:DescribeStream\",\"events:PutRule\",\"events:ListRules\",\"events:EnableRule\",\"events:DisableRule\",\"events:DescribeRule\",\"events:DeleteRule\",\"ec2:DescribeNetworkInterfaces\",\"ec2:DeleteNetworkInterface\",\"ec2:CreateNetworkInterface\",\"dynamodb:ListTables\",\"cloudformation:DescribeStacks\"],\"Resource\":\"*\"},{\"Effect\":\"Allow\",\"Action\":[\"s3:PutReplicationConfiguration\",\"s3:PutObject*\",\"s3:PutLifecycleConfiguration\",\"s3:PutBucket*\",\"s3:PutAccelerateConfiguration\",\"s3:ListMultipartUploadParts\",\"s3:ListBucket*\",\"s3:GetReplicationConfiguration\",\"s3:GetObject*\",\"s3:GetLifecycleConfiguration\",\"s3:GetBucket*\",\"s3:GetAccelerateConfiguration\",\"s3:DeleteObjectVersion\",\"s3:DeleteObject\",\"s3:AbortMultipartUpload\"],\"Resource\":[\"arn:aws:s3:::svc-bignbit-nptest-npp-staging/*\",\"arn:aws:s3:::svc-bignbit-nptest-npp-staging\",\"arn:aws:s3:::ppilone-internal/*\",\"arn:aws:s3:::ppilone-internal\"]},{\"Effect\":\"Allow\",\"Action\":[\"ssm:GetParameters\",\"ssm:GetParameter\"],\"Resource\":[\"arn:aws:ssm:us-east-1:596205514787:parameter/npp-bignbit-nptest-edl-username\",\"arn:aws:ssm:us-east-1:596205514787:parameter/npp-bignbit-nptest-edl-password\"]},{\"Sid\":\"AllowAccessToDataBuckets\",\"Effect\":\"Allow\",\"Action\":[\"s3:PutObject*\",\"s3:ListBucket*\",\"s3:GetObject*\"],\"Resource\":[\"arn:aws:s3:::cumulus-sit-public/*\",\"arn:aws:s3:::cumulus-sit-public\",\"arn:aws:s3:::cumulus-sit-protected/*\",\"arn:aws:s3:::cumulus-sit-protected\"]}]}",
            "override_json": null,
            "override_policy_documents": null,
            "policy_id": null,
            "source_json": null,
            "source_policy_documents": [
              "{\n  \"Version\": \"2012-10-17\",\n  \"Statement\": [\n    {\n      \"Effect\": \"Allow\",\n      \"Action\": [\n        \"states:StopExecution\",\n        \"states:StartExecution\",\n        \"states:SendTaskSuccess\",\n        \"states:SendTaskFailure\",\n        \"states:ListStateMachines\",\n        \"states:GetExecutionHistory\",\n        \"states:GetActivityTask\",\n        \"states:DescribeExecution\",\n        \"states:DescribeActivity\",\n        \"sns:publish\",\n        \"sns:List*\",\n        \"s3:ListAllMyBuckets\",\n        \"logs:PutLogEvents\",\n        \"logs:DescribeLogStreams\",\n        \"logs:CreateLogStream\",\n        \"logs:CreateLogGroup\",\n        \"lambda:invokeFunction\",\n        \"lambda:GetFunction\",\n        \"kinesis:PutRecord\",\n        \"kinesis:ListStreams\",\n        \"kinesis:GetShardIterator\",\n        \"kinesis:GetRecords\",\n        \"kinesis:DescribeStream\",\n        \"events:PutRule\",\n        \"events:ListRules\",\n        \"events:EnableRule\",\n        \"events:DisableRule\",\n        \"events:DescribeRule\",\n        \"events:DeleteRule\",\n        \"ec2:DescribeNetworkInterfaces\",\n        \"ec2:DeleteNetworkInterface\",\n        \"ec2:CreateNetworkInterface\",\n        \"dynamodb:ListTables\",\n        \"cloudformation:DescribeStacks\"\n      ],\n      \"Resource\": \"*\"\n    },\n    {\n      \"Effect\": \"Allow\",\n      \"Action\": [\n        \"s3:PutReplicationConfiguration\",\n        \"s3:PutObject*\",\n        \"s3:PutLifecycleConfiguration\",\n        \"s3:PutBucket*\",\n        \"s3:PutAccelerateConfiguration\",\n        \"s3:ListMultipartUploadParts\",\n        \"s3:ListBucket*\",\n        \"s3:GetReplicationConfiguration\",\n        \"s3:GetObject*\",\n        \"s3:GetLifecycleConfiguration\",\n        \"s3:GetBucket*\",\n        \"s3:GetAccelerateConfiguration\",\n        \"s3:DeleteObjectVersion\",\n        \"s3:DeleteObject\",\n        \"s3:AbortMultipartUpload\"\n      ],\n      \"Resource\": [\n        \"arn:aws:s3:::svc-bignbit-nptest-npp-staging/*\",\n        \"arn:aws:s3:::svc-bignbit-nptest-npp-staging\",\n        \"arn:aws:s3:::ppilone-internal/*\",\n        \"arn:aws:s3:::ppilone-internal\"\n      ]\n    },\n    {\n      \"Effect\": \"Allow\",\n      \"Action\": [\n        \"ssm:GetParameters\",\n        \"ssm:GetParameter\"\n      ],\n      \"Resource\": [\n        \"arn:aws:ssm:us-east-1:596205514787:parameter/npp-bignbit-nptest-edl-username\",\n        \"arn:aws:ssm:us-east-1:596205514787:parameter/npp-bignbit-nptest-edl-password\"\n      ]\n    }\n  ]\n}",
              "{\n  \"Version\": \"2012-10-17\",\n  \"Statement\": [\n    {\n      \"Sid\": \"AllowAccessToDataBuckets\",\n      \"Effect\": \"Allow\",\n      \"Action\": [\n        \"s3:PutObject*\",\n        \"s3:ListBucket*\",\n        \"s3:GetObject*\"\n      ],\n      \"Resource\": [\n        \"arn:aws:s3:::cumulus-sit-public/*\",\n        \"arn:aws:s3:::cumulus-sit-public\",\n        \"arn:aws:s3:::cumulus-sit-protected/*\",\n        \"arn:aws:s3:::cumulus-sit-protected\"\n      ]\n    }\n  ]\n}"
            ],
            "statement": null,
            "version": "2012-10-17"
          },
          "sensitive_attributes": []
        }
      ]
    },
    {
      "module": "module.bignbit",
      "mode": "data",
      "type": "aws_iam_policy_document",
      "name": "allow_data_buckets_access",
      "provider": "provider[\"registry.terraform.io/hashicorp/aws\"]",
      "instances": [
        {
          "schema_version": 0,
          "attributes": {
            "id": "1102326728",
            "json": "{\n  \"Version\": \"2012-10-17\",\n  \"Statement\": [\n    {\n      \"Sid\": \"AllowAccessToDataBuckets\",\n      \"Effect\": \"Allow\",\n      \"Action\": [\n        \"s3:PutObject*\",\n        \"s3:ListBucket*\",\n        \"s3:GetObject*\"\n      ],\n      \"Resource\": [\n        \"arn:aws:s3:::cumulus-sit-public/*\",\n        \"arn:aws:s3:::cumulus-sit-public\",\n        \"arn:aws:s3:::cumulus-sit-protected/*\",\n        \"arn:aws:s3:::cumulus-sit-protected\"\n      ]\n    }\n  ]\n}",
            "minified_json": "{\"Version\":\"2012-10-17\",\"Statement\":[{\"Sid\":\"AllowAccessToDataBuckets\",\"Effect\":\"Allow\",\"Action\":[\"s3:PutObject*\",\"s3:ListBucket*\",\"s3:GetObject*\"],\"Resource\":[\"arn:aws:s3:::cumulus-sit-public/*\",\"arn:aws:s3:::cumulus-sit-public\",\"arn:aws:s3:::cumulus-sit-protected/*\",\"arn:aws:s3:::cumulus-sit-protected\"]}]}",
            "override_json": null,
            "override_policy_documents": null,
            "policy_id": null,
            "source_json": null,
            "source_policy_documents": null,
            "statement": [
              {
                "actions": [
                  "s3:GetObject*",
                  "s3:ListBucket*",
                  "s3:PutObject*"
                ],
                "condition": [],
                "effect": "Allow",
                "not_actions": [],
                "not_principals": [],
                "not_resources": [],
                "principals": [],
                "resources": [
                  "arn:aws:s3:::cumulus-sit-protected",
                  "arn:aws:s3:::cumulus-sit-protected/*",
                  "arn:aws:s3:::cumulus-sit-public",
                  "arn:aws:s3:::cumulus-sit-public/*"
                ],
                "sid": "AllowAccessToDataBuckets"
              }
            ],
            "version": "2012-10-17"
          },
          "sensitive_attributes": []
        }
      ]
    },
    {
      "module": "module.bignbit",
      "mode": "data",
      "type": "aws_iam_policy_document",
      "name": "allow_gibs_getobject",
      "provider": "provider[\"registry.terraform.io/hashicorp/aws\"]",
      "instances": [
        {
          "index_key": 0,
          "schema_version": 0,
          "attributes": {
            "id": "1346760121",
            "json": "{\n  \"Version\": \"2012-10-17\",\n  \"Statement\": [\n    {\n      \"Sid\": \"gibs get object\",\n      \"Effect\": \"Allow\",\n      \"Action\": \"s3:GetObject*\",\n      \"Resource\": [\n        \"arn:aws:s3:::svc-bignbit-nptest-npp-staging/opera_hls_processing/*\",\n        \"arn:aws:s3:::svc-bignbit-nptest-npp-staging/bignbit-harmony-output/*\"\n      ],\n      \"Principal\": {\n        \"AWS\": \"arn:aws:iam::095845367016:root\"\n      }\n    }\n  ]\n}",
            "minified_json": "{\"Version\":\"2012-10-17\",\"Statement\":[{\"Sid\":\"gibs get object\",\"Effect\":\"Allow\",\"Action\":\"s3:GetObject*\",\"Resource\":[\"arn:aws:s3:::svc-bignbit-nptest-npp-staging/opera_hls_processing/*\",\"arn:aws:s3:::svc-bignbit-nptest-npp-staging/bignbit-harmony-output/*\"],\"Principal\":{\"AWS\":\"arn:aws:iam::095845367016:root\"}}]}",
            "override_json": null,
            "override_policy_documents": null,
            "policy_id": null,
            "source_json": null,
            "source_policy_documents": null,
            "statement": [
              {
                "actions": [
                  "s3:GetObject*"
                ],
                "condition": [],
                "effect": "Allow",
                "not_actions": [],
                "not_principals": [],
                "not_resources": [],
                "principals": [
                  {
                    "identifiers": [
                      "arn:aws:iam::095845367016:root"
                    ],
                    "type": "AWS"
                  }
                ],
                "resources": [
                  "arn:aws:s3:::svc-bignbit-nptest-npp-staging/bignbit-harmony-output/*",
                  "arn:aws:s3:::svc-bignbit-nptest-npp-staging/opera_hls_processing/*"
                ],
                "sid": "gibs get object"
              }
            ],
            "version": "2012-10-17"
          },
          "sensitive_attributes": []
        }
      ]
    },
    {
      "module": "module.bignbit",
      "mode": "data",
      "type": "aws_iam_policy_document",
      "name": "allow_harmony_location",
      "provider": "provider[\"registry.terraform.io/hashicorp/aws\"]",
      "instances": [
        {
          "index_key": 0,
          "schema_version": 0,
          "attributes": {
            "id": "929693732",
            "json": "{\n  \"Version\": \"2012-10-17\",\n  \"Statement\": [\n    {\n      \"Sid\": \"get bucket location permission\",\n      \"Effect\": \"Allow\",\n      \"Action\": \"s3:GetBucketLocation\",\n      \"Resource\": \"arn:aws:s3:::svc-bignbit-nptest-npp-staging\",\n      \"Principal\": {\n        \"AWS\": [\n          \"arn:aws:iam::625642860590:root\",\n          \"arn:aws:iam::549360732797:root\"\n        ]\n      }\n    }\n  ]\n}",
            "minified_json": "{\"Version\":\"2012-10-17\",\"Statement\":[{\"Sid\":\"get bucket location permission\",\"Effect\":\"Allow\",\"Action\":\"s3:GetBucketLocation\",\"Resource\":\"arn:aws:s3:::svc-bignbit-nptest-npp-staging\",\"Principal\":{\"AWS\":[\"arn:aws:iam::625642860590:root\",\"arn:aws:iam::549360732797:root\"]}}]}",
            "override_json": null,
            "override_policy_documents": null,
            "policy_id": null,
            "source_json": null,
            "source_policy_documents": null,
            "statement": [
              {
                "actions": [
                  "s3:GetBucketLocation"
                ],
                "condition": [],
                "effect": "Allow",
                "not_actions": [],
                "not_principals": [],
                "not_resources": [],
                "principals": [
                  {
                    "identifiers": [
                      "arn:aws:iam::549360732797:root",
                      "arn:aws:iam::625642860590:root"
                    ],
                    "type": "AWS"
                  }
                ],
                "resources": [
                  "arn:aws:s3:::svc-bignbit-nptest-npp-staging"
                ],
                "sid": "get bucket location permission"
              }
            ],
            "version": "2012-10-17"
          },
          "sensitive_attributes": []
        }
      ]
    },
    {
      "module": "module.bignbit",
      "mode": "data",
      "type": "aws_iam_policy_document",
      "name": "allow_harmony_write",
      "provider": "provider[\"registry.terraform.io/hashicorp/aws\"]",
      "instances": [
        {
          "index_key": 0,
          "schema_version": 0,
          "attributes": {
            "id": "572017669",
            "json": "{\n  \"Version\": \"2012-10-17\",\n  \"Statement\": [\n    {\n      \"Sid\": \"write permission\",\n      \"Effect\": \"Allow\",\n      \"Action\": \"s3:PutObject\",\n      \"Resource\": \"arn:aws:s3:::svc-bignbit-nptest-npp-staging/bignbit-harmony-output/*\",\n      \"Principal\": {\n        \"AWS\": [\n          \"arn:aws:iam::625642860590:root\",\n          \"arn:aws:iam::549360732797:root\"\n        ]\n      }\n    }\n  ]\n}",
            "minified_json": "{\"Version\":\"2012-10-17\",\"Statement\":[{\"Sid\":\"write permission\",\"Effect\":\"Allow\",\"Action\":\"s3:PutObject\",\"Resource\":\"arn:aws:s3:::svc-bignbit-nptest-npp-staging/bignbit-harmony-output/*\",\"Principal\":{\"AWS\":[\"arn:aws:iam::625642860590:root\",\"arn:aws:iam::549360732797:root\"]}}]}",
            "override_json": null,
            "override_policy_documents": null,
            "policy_id": null,
            "source_json": null,
            "source_policy_documents": null,
            "statement": [
              {
                "actions": [
                  "s3:PutObject"
                ],
                "condition": [],
                "effect": "Allow",
                "not_actions": [],
                "not_principals": [],
                "not_resources": [],
                "principals": [
                  {
                    "identifiers": [
                      "arn:aws:iam::549360732797:root",
                      "arn:aws:iam::625642860590:root"
                    ],
                    "type": "AWS"
                  }
                ],
                "resources": [
                  "arn:aws:s3:::svc-bignbit-nptest-npp-staging/bignbit-harmony-output/*"
                ],
                "sid": "write permission"
              }
            ],
            "version": "2012-10-17"
          },
          "sensitive_attributes": []
        }
      ]
    },
    {
      "module": "module.bignbit",
      "mode": "data",
      "type": "aws_iam_policy_document",
      "name": "bignbit_lambda_assume_role_policy",
      "provider": "provider[\"registry.terraform.io/hashicorp/aws\"]",
      "instances": [
        {
          "schema_version": 0,
          "attributes": {
            "id": "2690255455",
            "json": "{\n  \"Version\": \"2012-10-17\",\n  \"Statement\": [\n    {\n      \"Effect\": \"Allow\",\n      \"Action\": \"sts:AssumeRole\",\n      \"Principal\": {\n        \"Service\": \"lambda.amazonaws.com\"\n      }\n    }\n  ]\n}",
            "minified_json": "{\"Version\":\"2012-10-17\",\"Statement\":[{\"Effect\":\"Allow\",\"Action\":\"sts:AssumeRole\",\"Principal\":{\"Service\":\"lambda.amazonaws.com\"}}]}",
            "override_json": null,
            "override_policy_documents": null,
            "policy_id": null,
            "source_json": null,
            "source_policy_documents": null,
            "statement": [
              {
                "actions": [
                  "sts:AssumeRole"
                ],
                "condition": [],
                "effect": "Allow",
                "not_actions": [],
                "not_principals": [],
                "not_resources": [],
                "principals": [
                  {
                    "identifiers": [
                      "lambda.amazonaws.com"
                    ],
                    "type": "Service"
                  }
                ],
                "resources": [],
                "sid": ""
              }
            ],
            "version": "2012-10-17"
          },
          "sensitive_attributes": []
        }
      ]
    },
    {
      "module": "module.bignbit",
      "mode": "data",
      "type": "aws_iam_policy_document",
      "name": "bignbit_lambda_policy",
      "provider": "provider[\"registry.terraform.io/hashicorp/aws\"]",
      "instances": [
        {
          "schema_version": 0,
          "attributes": {
            "id": "3568490933",
            "json": "{\n  \"Version\": \"2012-10-17\",\n  \"Statement\": [\n    {\n      \"Effect\": \"Allow\",\n      \"Action\": [\n        \"states:StopExecution\",\n        \"states:StartExecution\",\n        \"states:SendTaskSuccess\",\n        \"states:SendTaskFailure\",\n        \"states:ListStateMachines\",\n        \"states:GetExecutionHistory\",\n        \"states:GetActivityTask\",\n        \"states:DescribeExecution\",\n        \"states:DescribeActivity\",\n        \"sns:publish\",\n        \"sns:List*\",\n        \"s3:ListAllMyBuckets\",\n        \"logs:PutLogEvents\",\n        \"logs:DescribeLogStreams\",\n        \"logs:CreateLogStream\",\n        \"logs:CreateLogGroup\",\n        \"lambda:invokeFunction\",\n        \"lambda:GetFunction\",\n        \"kinesis:PutRecord\",\n        \"kinesis:ListStreams\",\n        \"kinesis:GetShardIterator\",\n        \"kinesis:GetRecords\",\n        \"kinesis:DescribeStream\",\n        \"events:PutRule\",\n        \"events:ListRules\",\n        \"events:EnableRule\",\n        \"events:DisableRule\",\n        \"events:DescribeRule\",\n        \"events:DeleteRule\",\n        \"ec2:DescribeNetworkInterfaces\",\n        \"ec2:DeleteNetworkInterface\",\n        \"ec2:CreateNetworkInterface\",\n        \"dynamodb:ListTables\",\n        \"cloudformation:DescribeStacks\"\n      ],\n      \"Resource\": \"*\"\n    },\n    {\n      \"Effect\": \"Allow\",\n      \"Action\": [\n        \"s3:PutReplicationConfiguration\",\n        \"s3:PutObject*\",\n        \"s3:PutLifecycleConfiguration\",\n        \"s3:PutBucket*\",\n        \"s3:PutAccelerateConfiguration\",\n        \"s3:ListMultipartUploadParts\",\n        \"s3:ListBucket*\",\n        \"s3:GetReplicationConfiguration\",\n        \"s3:GetObject*\",\n        \"s3:GetLifecycleConfiguration\",\n        \"s3:GetBucket*\",\n        \"s3:GetAccelerateConfiguration\",\n        \"s3:DeleteObjectVersion\",\n        \"s3:DeleteObject\",\n        \"s3:AbortMultipartUpload\"\n      ],\n      \"Resource\": [\n        \"arn:aws:s3:::svc-bignbit-nptest-npp-staging/*\",\n        \"arn:aws:s3:::svc-bignbit-nptest-npp-staging\",\n        \"arn:aws:s3:::ppilone-internal/*\",\n        \"arn:aws:s3:::ppilone-internal\"\n      ]\n    },\n    {\n      \"Effect\": \"Allow\",\n      \"Action\": [\n        \"ssm:GetParameters\",\n        \"ssm:GetParameter\"\n      ],\n      \"Resource\": [\n        \"arn:aws:ssm:us-east-1:596205514787:parameter/npp-bignbit-nptest-edl-username\",\n        \"arn:aws:ssm:us-east-1:596205514787:parameter/npp-bignbit-nptest-edl-password\"\n      ]\n    }\n  ]\n}",
            "minified_json": "{\"Version\":\"2012-10-17\",\"Statement\":[{\"Effect\":\"Allow\",\"Action\":[\"states:StopExecution\",\"states:StartExecution\",\"states:SendTaskSuccess\",\"states:SendTaskFailure\",\"states:ListStateMachines\",\"states:GetExecutionHistory\",\"states:GetActivityTask\",\"states:DescribeExecution\",\"states:DescribeActivity\",\"sns:publish\",\"sns:List*\",\"s3:ListAllMyBuckets\",\"logs:PutLogEvents\",\"logs:DescribeLogStreams\",\"logs:CreateLogStream\",\"logs:CreateLogGroup\",\"lambda:invokeFunction\",\"lambda:GetFunction\",\"kinesis:PutRecord\",\"kinesis:ListStreams\",\"kinesis:GetShardIterator\",\"kinesis:GetRecords\",\"kinesis:DescribeStream\",\"events:PutRule\",\"events:ListRules\",\"events:EnableRule\",\"events:DisableRule\",\"events:DescribeRule\",\"events:DeleteRule\",\"ec2:DescribeNetworkInterfaces\",\"ec2:DeleteNetworkInterface\",\"ec2:CreateNetworkInterface\",\"dynamodb:ListTables\",\"cloudformation:DescribeStacks\"],\"Resource\":\"*\"},{\"Effect\":\"Allow\",\"Action\":[\"s3:PutReplicationConfiguration\",\"s3:PutObject*\",\"s3:PutLifecycleConfiguration\",\"s3:PutBucket*\",\"s3:PutAccelerateConfiguration\",\"s3:ListMultipartUploadParts\",\"s3:ListBucket*\",\"s3:GetReplicationConfiguration\",\"s3:GetObject*\",\"s3:GetLifecycleConfiguration\",\"s3:GetBucket*\",\"s3:GetAccelerateConfiguration\",\"s3:DeleteObjectVersion\",\"s3:DeleteObject\",\"s3:AbortMultipartUpload\"],\"Resource\":[\"arn:aws:s3:::svc-bignbit-nptest-npp-staging/*\",\"arn:aws:s3:::svc-bignbit-nptest-npp-staging\",\"arn:aws:s3:::ppilone-internal/*\",\"arn:aws:s3:::ppilone-internal\"]},{\"Effect\":\"Allow\",\"Action\":[\"ssm:GetParameters\",\"ssm:GetParameter\"],\"Resource\":[\"arn:aws:ssm:us-east-1:596205514787:parameter/npp-bignbit-nptest-edl-username\",\"arn:aws:ssm:us-east-1:596205514787:parameter/npp-bignbit-nptest-edl-password\"]}]}",
            "override_json": null,
            "override_policy_documents": null,
            "policy_id": null,
            "source_json": null,
            "source_policy_documents": null,
            "statement": [
              {
                "actions": [
                  "cloudformation:DescribeStacks",
                  "dynamodb:ListTables",
                  "ec2:CreateNetworkInterface",
                  "ec2:DeleteNetworkInterface",
                  "ec2:DescribeNetworkInterfaces",
                  "events:DeleteRule",
                  "events:DescribeRule",
                  "events:DisableRule",
                  "events:EnableRule",
                  "events:ListRules",
                  "events:PutRule",
                  "kinesis:DescribeStream",
                  "kinesis:GetRecords",
                  "kinesis:GetShardIterator",
                  "kinesis:ListStreams",
                  "kinesis:PutRecord",
                  "lambda:GetFunction",
                  "lambda:invokeFunction",
                  "logs:CreateLogGroup",
                  "logs:CreateLogStream",
                  "logs:DescribeLogStreams",
                  "logs:PutLogEvents",
                  "s3:ListAllMyBuckets",
                  "sns:List*",
                  "sns:publish",
                  "states:DescribeActivity",
                  "states:DescribeExecution",
                  "states:GetActivityTask",
                  "states:GetExecutionHistory",
                  "states:ListStateMachines",
                  "states:SendTaskFailure",
                  "states:SendTaskSuccess",
                  "states:StartExecution",
                  "states:StopExecution"
                ],
                "condition": [],
                "effect": "Allow",
                "not_actions": [],
                "not_principals": [],
                "not_resources": [],
                "principals": [],
                "resources": [
                  "*"
                ],
                "sid": ""
              },
              {
                "actions": [
                  "s3:AbortMultipartUpload",
                  "s3:DeleteObject",
                  "s3:DeleteObjectVersion",
                  "s3:GetAccelerateConfiguration",
                  "s3:GetBucket*",
                  "s3:GetLifecycleConfiguration",
                  "s3:GetObject*",
                  "s3:GetReplicationConfiguration",
                  "s3:ListBucket*",
                  "s3:ListMultipartUploadParts",
                  "s3:PutAccelerateConfiguration",
                  "s3:PutBucket*",
                  "s3:PutLifecycleConfiguration",
                  "s3:PutObject*",
                  "s3:PutReplicationConfiguration"
                ],
                "condition": [],
                "effect": "Allow",
                "not_actions": [],
                "not_principals": [],
                "not_resources": [],
                "principals": [],
                "resources": [
                  "arn:aws:s3:::ppilone-internal",
                  "arn:aws:s3:::ppilone-internal/*",
                  "arn:aws:s3:::svc-bignbit-nptest-npp-staging",
                  "arn:aws:s3:::svc-bignbit-nptest-npp-staging/*"
                ],
                "sid": ""
              },
              {
                "actions": [
                  "ssm:GetParameter",
                  "ssm:GetParameters"
                ],
                "condition": [],
                "effect": "Allow",
                "not_actions": [],
                "not_principals": [],
                "not_resources": [],
                "principals": [],
                "resources": [
                  "arn:aws:ssm:us-east-1:596205514787:parameter/npp-bignbit-nptest-edl-password",
                  "arn:aws:ssm:us-east-1:596205514787:parameter/npp-bignbit-nptest-edl-username"
                ],
                "sid": ""
              }
            ],
            "version": "2012-10-17"
          },
          "sensitive_attributes": []
        }
      ]
    },
    {
      "module": "module.bignbit",
      "mode": "data",
      "type": "aws_iam_policy_document",
      "name": "bignbit_staging_bucket_policy",
      "provider": "provider[\"registry.terraform.io/hashicorp/aws\"]",
      "instances": [
        {
          "index_key": 0,
          "schema_version": 0,
          "attributes": {
            "id": "840961757",
            "json": "{\n  \"Version\": \"2012-10-17\",\n  \"Statement\": [\n    {\n      \"Sid\": \"write permission\",\n      \"Effect\": \"Allow\",\n      \"Action\": \"s3:PutObject\",\n      \"Resource\": \"arn:aws:s3:::svc-bignbit-nptest-npp-staging/bignbit-harmony-output/*\",\n      \"Principal\": {\n        \"AWS\": [\n          \"arn:aws:iam::625642860590:root\",\n          \"arn:aws:iam::549360732797:root\"\n        ]\n      }\n    },\n    {\n      \"Sid\": \"get bucket location permission\",\n      \"Effect\": \"Allow\",\n      \"Action\": \"s3:GetBucketLocation\",\n      \"Resource\": \"arn:aws:s3:::svc-bignbit-nptest-npp-staging\",\n      \"Principal\": {\n        \"AWS\": [\n          \"arn:aws:iam::625642860590:root\",\n          \"arn:aws:iam::549360732797:root\"\n        ]\n      }\n    },\n    {\n      \"Sid\": \"gibs get object\",\n      \"Effect\": \"Allow\",\n      \"Action\": \"s3:GetObject*\",\n      \"Resource\": [\n        \"arn:aws:s3:::svc-bignbit-nptest-npp-staging/opera_hls_processing/*\",\n        \"arn:aws:s3:::svc-bignbit-nptest-npp-staging/bignbit-harmony-output/*\"\n      ],\n      \"Principal\": {\n        \"AWS\": \"arn:aws:iam::095845367016:root\"\n      }\n    }\n  ]\n}",
            "minified_json": "{\"Version\":\"2012-10-17\",\"Statement\":[{\"Sid\":\"write permission\",\"Effect\":\"Allow\",\"Action\":\"s3:PutObject\",\"Resource\":\"arn:aws:s3:::svc-bignbit-nptest-npp-staging/bignbit-harmony-output/*\",\"Principal\":{\"AWS\":[\"arn:aws:iam::625642860590:root\",\"arn:aws:iam::549360732797:root\"]}},{\"Sid\":\"get bucket location permission\",\"Effect\":\"Allow\",\"Action\":\"s3:GetBucketLocation\",\"Resource\":\"arn:aws:s3:::svc-bignbit-nptest-npp-staging\",\"Principal\":{\"AWS\":[\"arn:aws:iam::625642860590:root\",\"arn:aws:iam::549360732797:root\"]}},{\"Sid\":\"gibs get object\",\"Effect\":\"Allow\",\"Action\":\"s3:GetObject*\",\"Resource\":[\"arn:aws:s3:::svc-bignbit-nptest-npp-staging/opera_hls_processing/*\",\"arn:aws:s3:::svc-bignbit-nptest-npp-staging/bignbit-harmony-output/*\"],\"Principal\":{\"AWS\":\"arn:aws:iam::095845367016:root\"}}]}",
            "override_json": null,
            "override_policy_documents": null,
            "policy_id": null,
            "source_json": null,
            "source_policy_documents": [
              "{\n  \"Version\": \"2012-10-17\",\n  \"Statement\": [\n    {\n      \"Sid\": \"write permission\",\n      \"Effect\": \"Allow\",\n      \"Action\": \"s3:PutObject\",\n      \"Resource\": \"arn:aws:s3:::svc-bignbit-nptest-npp-staging/bignbit-harmony-output/*\",\n      \"Principal\": {\n        \"AWS\": [\n          \"arn:aws:iam::625642860590:root\",\n          \"arn:aws:iam::549360732797:root\"\n        ]\n      }\n    }\n  ]\n}",
              "{\n  \"Version\": \"2012-10-17\",\n  \"Statement\": [\n    {\n      \"Sid\": \"get bucket location permission\",\n      \"Effect\": \"Allow\",\n      \"Action\": \"s3:GetBucketLocation\",\n      \"Resource\": \"arn:aws:s3:::svc-bignbit-nptest-npp-staging\",\n      \"Principal\": {\n        \"AWS\": [\n          \"arn:aws:iam::625642860590:root\",\n          \"arn:aws:iam::549360732797:root\"\n        ]\n      }\n    }\n  ]\n}",
              "{\n  \"Version\": \"2012-10-17\",\n  \"Statement\": [\n    {\n      \"Sid\": \"gibs get object\",\n      \"Effect\": \"Allow\",\n      \"Action\": \"s3:GetObject*\",\n      \"Resource\": [\n        \"arn:aws:s3:::svc-bignbit-nptest-npp-staging/opera_hls_processing/*\",\n        \"arn:aws:s3:::svc-bignbit-nptest-npp-staging/bignbit-harmony-output/*\"\n      ],\n      \"Principal\": {\n        \"AWS\": \"arn:aws:iam::095845367016:root\"\n      }\n    }\n  ]\n}"
            ],
            "statement": null,
            "version": "2012-10-17"
          },
          "sensitive_attributes": []
        }
      ]
    },
    {
      "module": "module.bignbit",
      "mode": "data",
      "type": "aws_iam_policy_document",
      "name": "gibs_request_queue_policy",
      "provider": "provider[\"registry.terraform.io/hashicorp/aws\"]",
      "instances": [
        {
          "schema_version": 0,
          "attributes": {
            "id": "411749111",
            "json": "{\n  \"Version\": \"2012-10-17\",\n  \"Statement\": [\n    {\n      \"Sid\": \"SvcBignbitNptestNppGrantSendToGitc\",\n      \"Effect\": \"Allow\",\n      \"Action\": \"sqs:SendMessage\",\n      \"Resource\": \"arn:aws:sqs:*:095845367016:gitc-uat-ASDC-IN.fifo\"\n    },\n    {\n      \"Effect\": \"Allow\",\n      \"Action\": [\n        \"sqs:SendMessage\",\n        \"sqs:ReceiveMessage\",\n        \"sqs:GetQueueUrl\",\n        \"sqs:GetQueueAttributes\",\n        \"sqs:DeleteMessage\",\n        \"sqs:ChangeMessageVisibility\"\n      ],\n      \"Resource\": [\n        \"arn:aws:sqs:us-east-1:596205514787:*\",\n        \"arn:aws:sqs:us-east-1:095845367016:gitc-uat-ASDC-IN.fifo\"\n      ]\n    }\n  ]\n}",
            "minified_json": "{\"Version\":\"2012-10-17\",\"Statement\":[{\"Sid\":\"SvcBignbitNptestNppGrantSendToGitc\",\"Effect\":\"Allow\",\"Action\":\"sqs:SendMessage\",\"Resource\":\"arn:aws:sqs:*:095845367016:gitc-uat-ASDC-IN.fifo\"},{\"Effect\":\"Allow\",\"Action\":[\"sqs:SendMessage\",\"sqs:ReceiveMessage\",\"sqs:GetQueueUrl\",\"sqs:GetQueueAttributes\",\"sqs:DeleteMessage\",\"sqs:ChangeMessageVisibility\"],\"Resource\":[\"arn:aws:sqs:us-east-1:596205514787:*\",\"arn:aws:sqs:us-east-1:095845367016:gitc-uat-ASDC-IN.fifo\"]}]}",
            "override_json": null,
            "override_policy_documents": null,
            "policy_id": null,
            "source_json": null,
            "source_policy_documents": null,
            "statement": [
              {
                "actions": [
                  "sqs:SendMessage"
                ],
                "condition": [],
                "effect": "Allow",
                "not_actions": [],
                "not_principals": [],
                "not_resources": [],
                "principals": [],
                "resources": [
                  "arn:aws:sqs:*:095845367016:gitc-uat-ASDC-IN.fifo"
                ],
                "sid": "SvcBignbitNptestNppGrantSendToGitc"
              },
              {
                "actions": [
                  "sqs:ChangeMessageVisibility",
                  "sqs:DeleteMessage",
                  "sqs:GetQueueAttributes",
                  "sqs:GetQueueUrl",
                  "sqs:ReceiveMessage",
                  "sqs:SendMessage"
                ],
                "condition": [],
                "effect": "Allow",
                "not_actions": [],
                "not_principals": [],
                "not_resources": [],
                "principals": [],
                "resources": [
                  "arn:aws:sqs:us-east-1:095845367016:gitc-uat-ASDC-IN.fifo",
                  "arn:aws:sqs:us-east-1:596205514787:*"
                ],
                "sid": ""
              }
            ],
            "version": "2012-10-17"
          },
          "sensitive_attributes": []
        }
      ]
    },
    {
      "module": "module.bignbit",
      "mode": "data",
      "type": "aws_iam_policy_document",
      "name": "gibs_response_queue_policy",
      "provider": "provider[\"registry.terraform.io/hashicorp/aws\"]",
      "instances": [
        {
          "schema_version": 0,
          "attributes": {
            "id": "2187253341",
            "json": "{\n  \"Version\": \"2012-10-17\",\n  \"Statement\": [\n    {\n      \"Sid\": \"svc-bignbit-nptest-npp-grant-topic-send-sqs\",\n      \"Effect\": \"Allow\",\n      \"Action\": \"sqs:SendMessage\",\n      \"Resource\": \"arn:aws:sqs:us-east-1:596205514787:svc-bignbit-nptest-npp-gibs-response-queue\",\n      \"Principal\": {\n        \"AWS\": \"596205514787\",\n        \"Service\": \"sns.amazonaws.com\"\n      },\n      \"Condition\": {\n        \"ArnEquals\": {\n          \"aws:SourceArn\": \"arn:aws:sns:us-east-1:596205514787:svc-bignbit-nptest-npp-gibs-response-topic\"\n        }\n      }\n    }\n  ]\n}",
            "minified_json": "{\"Version\":\"2012-10-17\",\"Statement\":[{\"Sid\":\"svc-bignbit-nptest-npp-grant-topic-send-sqs\",\"Effect\":\"Allow\",\"Action\":\"sqs:SendMessage\",\"Resource\":\"arn:aws:sqs:us-east-1:596205514787:svc-bignbit-nptest-npp-gibs-response-queue\",\"Principal\":{\"AWS\":\"596205514787\",\"Service\":\"sns.amazonaws.com\"},\"Condition\":{\"ArnEquals\":{\"aws:SourceArn\":\"arn:aws:sns:us-east-1:596205514787:svc-bignbit-nptest-npp-gibs-response-topic\"}}}]}",
            "override_json": null,
            "override_policy_documents": null,
            "policy_id": null,
            "source_json": null,
            "source_policy_documents": null,
            "statement": [
              {
                "actions": [
                  "sqs:SendMessage"
                ],
                "condition": [
                  {
                    "test": "ArnEquals",
                    "values": [
                      "arn:aws:sns:us-east-1:596205514787:svc-bignbit-nptest-npp-gibs-response-topic"
                    ],
                    "variable": "aws:SourceArn"
                  }
                ],
                "effect": "Allow",
                "not_actions": [],
                "not_principals": [],
                "not_resources": [],
                "principals": [
                  {
                    "identifiers": [
                      "596205514787"
                    ],
                    "type": "AWS"
                  },
                  {
                    "identifiers": [
                      "sns.amazonaws.com"
                    ],
                    "type": "Service"
                  }
                ],
                "resources": [
                  "arn:aws:sqs:us-east-1:596205514787:svc-bignbit-nptest-npp-gibs-response-queue"
                ],
                "sid": "svc-bignbit-nptest-npp-grant-topic-send-sqs"
              }
            ],
            "version": "2012-10-17"
          },
          "sensitive_attributes": []
        }
      ]
    },
    {
      "module": "module.bignbit",
      "mode": "data",
      "type": "aws_iam_policy_document",
      "name": "gibs_response_role_policy",
      "provider": "provider[\"registry.terraform.io/hashicorp/aws\"]",
      "instances": [
        {
          "schema_version": 0,
          "attributes": {
            "id": "1077130895",
            "json": "{\n  \"Version\": \"2012-10-17\",\n  \"Statement\": [\n    {\n      \"Sid\": \"SvcBignbitNptestNppGrantReadGitcResponse\",\n      \"Effect\": \"Allow\",\n      \"Action\": [\n        \"sqs:ReceiveMessage\",\n        \"sqs:PurgeQueue\",\n        \"sqs:GetQueueUrl\",\n        \"sqs:GetQueueAttributes\",\n        \"sqs:DeleteMessage\",\n        \"sqs:ChangeMessageVisibility\"\n      ],\n      \"Resource\": \"arn:aws:sqs:us-east-1:596205514787:svc-bignbit-nptest-npp-gibs-response-queue\"\n    },\n    {\n      \"Sid\": \"SvcBignbitNptestNppGrantReadGitcResponse2\",\n      \"Effect\": \"Allow\",\n      \"Action\": \"sqs:ListQueues\",\n      \"Resource\": \"arn:aws:sqs:*:596205514787:*\"\n    }\n  ]\n}",
            "minified_json": "{\"Version\":\"2012-10-17\",\"Statement\":[{\"Sid\":\"SvcBignbitNptestNppGrantReadGitcResponse\",\"Effect\":\"Allow\",\"Action\":[\"sqs:ReceiveMessage\",\"sqs:PurgeQueue\",\"sqs:GetQueueUrl\",\"sqs:GetQueueAttributes\",\"sqs:DeleteMessage\",\"sqs:ChangeMessageVisibility\"],\"Resource\":\"arn:aws:sqs:us-east-1:596205514787:svc-bignbit-nptest-npp-gibs-response-queue\"},{\"Sid\":\"SvcBignbitNptestNppGrantReadGitcResponse2\",\"Effect\":\"Allow\",\"Action\":\"sqs:ListQueues\",\"Resource\":\"arn:aws:sqs:*:596205514787:*\"}]}",
            "override_json": null,
            "override_policy_documents": null,
            "policy_id": null,
            "source_json": null,
            "source_policy_documents": null,
            "statement": [
              {
                "actions": [
                  "sqs:ChangeMessageVisibility",
                  "sqs:DeleteMessage",
                  "sqs:GetQueueAttributes",
                  "sqs:GetQueueUrl",
                  "sqs:PurgeQueue",
                  "sqs:ReceiveMessage"
                ],
                "condition": [],
                "effect": "Allow",
                "not_actions": [],
                "not_principals": [],
                "not_resources": [],
                "principals": [],
                "resources": [
                  "arn:aws:sqs:us-east-1:596205514787:svc-bignbit-nptest-npp-gibs-response-queue"
                ],
                "sid": "SvcBignbitNptestNppGrantReadGitcResponse"
              },
              {
                "actions": [
                  "sqs:ListQueues"
                ],
                "condition": [],
                "effect": "Allow",
                "not_actions": [],
                "not_principals": [],
                "not_resources": [],
                "principals": [],
                "resources": [
                  "arn:aws:sqs:*:596205514787:*"
                ],
                "sid": "SvcBignbitNptestNppGrantReadGitcResponse2"
              }
            ],
            "version": "2012-10-17"
          },
          "sensitive_attributes": []
        }
      ]
    },
    {
      "module": "module.bignbit",
      "mode": "data",
      "type": "aws_iam_policy_document",
      "name": "gibs_response_topic_policy",
      "provider": "provider[\"registry.terraform.io/hashicorp/aws\"]",
      "instances": [
        {
          "schema_version": 0,
          "attributes": {
            "id": "2388859004",
            "json": "{\n  \"Version\": \"2012-10-17\",\n  \"Statement\": [\n    {\n      \"Sid\": \"svc-bignbit-nptest-npp-grant-gitc-publish-sns\",\n      \"Effect\": \"Allow\",\n      \"Action\": \"sns:Publish\",\n      \"Resource\": \"arn:aws:sns:us-east-1:596205514787:svc-bignbit-nptest-npp-gibs-response-topic\",\n      \"Principal\": {\n        \"AWS\": [\n          \"596205514787\",\n          \"095845367016\"\n        ]\n      }\n    }\n  ]\n}",
            "minified_json": "{\"Version\":\"2012-10-17\",\"Statement\":[{\"Sid\":\"svc-bignbit-nptest-npp-grant-gitc-publish-sns\",\"Effect\":\"Allow\",\"Action\":\"sns:Publish\",\"Resource\":\"arn:aws:sns:us-east-1:596205514787:svc-bignbit-nptest-npp-gibs-response-topic\",\"Principal\":{\"AWS\":[\"596205514787\",\"095845367016\"]}}]}",
            "override_json": null,
            "override_policy_documents": null,
            "policy_id": null,
            "source_json": null,
            "source_policy_documents": null,
            "statement": [
              {
                "actions": [
                  "sns:Publish"
                ],
                "condition": [],
                "effect": "Allow",
                "not_actions": [],
                "not_principals": [],
                "not_resources": [],
                "principals": [
                  {
                    "identifiers": [
                      "095845367016",
                      "596205514787"
                    ],
                    "type": "AWS"
                  }
                ],
                "resources": [
                  "arn:aws:sns:us-east-1:596205514787:svc-bignbit-nptest-npp-gibs-response-topic"
                ],
                "sid": "svc-bignbit-nptest-npp-grant-gitc-publish-sns"
              }
            ],
            "version": "2012-10-17"
          },
          "sensitive_attributes": []
        }
      ]
    },
    {
      "module": "module.bignbit",
      "mode": "data",
      "type": "aws_region",
      "name": "current",
      "provider": "provider[\"registry.terraform.io/hashicorp/aws\"]",
      "instances": [
        {
          "schema_version": 0,
          "attributes": {
            "description": "US East (N. Virginia)",
            "endpoint": "ec2.us-east-1.amazonaws.com",
            "id": "us-east-1",
            "name": "us-east-1"
          },
          "sensitive_attributes": []
        }
      ]
    },
    {
      "module": "module.bignbit",
      "mode": "data",
      "type": "aws_ssm_parameter",
      "name": "ed-pass",
      "provider": "provider[\"registry.terraform.io/hashicorp/aws\"]",
      "instances": [
        {
          "schema_version": 0,
          "attributes": {
            "arn": "arn:aws:ssm:us-east-1:596205514787:parameter/npp-bignbit-nptest-edl-password",
            "id": "npp-bignbit-nptest-edl-password",
            "insecure_value": "",
            "name": "npp-bignbit-nptest-edl-password",
            "type": "SecureString",
            "value": "CHANGEME",
            "version": 1,
            "with_decryption": true
          },
          "sensitive_attributes": []
        }
      ]
    },
    {
      "module": "module.bignbit",
      "mode": "data",
      "type": "aws_ssm_parameter",
      "name": "ed-user",
      "provider": "provider[\"registry.terraform.io/hashicorp/aws\"]",
      "instances": [
        {
          "schema_version": 0,
          "attributes": {
            "arn": "arn:aws:ssm:us-east-1:596205514787:parameter/npp-bignbit-nptest-edl-username",
            "id": "npp-bignbit-nptest-edl-username",
            "insecure_value": "",
            "name": "npp-bignbit-nptest-edl-username",
            "type": "SecureString",
            "value": "CHANGEME",
            "version": 1,
            "with_decryption": true
          },
          "sensitive_attributes": []
        }
      ]
    },
    {
      "module": "module.bignbit",
      "mode": "managed",
      "type": "aws_ecr_repository",
      "name": "lambda-image-repo",
      "provider": "provider[\"registry.terraform.io/hashicorp/aws\"]",
      "instances": [
        {
          "schema_version": 0,
          "attributes": {
            "arn": "arn:aws:ecr:us-east-1:596205514787:repository/sit-bignbit",
            "encryption_configuration": [
              {
                "encryption_type": "AES256",
                "kms_key": ""
              }
            ],
            "force_delete": null,
            "id": "sit-bignbit",
            "image_scanning_configuration": [
              {
                "scan_on_push": false
              }
            ],
            "image_tag_mutability": "MUTABLE",
            "name": "sit-bignbit",
            "registry_id": "596205514787",
            "repository_url": "596205514787.dkr.ecr.us-east-1.amazonaws.com/sit-bignbit",
            "tags": null,
            "tags_all": {
              "Deployment": "npp"
            },
            "timeouts": null
          },
          "sensitive_attributes": [],
          "private": "eyJlMmJmYjczMC1lY2FhLTExZTYtOGY4OC0zNDM2M2JjN2M0YzAiOnsiZGVsZXRlIjoxMjAwMDAwMDAwMDAwfX0=",
          "dependencies": [
            "aws_kms_key.bignbit_parameter_key",
            "aws_ssm_parameter.bignbit_edl_password",
            "aws_ssm_parameter.bignbit_edl_username"
          ]
        }
      ]
    },
    {
      "module": "module.bignbit",
      "mode": "managed",
      "type": "aws_iam_role",
      "name": "bignbit_lambda_role",
      "provider": "provider[\"registry.terraform.io/hashicorp/aws\"]",
      "instances": [
        {
          "schema_version": 0,
          "attributes": {
            "arn": "arn:aws:iam::596205514787:role/svc-bignbit-nptest-npp-lambda-role",
            "assume_role_policy": "{\"Statement\":[{\"Action\":\"sts:AssumeRole\",\"Effect\":\"Allow\",\"Principal\":{\"Service\":\"lambda.amazonaws.com\"}}],\"Version\":\"2012-10-17\"}",
            "create_date": "2026-04-29T17:41:23Z",
            "description": "",
            "force_detach_policies": false,
            "id": "svc-bignbit-nptest-npp-lambda-role",
            "inline_policy": [],
            "managed_policy_arns": [],
            "max_session_duration": 3600,
            "name": "svc-bignbit-nptest-npp-lambda-role",
            "name_prefix": "",
            "path": "/",
            "permissions_boundary": "",
            "tags": null,
            "tags_all": {
              "Deployment": "npp"
            },
            "unique_id": "AROAYVUE6GARXWI5FSDJA"
          },
          "sensitive_attributes": [],
          "private": "bnVsbA==",
          "dependencies": [
            "aws_kms_key.bignbit_parameter_key",
            "aws_ssm_parameter.bignbit_edl_password",
            "aws_ssm_parameter.bignbit_edl_username",
            "module.bignbit.data.aws_iam_policy_document.bignbit_lambda_assume_role_policy"
          ]
        }
      ]
    },
    {
      "module": "module.bignbit",
      "mode": "managed",
      "type": "aws_iam_role_policy",
      "name": "allow_lambda_role_to_read_sqs_messages",
      "provider": "provider[\"registry.terraform.io/hashicorp/aws\"]",
      "instances": [
        {
          "schema_version": 0,
          "attributes": {
            "id": "svc-bignbit-nptest-npp-lambda-role:svc-bignbit-nptest-npp20260429174214411600000003",
            "name": "svc-bignbit-nptest-npp20260429174214411600000003",
            "name_prefix": "svc-bignbit-nptest-npp",
            "policy": "{\"Version\":\"2012-10-17\",\"Statement\":[{\"Action\":[\"sqs:ReceiveMessage\",\"sqs:PurgeQueue\",\"sqs:GetQueueUrl\",\"sqs:GetQueueAttributes\",\"sqs:DeleteMessage\",\"sqs:ChangeMessageVisibility\"],\"Effect\":\"Allow\",\"Resource\":\"arn:aws:sqs:us-east-1:596205514787:svc-bignbit-nptest-npp-gibs-response-queue\",\"Sid\":\"SvcBignbitNptestNppGrantReadGitcResponse\"},{\"Action\":\"sqs:ListQueues\",\"Effect\":\"Allow\",\"Resource\":\"arn:aws:sqs:*:596205514787:*\",\"Sid\":\"SvcBignbitNptestNppGrantReadGitcResponse2\"}]}",
            "role": "svc-bignbit-nptest-npp-lambda-role"
          },
          "sensitive_attributes": [],
          "private": "bnVsbA==",
          "dependencies": [
            "aws_kms_key.bignbit_parameter_key",
            "aws_ssm_parameter.bignbit_edl_password",
            "aws_ssm_parameter.bignbit_edl_username",
            "module.bignbit.aws_iam_role.bignbit_lambda_role",
            "module.bignbit.aws_sqs_queue.gibs_response_deadletter",
            "module.bignbit.aws_sqs_queue.gibs_response_queue",
            "module.bignbit.data.aws_caller_identity.current",
            "module.bignbit.data.aws_iam_policy_document.bignbit_lambda_assume_role_policy",
            "module.bignbit.data.aws_iam_policy_document.gibs_response_role_policy",
            "module.bignbit.data.aws_region.current"
          ]
        }
      ]
    },
    {
      "module": "module.bignbit",
      "mode": "managed",
      "type": "aws_iam_role_policy",
      "name": "allow_lambda_role_to_send_to_gitc",
      "provider": "provider[\"registry.terraform.io/hashicorp/aws\"]",
      "instances": [
        {
          "schema_version": 0,
          "attributes": {
            "id": "svc-bignbit-nptest-npp-lambda-role:svc-bignbit-nptest-npp20260429174124015900000001",
            "name": "svc-bignbit-nptest-npp20260429174124015900000001",
            "name_prefix": "svc-bignbit-nptest-npp",
            "policy": "{\"Version\":\"2012-10-17\",\"Statement\":[{\"Action\":\"sqs:SendMessage\",\"Effect\":\"Allow\",\"Resource\":\"arn:aws:sqs:*:095845367016:gitc-uat-ASDC-IN.fifo\",\"Sid\":\"SvcBignbitNptestNppGrantSendToGitc\"},{\"Action\":[\"sqs:SendMessage\",\"sqs:ReceiveMessage\",\"sqs:GetQueueUrl\",\"sqs:GetQueueAttributes\",\"sqs:DeleteMessage\",\"sqs:ChangeMessageVisibility\"],\"Effect\":\"Allow\",\"Resource\":[\"arn:aws:sqs:us-east-1:596205514787:*\",\"arn:aws:sqs:us-east-1:095845367016:gitc-uat-ASDC-IN.fifo\"]}]}",
            "role": "svc-bignbit-nptest-npp-lambda-role"
          },
          "sensitive_attributes": [],
          "private": "bnVsbA==",
          "dependencies": [
            "aws_kms_key.bignbit_parameter_key",
            "aws_sqs_queue.mock_gibs_queue",
            "aws_ssm_parameter.bignbit_edl_password",
            "aws_ssm_parameter.bignbit_edl_username",
            "module.bignbit.aws_iam_role.bignbit_lambda_role",
            "module.bignbit.data.aws_caller_identity.current",
            "module.bignbit.data.aws_iam_policy_document.bignbit_lambda_assume_role_policy",
            "module.bignbit.data.aws_iam_policy_document.gibs_request_queue_policy",
            "module.bignbit.data.aws_region.current"
          ]
        }
      ]
    },
    {
      "module": "module.bignbit",
      "mode": "managed",
      "type": "aws_iam_role_policy",
      "name": "bignbit_policy_attach",
      "provider": "provider[\"registry.terraform.io/hashicorp/aws\"]",
      "instances": [
        {
          "schema_version": 0,
          "attributes": {
            "id": "svc-bignbit-nptest-npp-lambda-role:svc-bignbit-nptest-npp_bignbit_policy_attach",
            "name": "svc-bignbit-nptest-npp_bignbit_policy_attach",
            "name_prefix": "",
            "policy": "{\"Version\":\"2012-10-17\",\"Statement\":[{\"Action\":[\"states:StopExecution\",\"states:StartExecution\",\"states:SendTaskSuccess\",\"states:SendTaskFailure\",\"states:ListStateMachines\",\"states:GetExecutionHistory\",\"states:GetActivityTask\",\"states:DescribeExecution\",\"states:DescribeActivity\",\"sns:publish\",\"sns:List*\",\"s3:ListAllMyBuckets\",\"logs:PutLogEvents\",\"logs:DescribeLogStreams\",\"logs:CreateLogStream\",\"logs:CreateLogGroup\",\"lambda:invokeFunction\",\"lambda:GetFunction\",\"kinesis:PutRecord\",\"kinesis:ListStreams\",\"kinesis:GetShardIterator\",\"kinesis:GetRecords\",\"kinesis:DescribeStream\",\"events:PutRule\",\"events:ListRules\",\"events:EnableRule\",\"events:DisableRule\",\"events:DescribeRule\",\"events:DeleteRule\",\"ec2:DescribeNetworkInterfaces\",\"ec2:DeleteNetworkInterface\",\"ec2:CreateNetworkInterface\",\"dynamodb:ListTables\",\"cloudformation:DescribeStacks\"],\"Effect\":\"Allow\",\"Resource\":\"*\"},{\"Action\":[\"s3:PutReplicationConfiguration\",\"s3:PutObject*\",\"s3:PutLifecycleConfiguration\",\"s3:PutBucket*\",\"s3:PutAccelerateConfiguration\",\"s3:ListMultipartUploadParts\",\"s3:ListBucket*\",\"s3:GetReplicationConfiguration\",\"s3:GetObject*\",\"s3:GetLifecycleConfiguration\",\"s3:GetBucket*\",\"s3:GetAccelerateConfiguration\",\"s3:DeleteObjectVersion\",\"s3:DeleteObject\",\"s3:AbortMultipartUpload\"],\"Effect\":\"Allow\",\"Resource\":[\"arn:aws:s3:::svc-bignbit-nptest-npp-staging/*\",\"arn:aws:s3:::svc-bignbit-nptest-npp-staging\",\"arn:aws:s3:::ppilone-internal/*\",\"arn:aws:s3:::ppilone-internal\"]},{\"Action\":[\"ssm:GetParameters\",\"ssm:GetParameter\"],\"Effect\":\"Allow\",\"Resource\":[\"arn:aws:ssm:us-east-1:596205514787:parameter/npp-bignbit-nptest-edl-username\",\"arn:aws:ssm:us-east-1:596205514787:parameter/npp-bignbit-nptest-edl-password\"]},{\"Action\":[\"s3:PutObject*\",\"s3:ListBucket*\",\"s3:GetObject*\"],\"Effect\":\"Allow\",\"Resource\":[\"arn:aws:s3:::cumulus-sit-public/*\",\"arn:aws:s3:::cumulus-sit-public\",\"arn:aws:s3:::cumulus-sit-protected/*\",\"arn:aws:s3:::cumulus-sit-protected\"],\"Sid\":\"AllowAccessToDataBuckets\"}]}",
            "role": "svc-bignbit-nptest-npp-lambda-role"
          },
          "sensitive_attributes": [],
          "private": "bnVsbA==",
          "dependencies": [
            "aws_kms_key.bignbit_parameter_key",
            "aws_ssm_parameter.bignbit_edl_password",
            "aws_ssm_parameter.bignbit_edl_username",
            "module.bignbit.aws_iam_role.bignbit_lambda_role",
            "module.bignbit.aws_s3_bucket.bignbit_staging_bucket",
            "module.bignbit.data.aws_iam_policy_document.all_bignbit",
            "module.bignbit.data.aws_iam_policy_document.allow_data_buckets_access",
            "module.bignbit.data.aws_iam_policy_document.bignbit_lambda_assume_role_policy",
            "module.bignbit.data.aws_iam_policy_document.bignbit_lambda_policy",
            "module.bignbit.data.aws_ssm_parameter.ed-pass",
            "module.bignbit.data.aws_ssm_parameter.ed-user"
          ]
        }
      ]
    },
    {
      "module": "module.bignbit",
      "mode": "managed",
      "type": "aws_lambda_event_source_mapping",
      "name": "gibs_response_event_trigger",
      "provider": "provider[\"registry.terraform.io/hashicorp/aws\"]",
      "instances": []
    },
    {
      "module": "module.bignbit",
      "mode": "managed",
      "type": "aws_s3_bucket",
      "name": "bignbit_staging_bucket",
      "provider": "provider[\"registry.terraform.io/hashicorp/aws\"]",
      "instances": [
        {
          "index_key": 0,
          "schema_version": 0,
          "attributes": {
            "acceleration_status": "",
            "acl": null,
            "arn": "arn:aws:s3:::svc-bignbit-nptest-npp-staging",
            "bucket": "svc-bignbit-nptest-npp-staging",
            "bucket_domain_name": "svc-bignbit-nptest-npp-staging.s3.amazonaws.com",
            "bucket_prefix": "",
            "bucket_regional_domain_name": "svc-bignbit-nptest-npp-staging.s3.us-east-1.amazonaws.com",
            "cors_rule": [],
            "force_destroy": false,
            "grant": [
              {
                "id": "fe3f16719bb293e218f6e5fea86e345b0a696560d784177395715b24041da90e",
                "permissions": [
                  "FULL_CONTROL"
                ],
                "type": "CanonicalUser",
                "uri": ""
              }
            ],
            "hosted_zone_id": "Z3AQBSTGFYJSTF",
            "id": "svc-bignbit-nptest-npp-staging",
            "lifecycle_rule": [],
            "logging": [],
            "object_lock_configuration": [],
            "object_lock_enabled": false,
            "policy": "",
            "region": "us-east-1",
            "replication_configuration": [],
            "request_payer": "BucketOwner",
            "server_side_encryption_configuration": [
              {
                "rule": [
                  {
                    "apply_server_side_encryption_by_default": [
                      {
                        "kms_master_key_id": "",
                        "sse_algorithm": "AES256"
                      }
                    ],
                    "bucket_key_enabled": false
                  }
                ]
              }
            ],
            "tags": null,
            "tags_all": {
              "Deployment": "npp"
            },
            "timeouts": null,
            "versioning": [
              {
                "enabled": false,
                "mfa_delete": false
              }
            ],
            "website": [],
            "website_domain": null,
            "website_endpoint": null
          },
          "sensitive_attributes": [],
          "private": "eyJlMmJmYjczMC1lY2FhLTExZTYtOGY4OC0zNDM2M2JjN2M0YzAiOnsiY3JlYXRlIjoxMjAwMDAwMDAwMDAwLCJkZWxldGUiOjM2MDAwMDAwMDAwMDAsInJlYWQiOjEyMDAwMDAwMDAwMDAsInVwZGF0ZSI6MTIwMDAwMDAwMDAwMH19",
          "dependencies": [
            "aws_kms_key.bignbit_parameter_key",
            "aws_ssm_parameter.bignbit_edl_password",
            "aws_ssm_parameter.bignbit_edl_username"
          ]
        }
      ]
    },
    {
      "module": "module.bignbit",
      "mode": "managed",
      "type": "aws_s3_bucket_lifecycle_configuration",
      "name": "expire_objects_30_days",
      "provider": "provider[\"registry.terraform.io/hashicorp/aws\"]",
      "instances": [
        {
          "index_key": 0,
          "schema_version": 1,
          "attributes": {
            "bucket": "svc-bignbit-nptest-npp-staging",
            "expected_bucket_owner": "",
            "id": "svc-bignbit-nptest-npp-staging",
            "rule": [
              {
                "abort_incomplete_multipart_upload": [],
                "expiration": [
                  {
                    "date": null,
                    "days": 30,
                    "expired_object_delete_marker": false
                  }
                ],
                "filter": [
                  {
                    "and": [],
                    "object_size_greater_than": null,
                    "object_size_less_than": null,
                    "prefix": "bignbit-harmony-output",
                    "tag": []
                  }
                ],
                "id": "ExpireHarmonyObjectsAfter30Days",
                "noncurrent_version_expiration": [],
                "noncurrent_version_transition": [],
                "prefix": "",
                "status": "Enabled",
                "transition": []
              },
              {
                "abort_incomplete_multipart_upload": [],
                "expiration": [
                  {
                    "date": null,
                    "days": 30,
                    "expired_object_delete_marker": false
                  }
                ],
                "filter": [
                  {
                    "and": [],
                    "object_size_greater_than": null,
                    "object_size_less_than": null,
                    "prefix": "opera_hls_processing/",
                    "tag": []
                  }
                ],
                "id": "ExpireOperaHLSObjectsAfter30Days",
                "noncurrent_version_expiration": [],
                "noncurrent_version_transition": [],
                "prefix": "",
                "status": "Enabled",
                "transition": []
              }
            ],
            "timeouts": null,
            "transition_default_minimum_object_size": "all_storage_classes_128K"
          },
          "sensitive_attributes": [],
          "dependencies": [
            "aws_kms_key.bignbit_parameter_key",
            "aws_ssm_parameter.bignbit_edl_password",
            "aws_ssm_parameter.bignbit_edl_username",
            "module.bignbit.aws_s3_bucket.bignbit_staging_bucket"
          ]
        }
      ]
    },
    {
      "module": "module.bignbit",
      "mode": "managed",
      "type": "aws_s3_bucket_ownership_controls",
      "name": "disable_acls",
      "provider": "provider[\"registry.terraform.io/hashicorp/aws\"]",
      "instances": [
        {
          "index_key": 0,
          "schema_version": 0,
          "attributes": {
            "bucket": "svc-bignbit-nptest-npp-staging",
            "id": "svc-bignbit-nptest-npp-staging",
            "rule": [
              {
                "object_ownership": "BucketOwnerEnforced"
              }
            ]
          },
          "sensitive_attributes": [],
          "private": "bnVsbA==",
          "dependencies": [
            "aws_kms_key.bignbit_parameter_key",
            "aws_ssm_parameter.bignbit_edl_password",
            "aws_ssm_parameter.bignbit_edl_username",
            "module.bignbit.aws_s3_bucket.bignbit_staging_bucket"
          ]
        }
      ]
    },
    {
      "module": "module.bignbit",
      "mode": "managed",
      "type": "aws_s3_bucket_policy",
      "name": "bignbit_staging_bucket_policy",
      "provider": "provider[\"registry.terraform.io/hashicorp/aws\"]",
      "instances": [
        {
          "index_key": 0,
          "schema_version": 0,
          "attributes": {
            "bucket": "svc-bignbit-nptest-npp-staging",
            "id": "svc-bignbit-nptest-npp-staging",
            "policy": "{\"Statement\":[{\"Action\":\"s3:PutObject\",\"Effect\":\"Allow\",\"Principal\":{\"AWS\":[\"arn:aws:iam::625642860590:root\",\"arn:aws:iam::549360732797:root\"]},\"Resource\":\"arn:aws:s3:::svc-bignbit-nptest-npp-staging/bignbit-harmony-output/*\",\"Sid\":\"write permission\"},{\"Action\":\"s3:GetBucketLocation\",\"Effect\":\"Allow\",\"Principal\":{\"AWS\":[\"arn:aws:iam::625642860590:root\",\"arn:aws:iam::549360732797:root\"]},\"Resource\":\"arn:aws:s3:::svc-bignbit-nptest-npp-staging\",\"Sid\":\"get bucket location permission\"},{\"Action\":\"s3:GetObject*\",\"Effect\":\"Allow\",\"Principal\":{\"AWS\":\"arn:aws:iam::095845367016:root\"},\"Resource\":[\"arn:aws:s3:::svc-bignbit-nptest-npp-staging/opera_hls_processing/*\",\"arn:aws:s3:::svc-bignbit-nptest-npp-staging/bignbit-harmony-output/*\"],\"Sid\":\"gibs get object\"}],\"Version\":\"2012-10-17\"}"
          },
          "sensitive_attributes": [],
          "private": "bnVsbA==",
          "dependencies": [
            "aws_kms_key.bignbit_parameter_key",
            "aws_ssm_parameter.bignbit_edl_password",
            "aws_ssm_parameter.bignbit_edl_username",
            "module.bignbit.aws_s3_bucket.bignbit_staging_bucket",
            "module.bignbit.data.aws_iam_policy_document.allow_gibs_getobject",
            "module.bignbit.data.aws_iam_policy_document.allow_harmony_location",
            "module.bignbit.data.aws_iam_policy_document.allow_harmony_write",
            "module.bignbit.data.aws_iam_policy_document.bignbit_staging_bucket_policy"
          ]
        }
      ]
    },
    {
      "module": "module.bignbit",
      "mode": "managed",
      "type": "aws_s3_bucket_server_side_encryption_configuration",
      "name": "enable_bucket_encryption",
      "provider": "provider[\"registry.terraform.io/hashicorp/aws\"]",
      "instances": [
        {
          "index_key": 0,
          "schema_version": 0,
          "attributes": {
            "bucket": "svc-bignbit-nptest-npp-staging",
            "expected_bucket_owner": "",
            "id": "svc-bignbit-nptest-npp-staging",
            "rule": [
              {
                "apply_server_side_encryption_by_default": [
                  {
                    "kms_master_key_id": "",
                    "sse_algorithm": "AES256"
                  }
                ],
                "bucket_key_enabled": true
              }
            ]
          },
          "sensitive_attributes": [],
          "private": "bnVsbA==",
          "dependencies": [
            "aws_kms_key.bignbit_parameter_key",
            "aws_ssm_parameter.bignbit_edl_password",
            "aws_ssm_parameter.bignbit_edl_username",
            "module.bignbit.aws_s3_bucket.bignbit_staging_bucket"
          ]
        }
      ]
    },
    {
      "module": "module.bignbit",
      "mode": "managed",
      "type": "aws_sns_topic",
      "name": "gibs_response_topic",
      "provider": "provider[\"registry.terraform.io/hashicorp/aws\"]",
      "instances": [
        {
          "schema_version": 0,
          "attributes": {
            "application_failure_feedback_role_arn": "",
            "application_success_feedback_role_arn": "",
            "application_success_feedback_sample_rate": 0,
            "archive_policy": "",
            "arn": "arn:aws:sns:us-east-1:596205514787:svc-bignbit-nptest-npp-gibs-response-topic",
            "beginning_archive_time": "",
            "content_based_deduplication": false,
            "delivery_policy": "",
            "display_name": "",
            "fifo_throughput_scope": "",
            "fifo_topic": false,
            "firehose_failure_feedback_role_arn": "",
            "firehose_success_feedback_role_arn": "",
            "firehose_success_feedback_sample_rate": 0,
            "http_failure_feedback_role_arn": "",
            "http_success_feedback_role_arn": "",
            "http_success_feedback_sample_rate": 0,
            "id": "arn:aws:sns:us-east-1:596205514787:svc-bignbit-nptest-npp-gibs-response-topic",
            "kms_master_key_id": "",
            "lambda_failure_feedback_role_arn": "",
            "lambda_success_feedback_role_arn": "",
            "lambda_success_feedback_sample_rate": 0,
            "name": "svc-bignbit-nptest-npp-gibs-response-topic",
            "name_prefix": "",
            "owner": "596205514787",
            "policy": "{\"Id\":\"__default_policy_ID\",\"Statement\":[{\"Action\":[\"SNS:GetTopicAttributes\",\"SNS:SetTopicAttributes\",\"SNS:AddPermission\",\"SNS:RemovePermission\",\"SNS:DeleteTopic\",\"SNS:Subscribe\",\"SNS:ListSubscriptionsByTopic\",\"SNS:Publish\"],\"Condition\":{\"StringEquals\":{\"AWS:SourceOwner\":\"596205514787\"}},\"Effect\":\"Allow\",\"Principal\":{\"AWS\":\"*\"},\"Resource\":\"arn:aws:sns:us-east-1:596205514787:svc-bignbit-nptest-npp-gibs-response-topic\",\"Sid\":\"__default_statement_ID\"}],\"Version\":\"2008-10-17\"}",
            "signature_version": 0,
            "sqs_failure_feedback_role_arn": "",
            "sqs_success_feedback_role_arn": "",
            "sqs_success_feedback_sample_rate": 0,
            "tags": null,
            "tags_all": {
              "Deployment": "npp"
            },
            "tracing_config": ""
          },
          "sensitive_attributes": [],
          "private": "bnVsbA==",
          "dependencies": [
            "aws_kms_key.bignbit_parameter_key",
            "aws_ssm_parameter.bignbit_edl_password",
            "aws_ssm_parameter.bignbit_edl_username"
          ]
        }
      ]
    },
    {
      "module": "module.bignbit",
      "mode": "managed",
      "type": "aws_sns_topic_policy",
      "name": "default",
      "provider": "provider[\"registry.terraform.io/hashicorp/aws\"]",
      "instances": [
        {
          "schema_version": 0,
          "attributes": {
            "arn": "arn:aws:sns:us-east-1:596205514787:svc-bignbit-nptest-npp-gibs-response-topic",
            "id": "arn:aws:sns:us-east-1:596205514787:svc-bignbit-nptest-npp-gibs-response-topic",
            "owner": "596205514787",
            "policy": "{\"Statement\":[{\"Action\":\"sns:Publish\",\"Effect\":\"Allow\",\"Principal\":{\"AWS\":[\"596205514787\",\"095845367016\"]},\"Resource\":\"arn:aws:sns:us-east-1:596205514787:svc-bignbit-nptest-npp-gibs-response-topic\",\"Sid\":\"svc-bignbit-nptest-npp-grant-gitc-publish-sns\"}],\"Version\":\"2012-10-17\"}"
          },
          "sensitive_attributes": [],
          "private": "bnVsbA==",
          "dependencies": [
            "aws_kms_key.bignbit_parameter_key",
            "aws_ssm_parameter.bignbit_edl_password",
            "aws_ssm_parameter.bignbit_edl_username",
            "module.bignbit.aws_sns_topic.gibs_response_topic",
            "module.bignbit.data.aws_caller_identity.current",
            "module.bignbit.data.aws_iam_policy_document.gibs_response_topic_policy"
          ]
        }
      ]
    },
    {
      "module": "module.bignbit",
      "mode": "managed",
      "type": "aws_sns_topic_subscription",
      "name": "gibs_topic_subscription",
      "provider": "provider[\"registry.terraform.io/hashicorp/aws\"]",
      "instances": [
        {
          "schema_version": 0,
          "attributes": {
            "arn": "arn:aws:sns:us-east-1:596205514787:svc-bignbit-nptest-npp-gibs-response-topic:29ecf60b-a955-4d83-ae43-6bb4e9705294",
            "confirmation_timeout_in_minutes": 1,
            "confirmation_was_authenticated": true,
            "delivery_policy": "",
            "endpoint": "arn:aws:sqs:us-east-1:596205514787:svc-bignbit-nptest-npp-gibs-response-queue",
            "endpoint_auto_confirms": false,
            "filter_policy": "",
            "filter_policy_scope": "",
            "id": "arn:aws:sns:us-east-1:596205514787:svc-bignbit-nptest-npp-gibs-response-topic:29ecf60b-a955-4d83-ae43-6bb4e9705294",
            "owner_id": "596205514787",
            "pending_confirmation": false,
            "protocol": "sqs",
            "raw_message_delivery": true,
            "redrive_policy": "",
            "replay_policy": "",
            "subscription_role_arn": "",
            "topic_arn": "arn:aws:sns:us-east-1:596205514787:svc-bignbit-nptest-npp-gibs-response-topic"
          },
          "sensitive_attributes": [],
          "private": "bnVsbA==",
          "dependencies": [
            "aws_kms_key.bignbit_parameter_key",
            "aws_ssm_parameter.bignbit_edl_password",
            "aws_ssm_parameter.bignbit_edl_username",
            "module.bignbit.aws_sns_topic.gibs_response_topic",
            "module.bignbit.aws_sqs_queue.gibs_response_deadletter",
            "module.bignbit.aws_sqs_queue.gibs_response_queue",
            "module.bignbit.data.aws_caller_identity.current",
            "module.bignbit.data.aws_region.current"
          ]
        }
      ]
    },
    {
      "module": "module.bignbit",
      "mode": "managed",
      "type": "aws_sqs_queue",
      "name": "gibs_response_deadletter",
      "provider": "provider[\"registry.terraform.io/hashicorp/aws\"]",
      "instances": [
        {
          "schema_version": 0,
          "attributes": {
            "arn": "arn:aws:sqs:us-east-1:596205514787:svc-bignbit-nptest-npp-gibs-response-dlq",
            "content_based_deduplication": false,
            "deduplication_scope": "",
            "delay_seconds": 0,
            "fifo_queue": false,
            "fifo_throughput_limit": "",
            "id": "https://sqs.us-east-1.amazonaws.com/596205514787/svc-bignbit-nptest-npp-gibs-response-dlq",
            "kms_data_key_reuse_period_seconds": 300,
            "kms_master_key_id": "",
            "max_message_size": 262144,
            "message_retention_seconds": 345600,
            "name": "svc-bignbit-nptest-npp-gibs-response-dlq",
            "name_prefix": "",
            "policy": "",
            "receive_wait_time_seconds": 0,
            "redrive_allow_policy": "{\"redrivePermission\":\"byQueue\",\"sourceQueueArns\":[\"arn:aws:sqs:us-east-1:596205514787:svc-bignbit-nptest-npp-gibs-response-queue\"]}",
            "redrive_policy": "",
            "sqs_managed_sse_enabled": true,
            "tags": null,
            "tags_all": {
              "Deployment": "npp"
            },
            "timeouts": null,
            "url": "https://sqs.us-east-1.amazonaws.com/596205514787/svc-bignbit-nptest-npp-gibs-response-dlq",
            "visibility_timeout_seconds": 30
          },
          "sensitive_attributes": [],
          "private": "eyJlMmJmYjczMC1lY2FhLTExZTYtOGY4OC0zNDM2M2JjN2M0YzAiOnsiY3JlYXRlIjoxODAwMDAwMDAwMDAsImRlbGV0ZSI6MTgwMDAwMDAwMDAwLCJ1cGRhdGUiOjE4MDAwMDAwMDAwMH19",
          "dependencies": [
            "aws_kms_key.bignbit_parameter_key",
            "aws_ssm_parameter.bignbit_edl_password",
            "aws_ssm_parameter.bignbit_edl_username",
            "module.bignbit.data.aws_caller_identity.current",
            "module.bignbit.data.aws_region.current"
          ]
        }
      ]
    },
    {
      "module": "module.bignbit",
      "mode": "managed",
      "type": "aws_sqs_queue",
      "name": "gibs_response_queue",
      "provider": "provider[\"registry.terraform.io/hashicorp/aws\"]",
      "instances": [
        {
          "schema_version": 0,
          "attributes": {
            "arn": "arn:aws:sqs:us-east-1:596205514787:svc-bignbit-nptest-npp-gibs-response-queue",
            "content_based_deduplication": false,
            "deduplication_scope": "",
            "delay_seconds": 0,
            "fifo_queue": false,
            "fifo_throughput_limit": "",
            "id": "https://sqs.us-east-1.amazonaws.com/596205514787/svc-bignbit-nptest-npp-gibs-response-queue",
            "kms_data_key_reuse_period_seconds": 300,
            "kms_master_key_id": "",
            "max_message_size": 262144,
            "message_retention_seconds": 345600,
            "name": "svc-bignbit-nptest-npp-gibs-response-queue",
            "name_prefix": "",
            "policy": "",
            "receive_wait_time_seconds": 0,
            "redrive_allow_policy": "",
            "redrive_policy": "{\"deadLetterTargetArn\":\"arn:aws:sqs:us-east-1:596205514787:svc-bignbit-nptest-npp-gibs-response-dlq\",\"maxReceiveCount\":4}",
            "sqs_managed_sse_enabled": true,
            "tags": null,
            "tags_all": {
              "Deployment": "npp"
            },
            "timeouts": null,
            "url": "https://sqs.us-east-1.amazonaws.com/596205514787/svc-bignbit-nptest-npp-gibs-response-queue",
            "visibility_timeout_seconds": 45
          },
          "sensitive_attributes": [],
          "private": "eyJlMmJmYjczMC1lY2FhLTExZTYtOGY4OC0zNDM2M2JjN2M0YzAiOnsiY3JlYXRlIjoxODAwMDAwMDAwMDAsImRlbGV0ZSI6MTgwMDAwMDAwMDAwLCJ1cGRhdGUiOjE4MDAwMDAwMDAwMH19",
          "dependencies": [
            "aws_kms_key.bignbit_parameter_key",
            "aws_ssm_parameter.bignbit_edl_password",
            "aws_ssm_parameter.bignbit_edl_username",
            "module.bignbit.aws_sqs_queue.gibs_response_deadletter",
            "module.bignbit.data.aws_caller_identity.current",
            "module.bignbit.data.aws_region.current"
          ]
        }
      ]
    },
    {
      "module": "module.bignbit",
      "mode": "managed",
      "type": "aws_sqs_queue_policy",
      "name": "gibs_response_queue_policy",
      "provider": "provider[\"registry.terraform.io/hashicorp/aws\"]",
      "instances": [
        {
          "schema_version": 1,
          "attributes": {
            "id": "https://sqs.us-east-1.amazonaws.com/596205514787/svc-bignbit-nptest-npp-gibs-response-queue",
            "policy": "{\"Statement\":[{\"Action\":\"sqs:SendMessage\",\"Condition\":{\"ArnEquals\":{\"aws:SourceArn\":\"arn:aws:sns:us-east-1:596205514787:svc-bignbit-nptest-npp-gibs-response-topic\"}},\"Effect\":\"Allow\",\"Principal\":{\"AWS\":\"596205514787\",\"Service\":\"sns.amazonaws.com\"},\"Resource\":\"arn:aws:sqs:us-east-1:596205514787:svc-bignbit-nptest-npp-gibs-response-queue\",\"Sid\":\"svc-bignbit-nptest-npp-grant-topic-send-sqs\"}],\"Version\":\"2012-10-17\"}",
            "queue_url": "https://sqs.us-east-1.amazonaws.com/596205514787/svc-bignbit-nptest-npp-gibs-response-queue"
          },
          "sensitive_attributes": [],
          "private": "eyJzY2hlbWFfdmVyc2lvbiI6IjEifQ==",
          "dependencies": [
            "aws_kms_key.bignbit_parameter_key",
            "aws_ssm_parameter.bignbit_edl_password",
            "aws_ssm_parameter.bignbit_edl_username",
            "module.bignbit.aws_sns_topic.gibs_response_topic",
            "module.bignbit.aws_sqs_queue.gibs_response_deadletter",
            "module.bignbit.aws_sqs_queue.gibs_response_queue",
            "module.bignbit.data.aws_caller_identity.current",
            "module.bignbit.data.aws_iam_policy_document.gibs_response_queue_policy",
            "module.bignbit.data.aws_region.current"
          ]
        }
      ]
    },
    {
      "module": "module.bignbit",
      "mode": "managed",
      "type": "null_resource",
      "name": "ecr_login",
      "provider": "provider[\"registry.terraform.io/hashicorp/null\"]",
      "instances": [
        {
          "schema_version": 0,
          "attributes": {
            "id": "7823538067570390297",
            "triggers": {
              "image_uri": "ghcr.io/podaac/bignbit/bignbit:0.4.1"
            }
          },
          "sensitive_attributes": [],
          "dependencies": [
            "aws_kms_key.bignbit_parameter_key",
            "aws_ssm_parameter.bignbit_edl_password",
            "aws_ssm_parameter.bignbit_edl_username",
            "module.bignbit.data.aws_ecr_authorization_token.token"
          ]
        }
      ]
    },
    {
      "module": "module.bignbit",
      "mode": "managed",
      "type": "null_resource",
      "name": "upload_ecr_image",
      "provider": "provider[\"registry.terraform.io/hashicorp/null\"]",
      "instances": [
        {
          "schema_version": 0,
          "attributes": {
            "id": "3717875319012528443",
            "triggers": {
              "image_uri": "ghcr.io/podaac/bignbit/bignbit:0.4.1"
            }
          },
          "sensitive_attributes": [],
          "dependencies": [
            "aws_kms_key.bignbit_parameter_key",
            "aws_ssm_parameter.bignbit_edl_password",
            "aws_ssm_parameter.bignbit_edl_username",
            "module.bignbit.aws_ecr_repository.lambda-image-repo",
            "module.bignbit.data.aws_ecr_authorization_token.token",
            "module.bignbit.null_resource.ecr_login"
          ]
        }
      ]
    }
  ],
  "check_results": null
}
