{
  "name": "@cumulus/checksum",
  "version": "11.1.6",
  "lockfileVersion": 1,
  "requires": true,
  "dependencies": {
    "cksum": {
      "version": "1.3.0",
      "resolved": "https://registry.npmjs.org/cksum/-/cksum-1.3.0.tgz",
      "integrity": "sha1-MMstqRX/DlnIaYupv5sC0swkqRE="
    }
  }
}
